// !$*UTF8*$!
{
	archiveVersion = 1;
	classes = {
	};
	objectVersion = 46;
	objects = {

/* Begin PBXBuildFile section */
		E767ADB0140D6D9F00979A33 /* Cocoa.framework in Frameworks */ = {isa = PBXBuildFile; fileRef = E790C706140D6BCA00DE54D8 /* Cocoa.framework */; };
		E767ADFD140D6FC300979A33 /* CPBaseTestCase.m in Sources */ = {isa = PBXBuildFile; fileRef = E767AD99140D6CCE00979A33 /* CPBaseTestCase.m */; };
		E767ADFE140D6FC300979A33 /* GHUnitTestMain.m in Sources */ = {isa = PBXBuildFile; fileRef = E767AD9B140D6CCE00979A33 /* GHUnitTestMain.m */; };
		E767ADFF140D6FC300979A33 /* LeastRecentlyUsedCacheTest.m in Sources */ = {isa = PBXBuildFile; fileRef = E767AD9C140D6CCE00979A33 /* LeastRecentlyUsedCacheTest.m */; };
		E767AE00140D6FC300979A33 /* LinkedDictionaryTest.m in Sources */ = {isa = PBXBuildFile; fileRef = E767AD9D140D6CCE00979A33 /* LinkedDictionaryTest.m */; };
		E767AE01140D6FC300979A33 /* LinkedListTest.m in Sources */ = {isa = PBXBuildFile; fileRef = E767AD9E140D6CCE00979A33 /* LinkedListTest.m */; };
		E767AE02140D6FC300979A33 /* LinkedMapNodeTest.m in Sources */ = {isa = PBXBuildFile; fileRef = E767AD9F140D6CCE00979A33 /* LinkedMapNodeTest.m */; };
		E767AE03140D6FC300979A33 /* LinkedNodeTest.m in Sources */ = {isa = PBXBuildFile; fileRef = E767ADA0140D6CCE00979A33 /* LinkedNodeTest.m */; };
		E767AE06140D718D00979A33 /* GHUnit.framework in Frameworks */ = {isa = PBXBuildFile; fileRef = E767AE04140D716500979A33 /* GHUnit.framework */; };
		E767AE09140D721100979A33 /* GHUnit.framework in CopyFiles */ = {isa = PBXBuildFile; fileRef = E767AE04140D716500979A33 /* GHUnit.framework */; };
		E767AE3E140D77D600979A33 /* Cocoa.framework in Frameworks */ = {isa = PBXBuildFile; fileRef = E790C706140D6BCA00DE54D8 /* Cocoa.framework */; };
		E767AE49140D781300979A33 /* CPCollection.h in Headers */ = {isa = PBXBuildFile; fileRef = E767AD60140D6CC500979A33 /* CPCollection.h */; settings = {ATTRIBUTES = (Public, ); }; };
		E767AE4A140D781300979A33 /* CPDeque.h in Headers */ = {isa = PBXBuildFile; fileRef = E767AD61140D6CC500979A33 /* CPDeque.h */; settings = {ATTRIBUTES = (Public, ); }; };
		E767AE4B140D781300979A33 /* CPLeastRecentlyUsedCache.h in Headers */ = {isa = PBXBuildFile; fileRef = E767AD62140D6CC500979A33 /* CPLeastRecentlyUsedCache.h */; settings = {ATTRIBUTES = (Public, ); }; };
		E767AE4C140D781300979A33 /* CPLeastRecentlyUsedCache.m in Sources */ = {isa = PBXBuildFile; fileRef = E767AD63140D6CC500979A33 /* CPLeastRecentlyUsedCache.m */; };
		E767AE4D140D781300979A33 /* CPLinkedDictionary.h in Headers */ = {isa = PBXBuildFile; fileRef = E767AD64140D6CC500979A33 /* CPLinkedDictionary.h */; settings = {ATTRIBUTES = (Public, ); }; };
		E767AE4E140D781300979A33 /* CPLinkedDictionary.m in Sources */ = {isa = PBXBuildFile; fileRef = E767AD65140D6CC500979A33 /* CPLinkedDictionary.m */; };
		E767AE4F140D781300979A33 /* CPLinkedDictionaryEnumerator.h in Headers */ = {isa = PBXBuildFile; fileRef = E767AD66140D6CC500979A33 /* CPLinkedDictionaryEnumerator.h */; settings = {ATTRIBUTES = (Public, ); }; };
		E767AE50140D781300979A33 /* CPLinkedDictionaryEnumerator.m in Sources */ = {isa = PBXBuildFile; fileRef = E767AD67140D6CC500979A33 /* CPLinkedDictionaryEnumerator.m */; };
		E767AE51140D781300979A33 /* CPLinkedDictionaryKeyEnumerator.h in Headers */ = {isa = PBXBuildFile; fileRef = E767AD68140D6CC500979A33 /* CPLinkedDictionaryKeyEnumerator.h */; settings = {ATTRIBUTES = (Public, ); }; };
		E767AE52140D781300979A33 /* CPLinkedDictionaryKeyEnumerator.m in Sources */ = {isa = PBXBuildFile; fileRef = E767AD69140D6CC500979A33 /* CPLinkedDictionaryKeyEnumerator.m */; };
		E767AE53140D781300979A33 /* CPLinkedDictionaryValueEnumerator.h in Headers */ = {isa = PBXBuildFile; fileRef = E767AD6A140D6CC500979A33 /* CPLinkedDictionaryValueEnumerator.h */; settings = {ATTRIBUTES = (Public, ); }; };
		E767AE54140D781300979A33 /* CPLinkedDictionaryValueEnumerator.m in Sources */ = {isa = PBXBuildFile; fileRef = E767AD6B140D6CC500979A33 /* CPLinkedDictionaryValueEnumerator.m */; };
		E767AE55140D781300979A33 /* CPLinkedList.h in Headers */ = {isa = PBXBuildFile; fileRef = E767AD6C140D6CC500979A33 /* CPLinkedList.h */; settings = {ATTRIBUTES = (Public, ); }; };
		E767AE56140D781300979A33 /* CPLinkedList.m in Sources */ = {isa = PBXBuildFile; fileRef = E767AD6D140D6CC500979A33 /* CPLinkedList.m */; };
		E767AE57140D781300979A33 /* CPLinkedListEnumerator.h in Headers */ = {isa = PBXBuildFile; fileRef = E767AD6E140D6CC500979A33 /* CPLinkedListEnumerator.h */; settings = {ATTRIBUTES = (Public, ); }; };
		E767AE58140D781300979A33 /* CPLinkedListEnumerator.m in Sources */ = {isa = PBXBuildFile; fileRef = E767AD6F140D6CC500979A33 /* CPLinkedListEnumerator.m */; };
		E767AE59140D781300979A33 /* CPLinkedMapNode.h in Headers */ = {isa = PBXBuildFile; fileRef = E767AD70140D6CC500979A33 /* CPLinkedMapNode.h */; settings = {ATTRIBUTES = (Public, ); }; };
		E767AE5A140D781300979A33 /* CPLinkedMapNode.m in Sources */ = {isa = PBXBuildFile; fileRef = E767AD71140D6CC500979A33 /* CPLinkedMapNode.m */; };
		E767AE5B140D781300979A33 /* CPLinkedNode.h in Headers */ = {isa = PBXBuildFile; fileRef = E767AD72140D6CC500979A33 /* CPLinkedNode.h */; settings = {ATTRIBUTES = (Public, ); }; };
		E767AE5C140D781300979A33 /* CPLinkedNode.m in Sources */ = {isa = PBXBuildFile; fileRef = E767AD73140D6CC500979A33 /* CPLinkedNode.m */; };
		E767AE5D140D781300979A33 /* CPList.h in Headers */ = {isa = PBXBuildFile; fileRef = E767AD74140D6CC500979A33 /* CPList.h */; settings = {ATTRIBUTES = (Public, ); }; };
		E767AE5E140D781300979A33 /* CPMacros.h in Headers */ = {isa = PBXBuildFile; fileRef = E767AD75140D6CC500979A33 /* CPMacros.h */; settings = {ATTRIBUTES = (Public, ); }; };
		E767AE5F140D781300979A33 /* CPMap.h in Headers */ = {isa = PBXBuildFile; fileRef = E767AD76140D6CC500979A33 /* CPMap.h */; settings = {ATTRIBUTES = (Public, ); }; };
		E767AE60140D781300979A33 /* CPMutableList.h in Headers */ = {isa = PBXBuildFile; fileRef = E767AD77140D6CC500979A33 /* CPMutableList.h */; settings = {ATTRIBUTES = (Public, ); }; };
		E767AE61140D781300979A33 /* CPQueue.h in Headers */ = {isa = PBXBuildFile; fileRef = E767AD78140D6CC500979A33 /* CPQueue.h */; settings = {ATTRIBUTES = (Public, ); }; };
		E767AE62140D781300979A33 /* CPSet.h in Headers */ = {isa = PBXBuildFile; fileRef = E767AD79140D6CC500979A33 /* CPSet.h */; settings = {ATTRIBUTES = (Public, ); }; };
		E767AE63140D781300979A33 /* NSEnumerator+hasNext.h in Headers */ = {isa = PBXBuildFile; fileRef = E767AD7A140D6CC500979A33 /* NSEnumerator+hasNext.h */; settings = {ATTRIBUTES = (Public, ); }; };
		E767AE6D140D790F00979A33 /* CacaoPods.framework in Frameworks */ = {isa = PBXBuildFile; fileRef = E767AE3D140D77D600979A33 /* CacaoPods.framework */; };
		E767AE80140D7B5000979A33 /* CPMacros.h in Headers */ = {isa = PBXBuildFile; fileRef = E767AD75140D6CC500979A33 /* CPMacros.h */; settings = {ATTRIBUTES = (Public, ); }; };
		E767AE81140D7B5000979A33 /* CPList.h in Headers */ = {isa = PBXBuildFile; fileRef = E767AD74140D6CC500979A33 /* CPList.h */; settings = {ATTRIBUTES = (Public, ); }; };
		E767AE82140D7B5000979A33 /* CPMap.h in Headers */ = {isa = PBXBuildFile; fileRef = E767AD76140D6CC500979A33 /* CPMap.h */; settings = {ATTRIBUTES = (Public, ); }; };
		E767AE83140D7B5000979A33 /* CPSet.h in Headers */ = {isa = PBXBuildFile; fileRef = E767AD79140D6CC500979A33 /* CPSet.h */; settings = {ATTRIBUTES = (Public, ); }; };
		E767AE84140D7B5000979A33 /* CPDeque.h in Headers */ = {isa = PBXBuildFile; fileRef = E767AD61140D6CC500979A33 /* CPDeque.h */; settings = {ATTRIBUTES = (Public, ); }; };
		E767AE85140D7B5000979A33 /* CPMutableList.h in Headers */ = {isa = PBXBuildFile; fileRef = E767AD77140D6CC500979A33 /* CPMutableList.h */; settings = {ATTRIBUTES = (Public, ); }; };
		E767AE86140D7B5000979A33 /* CPQueue.h in Headers */ = {isa = PBXBuildFile; fileRef = E767AD78140D6CC500979A33 /* CPQueue.h */; settings = {ATTRIBUTES = (Public, ); }; };
		E767AE87140D7B5000979A33 /* CPCollection.h in Headers */ = {isa = PBXBuildFile; fileRef = E767AD60140D6CC500979A33 /* CPCollection.h */; settings = {ATTRIBUTES = (Public, ); }; };
		E767AE88140D7B5000979A33 /* CPLinkedDictionary.h in Headers */ = {isa = PBXBuildFile; fileRef = E767AD64140D6CC500979A33 /* CPLinkedDictionary.h */; settings = {ATTRIBUTES = (Public, ); }; };
		E767AE89140D7B5000979A33 /* CPLinkedDictionary.m in Sources */ = {isa = PBXBuildFile; fileRef = E767AD65140D6CC500979A33 /* CPLinkedDictionary.m */; };
		E767AE8A140D7B5000979A33 /* CPLinkedList.h in Headers */ = {isa = PBXBuildFile; fileRef = E767AD6C140D6CC500979A33 /* CPLinkedList.h */; settings = {ATTRIBUTES = (Public, ); }; };
		E767AE8B140D7B5000979A33 /* CPLinkedList.m in Sources */ = {isa = PBXBuildFile; fileRef = E767AD6D140D6CC500979A33 /* CPLinkedList.m */; };
		E767AE8C140D7B5000979A33 /* CPLinkedMapNode.h in Headers */ = {isa = PBXBuildFile; fileRef = E767AD70140D6CC500979A33 /* CPLinkedMapNode.h */; settings = {ATTRIBUTES = (Public, ); }; };
		E767AE8D140D7B5000979A33 /* CPLinkedMapNode.m in Sources */ = {isa = PBXBuildFile; fileRef = E767AD71140D6CC500979A33 /* CPLinkedMapNode.m */; };
		E767AE8E140D7B5000979A33 /* CPLinkedNode.h in Headers */ = {isa = PBXBuildFile; fileRef = E767AD72140D6CC500979A33 /* CPLinkedNode.h */; settings = {ATTRIBUTES = (Public, ); }; };
		E767AE8F140D7B5000979A33 /* CPLinkedNode.m in Sources */ = {isa = PBXBuildFile; fileRef = E767AD73140D6CC500979A33 /* CPLinkedNode.m */; };
		E767AE90140D7B5000979A33 /* NSEnumerator+hasNext.h in Headers */ = {isa = PBXBuildFile; fileRef = E767AD7A140D6CC500979A33 /* NSEnumerator+hasNext.h */; settings = {ATTRIBUTES = (Public, ); }; };
		E767AE91140D7B5000979A33 /* CPLinkedDictionaryEnumerator.h in Headers */ = {isa = PBXBuildFile; fileRef = E767AD66140D6CC500979A33 /* CPLinkedDictionaryEnumerator.h */; settings = {ATTRIBUTES = (Public, ); }; };
		E767AE92140D7B5000979A33 /* CPLinkedDictionaryEnumerator.m in Sources */ = {isa = PBXBuildFile; fileRef = E767AD67140D6CC500979A33 /* CPLinkedDictionaryEnumerator.m */; };
		E767AE93140D7B5000979A33 /* CPLinkedDictionaryKeyEnumerator.h in Headers */ = {isa = PBXBuildFile; fileRef = E767AD68140D6CC500979A33 /* CPLinkedDictionaryKeyEnumerator.h */; settings = {ATTRIBUTES = (Public, ); }; };
		E767AE94140D7B5000979A33 /* CPLinkedDictionaryKeyEnumerator.m in Sources */ = {isa = PBXBuildFile; fileRef = E767AD69140D6CC500979A33 /* CPLinkedDictionaryKeyEnumerator.m */; };
		E767AE95140D7B5000979A33 /* CPLinkedDictionaryValueEnumerator.h in Headers */ = {isa = PBXBuildFile; fileRef = E767AD6A140D6CC500979A33 /* CPLinkedDictionaryValueEnumerator.h */; settings = {ATTRIBUTES = (Public, ); }; };
		E767AE96140D7B5000979A33 /* CPLinkedDictionaryValueEnumerator.m in Sources */ = {isa = PBXBuildFile; fileRef = E767AD6B140D6CC500979A33 /* CPLinkedDictionaryValueEnumerator.m */; };
		E767AE97140D7B5000979A33 /* CPLinkedListEnumerator.h in Headers */ = {isa = PBXBuildFile; fileRef = E767AD6E140D6CC500979A33 /* CPLinkedListEnumerator.h */; settings = {ATTRIBUTES = (Public, ); }; };
		E767AE98140D7B5000979A33 /* CPLinkedListEnumerator.m in Sources */ = {isa = PBXBuildFile; fileRef = E767AD6F140D6CC500979A33 /* CPLinkedListEnumerator.m */; };
		E767AE99140D7B5000979A33 /* CPLeastRecentlyUsedCache.h in Headers */ = {isa = PBXBuildFile; fileRef = E767AD62140D6CC500979A33 /* CPLeastRecentlyUsedCache.h */; settings = {ATTRIBUTES = (Public, ); }; };
		E767AE9A140D7B5000979A33 /* CPLeastRecentlyUsedCache.m in Sources */ = {isa = PBXBuildFile; fileRef = E767AD63140D6CC500979A33 /* CPLeastRecentlyUsedCache.m */; };
		E767AEA4140D7BC000979A33 /* Foundation.framework in Frameworks */ = {isa = PBXBuildFile; fileRef = E767AEA3140D7BC000979A33 /* Foundation.framework */; };
		E767AEC6140D7C4300979A33 /* CPBaseTestCase.m in Sources */ = {isa = PBXBuildFile; fileRef = E767AD99140D6CCE00979A33 /* CPBaseTestCase.m */; };
		E767AEC7140D7C4300979A33 /* GHUnitIOSTestMain.m in Sources */ = {isa = PBXBuildFile; fileRef = E767AD9A140D6CCE00979A33 /* GHUnitIOSTestMain.m */; };
		E767AEC8140D7C4300979A33 /* LeastRecentlyUsedCacheTest.m in Sources */ = {isa = PBXBuildFile; fileRef = E767AD9C140D6CCE00979A33 /* LeastRecentlyUsedCacheTest.m */; };
		E767AEC9140D7C4300979A33 /* LinkedDictionaryTest.m in Sources */ = {isa = PBXBuildFile; fileRef = E767AD9D140D6CCE00979A33 /* LinkedDictionaryTest.m */; };
		E767AECA140D7C4300979A33 /* LinkedListTest.m in Sources */ = {isa = PBXBuildFile; fileRef = E767AD9E140D6CCE00979A33 /* LinkedListTest.m */; };
		E767AECB140D7C4300979A33 /* LinkedMapNodeTest.m in Sources */ = {isa = PBXBuildFile; fileRef = E767AD9F140D6CCE00979A33 /* LinkedMapNodeTest.m */; };
		E767AECC140D7C4300979A33 /* LinkedNodeTest.m in Sources */ = {isa = PBXBuildFile; fileRef = E767ADA0140D6CCE00979A33 /* LinkedNodeTest.m */; };
		E767AECD140D7CAF00979A33 /* GHUnitIOS.framework in Frameworks */ = {isa = PBXBuildFile; fileRef = E767AE05140D716500979A33 /* GHUnitIOS.framework */; };
		E767AED5140D80E600979A33 /* UIKit.framework in Frameworks */ = {isa = PBXBuildFile; fileRef = E767AED1140D80AF00979A33 /* UIKit.framework */; };
		E767AED6140D80E600979A33 /* CoreGraphics.framework in Frameworks */ = {isa = PBXBuildFile; fileRef = E767AED3140D80C700979A33 /* CoreGraphics.framework */; };
		E767AF12140E824700979A33 /* iCacaoPods.framework in CopyFiles */ = {isa = PBXBuildFile; fileRef = E767AE75140D7AFA00979A33 /* iCacaoPods.framework */; };
/* End PBXBuildFile section */

/* Begin PBXContainerItemProxy section */
		E767AE6B140D790A00979A33 /* PBXContainerItemProxy */ = {
			isa = PBXContainerItemProxy;
			containerPortal = E790C6FA140D6BCA00DE54D8 /* Project object */;
			proxyType = 1;
			remoteGlobalIDString = E767AE3C140D77D600979A33;
			remoteInfo = CacaoPods;
		};
		E767AF0F140E823500979A33 /* PBXContainerItemProxy */ = {
			isa = PBXContainerItemProxy;
			containerPortal = E790C6FA140D6BCA00DE54D8 /* Project object */;
			proxyType = 1;
			remoteGlobalIDString = E767AE74140D7AFA00979A33;
			remoteInfo = iCacaoPods;
		};
/* End PBXContainerItemProxy section */

/* Begin PBXCopyFilesBuildPhase section */
		E767AE08140D71FB00979A33 /* CopyFiles */ = {
			isa = PBXCopyFilesBuildPhase;
			buildActionMask = 2147483647;
			dstPath = "";
			dstSubfolderSpec = 10;
			files = (
				E767AE09140D721100979A33 /* GHUnit.framework in CopyFiles */,
			);
			runOnlyForDeploymentPostprocessing = 0;
		};
		E767AF11140E823C00979A33 /* CopyFiles */ = {
			isa = PBXCopyFilesBuildPhase;
			buildActionMask = 2147483647;
			dstPath = "";
			dstSubfolderSpec = 10;
			files = (
				E767AF12140E824700979A33 /* iCacaoPods.framework in CopyFiles */,
			);
			runOnlyForDeploymentPostprocessing = 0;
		};
/* End PBXCopyFilesBuildPhase section */

/* Begin PBXFileReference section */
		E767AD60140D6CC500979A33 /* CPCollection.h */ = {isa = PBXFileReference; fileEncoding = 4; lastKnownFileType = sourcecode.c.h; path = CPCollection.h; sourceTree = "<group>"; };
		E767AD61140D6CC500979A33 /* CPDeque.h */ = {isa = PBXFileReference; fileEncoding = 4; lastKnownFileType = sourcecode.c.h; path = CPDeque.h; sourceTree = "<group>"; };
		E767AD62140D6CC500979A33 /* CPLeastRecentlyUsedCache.h */ = {isa = PBXFileReference; fileEncoding = 4; lastKnownFileType = sourcecode.c.h; path = CPLeastRecentlyUsedCache.h; sourceTree = "<group>"; };
		E767AD63140D6CC500979A33 /* CPLeastRecentlyUsedCache.m */ = {isa = PBXFileReference; fileEncoding = 4; lastKnownFileType = sourcecode.c.objc; path = CPLeastRecentlyUsedCache.m; sourceTree = "<group>"; };
		E767AD64140D6CC500979A33 /* CPLinkedDictionary.h */ = {isa = PBXFileReference; fileEncoding = 4; lastKnownFileType = sourcecode.c.h; path = CPLinkedDictionary.h; sourceTree = "<group>"; };
		E767AD65140D6CC500979A33 /* CPLinkedDictionary.m */ = {isa = PBXFileReference; fileEncoding = 4; lastKnownFileType = sourcecode.c.objc; path = CPLinkedDictionary.m; sourceTree = "<group>"; };
		E767AD66140D6CC500979A33 /* CPLinkedDictionaryEnumerator.h */ = {isa = PBXFileReference; fileEncoding = 4; lastKnownFileType = sourcecode.c.h; path = CPLinkedDictionaryEnumerator.h; sourceTree = "<group>"; };
		E767AD67140D6CC500979A33 /* CPLinkedDictionaryEnumerator.m */ = {isa = PBXFileReference; fileEncoding = 4; lastKnownFileType = sourcecode.c.objc; path = CPLinkedDictionaryEnumerator.m; sourceTree = "<group>"; };
		E767AD68140D6CC500979A33 /* CPLinkedDictionaryKeyEnumerator.h */ = {isa = PBXFileReference; fileEncoding = 4; lastKnownFileType = sourcecode.c.h; path = CPLinkedDictionaryKeyEnumerator.h; sourceTree = "<group>"; };
		E767AD69140D6CC500979A33 /* CPLinkedDictionaryKeyEnumerator.m */ = {isa = PBXFileReference; fileEncoding = 4; lastKnownFileType = sourcecode.c.objc; path = CPLinkedDictionaryKeyEnumerator.m; sourceTree = "<group>"; };
		E767AD6A140D6CC500979A33 /* CPLinkedDictionaryValueEnumerator.h */ = {isa = PBXFileReference; fileEncoding = 4; lastKnownFileType = sourcecode.c.h; path = CPLinkedDictionaryValueEnumerator.h; sourceTree = "<group>"; };
		E767AD6B140D6CC500979A33 /* CPLinkedDictionaryValueEnumerator.m */ = {isa = PBXFileReference; fileEncoding = 4; lastKnownFileType = sourcecode.c.objc; path = CPLinkedDictionaryValueEnumerator.m; sourceTree = "<group>"; };
		E767AD6C140D6CC500979A33 /* CPLinkedList.h */ = {isa = PBXFileReference; fileEncoding = 4; lastKnownFileType = sourcecode.c.h; path = CPLinkedList.h; sourceTree = "<group>"; };
		E767AD6D140D6CC500979A33 /* CPLinkedList.m */ = {isa = PBXFileReference; fileEncoding = 4; lastKnownFileType = sourcecode.c.objc; path = CPLinkedList.m; sourceTree = "<group>"; };
		E767AD6E140D6CC500979A33 /* CPLinkedListEnumerator.h */ = {isa = PBXFileReference; fileEncoding = 4; lastKnownFileType = sourcecode.c.h; path = CPLinkedListEnumerator.h; sourceTree = "<group>"; };
		E767AD6F140D6CC500979A33 /* CPLinkedListEnumerator.m */ = {isa = PBXFileReference; fileEncoding = 4; lastKnownFileType = sourcecode.c.objc; path = CPLinkedListEnumerator.m; sourceTree = "<group>"; };
		E767AD70140D6CC500979A33 /* CPLinkedMapNode.h */ = {isa = PBXFileReference; fileEncoding = 4; lastKnownFileType = sourcecode.c.h; path = CPLinkedMapNode.h; sourceTree = "<group>"; };
		E767AD71140D6CC500979A33 /* CPLinkedMapNode.m */ = {isa = PBXFileReference; fileEncoding = 4; lastKnownFileType = sourcecode.c.objc; path = CPLinkedMapNode.m; sourceTree = "<group>"; };
		E767AD72140D6CC500979A33 /* CPLinkedNode.h */ = {isa = PBXFileReference; fileEncoding = 4; lastKnownFileType = sourcecode.c.h; path = CPLinkedNode.h; sourceTree = "<group>"; };
		E767AD73140D6CC500979A33 /* CPLinkedNode.m */ = {isa = PBXFileReference; fileEncoding = 4; lastKnownFileType = sourcecode.c.objc; path = CPLinkedNode.m; sourceTree = "<group>"; };
		E767AD74140D6CC500979A33 /* CPList.h */ = {isa = PBXFileReference; fileEncoding = 4; lastKnownFileType = sourcecode.c.h; path = CPList.h; sourceTree = "<group>"; };
		E767AD75140D6CC500979A33 /* CPMacros.h */ = {isa = PBXFileReference; fileEncoding = 4; lastKnownFileType = sourcecode.c.h; path = CPMacros.h; sourceTree = "<group>"; };
		E767AD76140D6CC500979A33 /* CPMap.h */ = {isa = PBXFileReference; fileEncoding = 4; lastKnownFileType = sourcecode.c.h; path = CPMap.h; sourceTree = "<group>"; };
		E767AD77140D6CC500979A33 /* CPMutableList.h */ = {isa = PBXFileReference; fileEncoding = 4; lastKnownFileType = sourcecode.c.h; path = CPMutableList.h; sourceTree = "<group>"; };
		E767AD78140D6CC500979A33 /* CPQueue.h */ = {isa = PBXFileReference; fileEncoding = 4; lastKnownFileType = sourcecode.c.h; path = CPQueue.h; sourceTree = "<group>"; };
		E767AD79140D6CC500979A33 /* CPSet.h */ = {isa = PBXFileReference; fileEncoding = 4; lastKnownFileType = sourcecode.c.h; path = CPSet.h; sourceTree = "<group>"; };
		E767AD7A140D6CC500979A33 /* NSEnumerator+hasNext.h */ = {isa = PBXFileReference; fileEncoding = 4; lastKnownFileType = sourcecode.c.h; path = "NSEnumerator+hasNext.h"; sourceTree = "<group>"; };
		E767AD98140D6CCE00979A33 /* CPBaseTestCase.h */ = {isa = PBXFileReference; fileEncoding = 4; lastKnownFileType = sourcecode.c.h; path = CPBaseTestCase.h; sourceTree = "<group>"; };
		E767AD99140D6CCE00979A33 /* CPBaseTestCase.m */ = {isa = PBXFileReference; fileEncoding = 4; lastKnownFileType = sourcecode.c.objc; path = CPBaseTestCase.m; sourceTree = "<group>"; };
		E767AD9A140D6CCE00979A33 /* GHUnitIOSTestMain.m */ = {isa = PBXFileReference; fileEncoding = 4; lastKnownFileType = sourcecode.c.objc; path = GHUnitIOSTestMain.m; sourceTree = "<group>"; };
		E767AD9B140D6CCE00979A33 /* GHUnitTestMain.m */ = {isa = PBXFileReference; fileEncoding = 4; lastKnownFileType = sourcecode.c.objc; path = GHUnitTestMain.m; sourceTree = "<group>"; };
		E767AD9C140D6CCE00979A33 /* LeastRecentlyUsedCacheTest.m */ = {isa = PBXFileReference; fileEncoding = 4; lastKnownFileType = sourcecode.c.objc; path = LeastRecentlyUsedCacheTest.m; sourceTree = "<group>"; };
		E767AD9D140D6CCE00979A33 /* LinkedDictionaryTest.m */ = {isa = PBXFileReference; fileEncoding = 4; lastKnownFileType = sourcecode.c.objc; path = LinkedDictionaryTest.m; sourceTree = "<group>"; };
		E767AD9E140D6CCE00979A33 /* LinkedListTest.m */ = {isa = PBXFileReference; fileEncoding = 4; lastKnownFileType = sourcecode.c.objc; path = LinkedListTest.m; sourceTree = "<group>"; };
		E767AD9F140D6CCE00979A33 /* LinkedMapNodeTest.m */ = {isa = PBXFileReference; fileEncoding = 4; lastKnownFileType = sourcecode.c.objc; path = LinkedMapNodeTest.m; sourceTree = "<group>"; };
		E767ADA0140D6CCE00979A33 /* LinkedNodeTest.m */ = {isa = PBXFileReference; fileEncoding = 4; lastKnownFileType = sourcecode.c.objc; path = LinkedNodeTest.m; sourceTree = "<group>"; };
		E767ADAE140D6D9F00979A33 /* CacaoPodsTest.app */ = {isa = PBXFileReference; explicitFileType = wrapper.application; includeInIndex = 0; path = CacaoPodsTest.app; sourceTree = BUILT_PRODUCTS_DIR; };
		E767ADB3140D6D9F00979A33 /* CacaoPodsTest-Info.plist */ = {isa = PBXFileReference; lastKnownFileType = text.plist.xml; path = "CacaoPodsTest-Info.plist"; sourceTree = "<group>"; };
		E767AE04140D716500979A33 /* GHUnit.framework */ = {isa = PBXFileReference; lastKnownFileType = wrapper.framework; name = GHUnit.framework; path = Frameworks/GHUnit.framework; sourceTree = "<group>"; };
		E767AE05140D716500979A33 /* GHUnitIOS.framework */ = {isa = PBXFileReference; lastKnownFileType = wrapper.framework; name = GHUnitIOS.framework; path = Frameworks/GHUnitIOS.framework; sourceTree = "<group>"; };
		E767AE15140D768300979A33 /* CacaoPods-Info.plist */ = {isa = PBXFileReference; lastKnownFileType = text.plist.xml; path = "CacaoPods-Info.plist"; sourceTree = "<group>"; };
		E767AE19140D768300979A33 /* CacaoPods-Prefix.pch */ = {isa = PBXFileReference; lastKnownFileType = sourcecode.c.h; path = "CacaoPods-Prefix.pch"; sourceTree = "<group>"; };
		E767AE3D140D77D600979A33 /* CacaoPods.framework */ = {isa = PBXFileReference; explicitFileType = wrapper.framework; includeInIndex = 0; path = CacaoPods.framework; sourceTree = BUILT_PRODUCTS_DIR; };
		E767AE75140D7AFA00979A33 /* iCacaoPods.framework */ = {isa = PBXFileReference; explicitFileType = wrapper.cfbundle; includeInIndex = 0; path = iCacaoPods.framework; sourceTree = BUILT_PRODUCTS_DIR; };
		E767AE78140D7AFA00979A33 /* iCacaoPods-Info.plist */ = {isa = PBXFileReference; lastKnownFileType = text.plist.xml; path = "iCacaoPods-Info.plist"; sourceTree = "<group>"; };
		E767AE7C140D7AFA00979A33 /* iCacaoPods-Prefix.pch */ = {isa = PBXFileReference; lastKnownFileType = sourcecode.c.h; path = "iCacaoPods-Prefix.pch"; sourceTree = "<group>"; };
		E767AE9F140D7BC000979A33 /* iCacaoPodsTest.app */ = {isa = PBXFileReference; explicitFileType = wrapper.application; includeInIndex = 0; path = iCacaoPodsTest.app; sourceTree = BUILT_PRODUCTS_DIR; };
		E767AEA3140D7BC000979A33 /* Foundation.framework */ = {isa = PBXFileReference; lastKnownFileType = wrapper.framework; name = Foundation.framework; path = System/Library/Frameworks/Foundation.framework; sourceTree = SDKROOT; };
		E767AEA9140D7BC000979A33 /* iCacaoPodsTest-Info.plist */ = {isa = PBXFileReference; lastKnownFileType = text.plist.xml; path = "iCacaoPodsTest-Info.plist"; sourceTree = "<group>"; };
		E767AED1140D80AF00979A33 /* UIKit.framework */ = {isa = PBXFileReference; lastKnownFileType = wrapper.framework; name = UIKit.framework; path = Platforms/iPhoneOS.platform/Developer/SDKs/iPhoneOS4.3.sdk/System/Library/Frameworks/UIKit.framework; sourceTree = DEVELOPER_DIR; };
		E767AED3140D80C700979A33 /* CoreGraphics.framework */ = {isa = PBXFileReference; lastKnownFileType = wrapper.framework; name = CoreGraphics.framework; path = Platforms/iPhoneOS.platform/Developer/SDKs/iPhoneOS4.3.sdk/System/Library/Frameworks/CoreGraphics.framework; sourceTree = DEVELOPER_DIR; };
		E790C706140D6BCA00DE54D8 /* Cocoa.framework */ = {isa = PBXFileReference; lastKnownFileType = wrapper.framework; name = Cocoa.framework; path = System/Library/Frameworks/Cocoa.framework; sourceTree = SDKROOT; };
		E790C709140D6BCA00DE54D8 /* AppKit.framework */ = {isa = PBXFileReference; lastKnownFileType = wrapper.framework; name = AppKit.framework; path = System/Library/Frameworks/AppKit.framework; sourceTree = SDKROOT; };
		E790C70A140D6BCA00DE54D8 /* CoreData.framework */ = {isa = PBXFileReference; lastKnownFileType = wrapper.framework; name = CoreData.framework; path = System/Library/Frameworks/CoreData.framework; sourceTree = SDKROOT; };
		E790C70B140D6BCA00DE54D8 /* Foundation.framework */ = {isa = PBXFileReference; lastKnownFileType = wrapper.framework; name = Foundation.framework; path = System/Library/Frameworks/Foundation.framework; sourceTree = SDKROOT; };
/* End PBXFileReference section */

/* Begin PBXFrameworksBuildPhase section */
		E767ADAB140D6D9F00979A33 /* Frameworks */ = {
			isa = PBXFrameworksBuildPhase;
			buildActionMask = 2147483647;
			files = (
				E767ADB0140D6D9F00979A33 /* Cocoa.framework in Frameworks */,
				E767AE06140D718D00979A33 /* GHUnit.framework in Frameworks */,
				E767AE6D140D790F00979A33 /* CacaoPods.framework in Frameworks */,
			);
			runOnlyForDeploymentPostprocessing = 0;
		};
		E767AE39140D77D600979A33 /* Frameworks */ = {
			isa = PBXFrameworksBuildPhase;
			buildActionMask = 2147483647;
			files = (
				E767AE3E140D77D600979A33 /* Cocoa.framework in Frameworks */,
			);
			runOnlyForDeploymentPostprocessing = 0;
		};
		E767AE70140D7AFA00979A33 /* Frameworks */ = {
			isa = PBXFrameworksBuildPhase;
			buildActionMask = 2147483647;
			files = (
			);
			runOnlyForDeploymentPostprocessing = 0;
		};
		E767AE9C140D7BC000979A33 /* Frameworks */ = {
			isa = PBXFrameworksBuildPhase;
			buildActionMask = 2147483647;
			files = (
				E767AEA4140D7BC000979A33 /* Foundation.framework in Frameworks */,
				E767AED5140D80E600979A33 /* UIKit.framework in Frameworks */,
				E767AED6140D80E600979A33 /* CoreGraphics.framework in Frameworks */,
				E767AECD140D7CAF00979A33 /* GHUnitIOS.framework in Frameworks */,
			);
			runOnlyForDeploymentPostprocessing = 0;
		};
/* End PBXFrameworksBuildPhase section */

/* Begin PBXGroup section */
		E767AD5F140D6CC500979A33 /* Classes */ = {
			isa = PBXGroup;
			children = (
				E767AD75140D6CC500979A33 /* CPMacros.h */,
				E767AE68140D783500979A33 /* base */,
				E767AD60140D6CC500979A33 /* CPCollection.h */,
				E767AE67140D783200979A33 /* mutable */,
				E767AE66140D782D00979A33 /* node */,
				E767AE65140D782900979A33 /* enumerator */,
				E767AE64140D782500979A33 /* cache */,
			);
			path = Classes;
			sourceTree = "<group>";
		};
		E767AD97140D6CCE00979A33 /* Tests */ = {
			isa = PBXGroup;
			children = (
				E767AD98140D6CCE00979A33 /* CPBaseTestCase.h */,
				E767AD99140D6CCE00979A33 /* CPBaseTestCase.m */,
				E767AD9A140D6CCE00979A33 /* GHUnitIOSTestMain.m */,
				E767AD9B140D6CCE00979A33 /* GHUnitTestMain.m */,
				E767AD9C140D6CCE00979A33 /* LeastRecentlyUsedCacheTest.m */,
				E767AD9D140D6CCE00979A33 /* LinkedDictionaryTest.m */,
				E767AD9E140D6CCE00979A33 /* LinkedListTest.m */,
				E767AD9F140D6CCE00979A33 /* LinkedMapNodeTest.m */,
				E767ADA0140D6CCE00979A33 /* LinkedNodeTest.m */,
			);
			path = Tests;
			sourceTree = "<group>";
		};
		E767ADB1140D6D9F00979A33 /* CacaoPodsTest */ = {
			isa = PBXGroup;
			children = (
				E767ADB2140D6D9F00979A33 /* Supporting Files */,
			);
			path = CacaoPodsTest;
			sourceTree = "<group>";
		};
		E767ADB2140D6D9F00979A33 /* Supporting Files */ = {
			isa = PBXGroup;
			children = (
				E767ADB3140D6D9F00979A33 /* CacaoPodsTest-Info.plist */,
			);
			name = "Supporting Files";
			sourceTree = "<group>";
		};
		E767ADFC140D6F8200979A33 /* Test */ = {
			isa = PBXGroup;
			children = (
				E767AE04140D716500979A33 /* GHUnit.framework */,
				E767AE05140D716500979A33 /* GHUnitIOS.framework */,
			);
			name = Test;
			sourceTree = "<group>";
		};
		E767AE13140D768300979A33 /* CacaoPods */ = {
			isa = PBXGroup;
			children = (
				E767AE14140D768300979A33 /* Supporting Files */,
			);
			path = CacaoPods;
			sourceTree = "<group>";
		};
		E767AE14140D768300979A33 /* Supporting Files */ = {
			isa = PBXGroup;
			children = (
				E767AE15140D768300979A33 /* CacaoPods-Info.plist */,
				E767AE19140D768300979A33 /* CacaoPods-Prefix.pch */,
			);
			name = "Supporting Files";
			sourceTree = "<group>";
		};
		E767AE64140D782500979A33 /* cache */ = {
			isa = PBXGroup;
			children = (
				E767AD62140D6CC500979A33 /* CPLeastRecentlyUsedCache.h */,
				E767AD63140D6CC500979A33 /* CPLeastRecentlyUsedCache.m */,
			);
			name = cache;
			sourceTree = "<group>";
		};
		E767AE65140D782900979A33 /* enumerator */ = {
			isa = PBXGroup;
			children = (
				E767AD7A140D6CC500979A33 /* NSEnumerator+hasNext.h */,
				E767AD66140D6CC500979A33 /* CPLinkedDictionaryEnumerator.h */,
				E767AD67140D6CC500979A33 /* CPLinkedDictionaryEnumerator.m */,
				E767AD68140D6CC500979A33 /* CPLinkedDictionaryKeyEnumerator.h */,
				E767AD69140D6CC500979A33 /* CPLinkedDictionaryKeyEnumerator.m */,
				E767AD6A140D6CC500979A33 /* CPLinkedDictionaryValueEnumerator.h */,
				E767AD6B140D6CC500979A33 /* CPLinkedDictionaryValueEnumerator.m */,
				E767AD6E140D6CC500979A33 /* CPLinkedListEnumerator.h */,
				E767AD6F140D6CC500979A33 /* CPLinkedListEnumerator.m */,
			);
			name = enumerator;
			sourceTree = "<group>";
		};
		E767AE66140D782D00979A33 /* node */ = {
			isa = PBXGroup;
			children = (
				E767AD70140D6CC500979A33 /* CPLinkedMapNode.h */,
				E767AD71140D6CC500979A33 /* CPLinkedMapNode.m */,
				E767AD72140D6CC500979A33 /* CPLinkedNode.h */,
				E767AD73140D6CC500979A33 /* CPLinkedNode.m */,
			);
			name = node;
			sourceTree = "<group>";
		};
		E767AE67140D783200979A33 /* mutable */ = {
			isa = PBXGroup;
			children = (
				E767AD64140D6CC500979A33 /* CPLinkedDictionary.h */,
				E767AD65140D6CC500979A33 /* CPLinkedDictionary.m */,
				E767AD6C140D6CC500979A33 /* CPLinkedList.h */,
				E767AD6D140D6CC500979A33 /* CPLinkedList.m */,
			);
			name = mutable;
			sourceTree = "<group>";
		};
		E767AE68140D783500979A33 /* base */ = {
			isa = PBXGroup;
			children = (
				E767AE69140D789100979A33 /* immutable */,
				E767AE6A140D789A00979A33 /* mutable */,
			);
			name = base;
			sourceTree = "<group>";
		};
		E767AE69140D789100979A33 /* immutable */ = {
			isa = PBXGroup;
			children = (
				E767AD74140D6CC500979A33 /* CPList.h */,
				E767AD76140D6CC500979A33 /* CPMap.h */,
				E767AD79140D6CC500979A33 /* CPSet.h */,
			);
			name = immutable;
			sourceTree = "<group>";
		};
		E767AE6A140D789A00979A33 /* mutable */ = {
			isa = PBXGroup;
			children = (
				E767AD61140D6CC500979A33 /* CPDeque.h */,
				E767AD77140D6CC500979A33 /* CPMutableList.h */,
				E767AD78140D6CC500979A33 /* CPQueue.h */,
			);
			name = mutable;
			sourceTree = "<group>";
		};
		E767AE76140D7AFA00979A33 /* iCacaoPods */ = {
			isa = PBXGroup;
			children = (
				E767AE77140D7AFA00979A33 /* Supporting Files */,
			);
			path = iCacaoPods;
			sourceTree = "<group>";
		};
		E767AE77140D7AFA00979A33 /* Supporting Files */ = {
			isa = PBXGroup;
			children = (
				E767AE78140D7AFA00979A33 /* iCacaoPods-Info.plist */,
				E767AE7C140D7AFA00979A33 /* iCacaoPods-Prefix.pch */,
			);
			name = "Supporting Files";
			sourceTree = "<group>";
		};
		E767AEA7140D7BC000979A33 /* iCacaoPodsTest */ = {
			isa = PBXGroup;
			children = (
				E767AEA8140D7BC000979A33 /* Supporting Files */,
			);
			path = iCacaoPodsTest;
			sourceTree = "<group>";
		};
		E767AEA8140D7BC000979A33 /* Supporting Files */ = {
			isa = PBXGroup;
			children = (
				E767AEA9140D7BC000979A33 /* iCacaoPodsTest-Info.plist */,
			);
			name = "Supporting Files";
			sourceTree = "<group>";
		};
		E790C6F8140D6BCA00DE54D8 = {
			isa = PBXGroup;
			children = (
				E767AD5F140D6CC500979A33 /* Classes */,
				E767AD97140D6CCE00979A33 /* Tests */,
				E767AE13140D768300979A33 /* CacaoPods */,
				E767AE76140D7AFA00979A33 /* iCacaoPods */,
				E767ADB1140D6D9F00979A33 /* CacaoPodsTest */,
				E767AEA7140D7BC000979A33 /* iCacaoPodsTest */,
				E790C705140D6BCA00DE54D8 /* Frameworks */,
				E790C704140D6BCA00DE54D8 /* Products */,
			);
			sourceTree = "<group>";
		};
		E790C704140D6BCA00DE54D8 /* Products */ = {
			isa = PBXGroup;
			children = (
				E767ADAE140D6D9F00979A33 /* CacaoPodsTest.app */,
				E767AE3D140D77D600979A33 /* CacaoPods.framework */,
				E767AE75140D7AFA00979A33 /* iCacaoPods.framework */,
				E767AE9F140D7BC000979A33 /* iCacaoPodsTest.app */,
			);
			name = Products;
			sourceTree = "<group>";
		};
		E790C705140D6BCA00DE54D8 /* Frameworks */ = {
			isa = PBXGroup;
			children = (
				E790C706140D6BCA00DE54D8 /* Cocoa.framework */,
				E767AEA3140D7BC000979A33 /* Foundation.framework */,
				E767AED1140D80AF00979A33 /* UIKit.framework */,
				E767AED3140D80C700979A33 /* CoreGraphics.framework */,
				E790C708140D6BCA00DE54D8 /* Other Frameworks */,
				E767ADFC140D6F8200979A33 /* Test */,
			);
			name = Frameworks;
			sourceTree = "<group>";
		};
		E790C708140D6BCA00DE54D8 /* Other Frameworks */ = {
			isa = PBXGroup;
			children = (
				E790C709140D6BCA00DE54D8 /* AppKit.framework */,
				E790C70A140D6BCA00DE54D8 /* CoreData.framework */,
				E790C70B140D6BCA00DE54D8 /* Foundation.framework */,
			);
			name = "Other Frameworks";
			sourceTree = "<group>";
		};
/* End PBXGroup section */

/* Begin PBXHeadersBuildPhase section */
		E767AE3A140D77D600979A33 /* Headers */ = {
			isa = PBXHeadersBuildPhase;
			buildActionMask = 2147483647;
			files = (
				E767AE49140D781300979A33 /* CPCollection.h in Headers */,
				E767AE4A140D781300979A33 /* CPDeque.h in Headers */,
				E767AE4B140D781300979A33 /* CPLeastRecentlyUsedCache.h in Headers */,
				E767AE4D140D781300979A33 /* CPLinkedDictionary.h in Headers */,
				E767AE4F140D781300979A33 /* CPLinkedDictionaryEnumerator.h in Headers */,
				E767AE51140D781300979A33 /* CPLinkedDictionaryKeyEnumerator.h in Headers */,
				E767AE53140D781300979A33 /* CPLinkedDictionaryValueEnumerator.h in Headers */,
				E767AE55140D781300979A33 /* CPLinkedList.h in Headers */,
				E767AE57140D781300979A33 /* CPLinkedListEnumerator.h in Headers */,
				E767AE59140D781300979A33 /* CPLinkedMapNode.h in Headers */,
				E767AE5B140D781300979A33 /* CPLinkedNode.h in Headers */,
				E767AE5D140D781300979A33 /* CPList.h in Headers */,
				E767AE5E140D781300979A33 /* CPMacros.h in Headers */,
				E767AE5F140D781300979A33 /* CPMap.h in Headers */,
				E767AE60140D781300979A33 /* CPMutableList.h in Headers */,
				E767AE61140D781300979A33 /* CPQueue.h in Headers */,
				E767AE62140D781300979A33 /* CPSet.h in Headers */,
				E767AE63140D781300979A33 /* NSEnumerator+hasNext.h in Headers */,
			);
			runOnlyForDeploymentPostprocessing = 0;
		};
		E767AE71140D7AFA00979A33 /* Headers */ = {
			isa = PBXHeadersBuildPhase;
			buildActionMask = 2147483647;
			files = (
				E767AE80140D7B5000979A33 /* CPMacros.h in Headers */,
				E767AE81140D7B5000979A33 /* CPList.h in Headers */,
				E767AE82140D7B5000979A33 /* CPMap.h in Headers */,
				E767AE83140D7B5000979A33 /* CPSet.h in Headers */,
				E767AE84140D7B5000979A33 /* CPDeque.h in Headers */,
				E767AE85140D7B5000979A33 /* CPMutableList.h in Headers */,
				E767AE86140D7B5000979A33 /* CPQueue.h in Headers */,
				E767AE87140D7B5000979A33 /* CPCollection.h in Headers */,
				E767AE88140D7B5000979A33 /* CPLinkedDictionary.h in Headers */,
				E767AE8A140D7B5000979A33 /* CPLinkedList.h in Headers */,
				E767AE8C140D7B5000979A33 /* CPLinkedMapNode.h in Headers */,
				E767AE8E140D7B5000979A33 /* CPLinkedNode.h in Headers */,
				E767AE90140D7B5000979A33 /* NSEnumerator+hasNext.h in Headers */,
				E767AE91140D7B5000979A33 /* CPLinkedDictionaryEnumerator.h in Headers */,
				E767AE93140D7B5000979A33 /* CPLinkedDictionaryKeyEnumerator.h in Headers */,
				E767AE95140D7B5000979A33 /* CPLinkedDictionaryValueEnumerator.h in Headers */,
				E767AE97140D7B5000979A33 /* CPLinkedListEnumerator.h in Headers */,
				E767AE99140D7B5000979A33 /* CPLeastRecentlyUsedCache.h in Headers */,
			);
			runOnlyForDeploymentPostprocessing = 0;
		};
/* End PBXHeadersBuildPhase section */

/* Begin PBXNativeTarget section */
		E767ADAD140D6D9F00979A33 /* CacaoPodsTest */ = {
			isa = PBXNativeTarget;
			buildConfigurationList = E767ADC3140D6D9F00979A33 /* Build configuration list for PBXNativeTarget "CacaoPodsTest" */;
			buildPhases = (
				E767AE08140D71FB00979A33 /* CopyFiles */,
				E767ADAA140D6D9F00979A33 /* Sources */,
				E767ADAB140D6D9F00979A33 /* Frameworks */,
				E767ADAC140D6D9F00979A33 /* Resources */,
			);
			buildRules = (
			);
			dependencies = (
				E767AE6C140D790A00979A33 /* PBXTargetDependency */,
			);
			name = CacaoPodsTest;
			productName = CacaoPodsTest;
			productReference = E767ADAE140D6D9F00979A33 /* CacaoPodsTest.app */;
			productType = "com.apple.product-type.application";
		};
		E767AE3C140D77D600979A33 /* CacaoPods */ = {
			isa = PBXNativeTarget;
			buildConfigurationList = E767AE46140D77D600979A33 /* Build configuration list for PBXNativeTarget "CacaoPods" */;
			buildPhases = (
				E767AE38140D77D600979A33 /* Sources */,
				E767AE39140D77D600979A33 /* Frameworks */,
				E767AE3A140D77D600979A33 /* Headers */,
				E767AE3B140D77D600979A33 /* Resources */,
			);
			buildRules = (
			);
			dependencies = (
			);
			name = CacaoPods;
			productName = CacaoPods;
			productReference = E767AE3D140D77D600979A33 /* CacaoPods.framework */;
			productType = "com.apple.product-type.framework";
		};
		E767AE74140D7AFA00979A33 /* iCacaoPods */ = {
			isa = PBXNativeTarget;
			buildConfigurationList = E767AE7D140D7AFA00979A33 /* Build configuration list for PBXNativeTarget "iCacaoPods" */;
			buildPhases = (
				E767AE6E140D7AFA00979A33 /* ShellScript */,
				E767AE6F140D7AFA00979A33 /* Sources */,
				E767AE70140D7AFA00979A33 /* Frameworks */,
				E767AE71140D7AFA00979A33 /* Headers */,
				E767AE72140D7AFA00979A33 /* Resources */,
				E767AE73140D7AFA00979A33 /* ShellScript */,
			);
			buildRules = (
			);
			dependencies = (
			);
			name = iCacaoPods;
			productName = iCacaoPods;
			productReference = E767AE75140D7AFA00979A33 /* iCacaoPods.framework */;
			productType = "com.apple.product-type.bundle";
		};
		E767AE9E140D7BC000979A33 /* iCacaoPodsTest */ = {
			isa = PBXNativeTarget;
			buildConfigurationList = E767AEC1140D7BC000979A33 /* Build configuration list for PBXNativeTarget "iCacaoPodsTest" */;
			buildPhases = (
				E767AF11140E823C00979A33 /* CopyFiles */,
				E767AE9B140D7BC000979A33 /* Sources */,
				E767AE9C140D7BC000979A33 /* Frameworks */,
				E767AE9D140D7BC000979A33 /* Resources */,
			);
			buildRules = (
			);
			dependencies = (
				E767AF10140E823500979A33 /* PBXTargetDependency */,
			);
			name = iCacaoPodsTest;
			productName = iCacaoPodsTest;
			productReference = E767AE9F140D7BC000979A33 /* iCacaoPodsTest.app */;
			productType = "com.apple.product-type.application";
		};
/* End PBXNativeTarget section */

/* Begin PBXProject section */
		E790C6FA140D6BCA00DE54D8 /* Project object */ = {
			isa = PBXProject;
			buildConfigurationList = E790C6FD140D6BCA00DE54D8 /* Build configuration list for PBXProject "CacaoPods" */;
			compatibilityVersion = "Xcode 3.2";
			developmentRegion = English;
			hasScannedForEncodings = 0;
			knownRegions = (
				en,
			);
			mainGroup = E790C6F8140D6BCA00DE54D8;
			productRefGroup = E790C704140D6BCA00DE54D8 /* Products */;
			projectDirPath = "";
			projectRoot = "";
			targets = (
				E767AE3C140D77D600979A33 /* CacaoPods */,
				E767AE74140D7AFA00979A33 /* iCacaoPods */,
				E767ADAD140D6D9F00979A33 /* CacaoPodsTest */,
				E767AE9E140D7BC000979A33 /* iCacaoPodsTest */,
			);
		};
/* End PBXProject section */

/* Begin PBXResourcesBuildPhase section */
		E767ADAC140D6D9F00979A33 /* Resources */ = {
			isa = PBXResourcesBuildPhase;
			buildActionMask = 2147483647;
			files = (
			);
			runOnlyForDeploymentPostprocessing = 0;
		};
		E767AE3B140D77D600979A33 /* Resources */ = {
			isa = PBXResourcesBuildPhase;
			buildActionMask = 2147483647;
			files = (
			);
			runOnlyForDeploymentPostprocessing = 0;
		};
		E767AE72140D7AFA00979A33 /* Resources */ = {
			isa = PBXResourcesBuildPhase;
			buildActionMask = 2147483647;
			files = (
			);
			runOnlyForDeploymentPostprocessing = 0;
		};
		E767AE9D140D7BC000979A33 /* Resources */ = {
			isa = PBXResourcesBuildPhase;
			buildActionMask = 2147483647;
			files = (
			);
			runOnlyForDeploymentPostprocessing = 0;
		};
/* End PBXResourcesBuildPhase section */

/* Begin PBXShellScriptBuildPhase section */
		E767AE6E140D7AFA00979A33 /* ShellScript */ = {
			isa = PBXShellScriptBuildPhase;
			buildActionMask = 2147483647;
			files = (
			);
			inputPaths = (
			);
			outputPaths = (
			);
			runOnlyForDeploymentPostprocessing = 0;
			shellPath = /bin/sh;
			shellScript = "set -e\n\nset +u\nif [[ $UFW_MASTER_SCRIPT_RUNNING ]]\nthen\n    # Nothing for the slave script to do\n    exit 0\nfi\nset -u\n\nif [[ \"$SDK_NAME\" =~ ([A-Za-z]+) ]]\nthen\n    UFW_SDK_PLATFORM=${BASH_REMATCH[1]}\nelse\n    echo \"Could not find platform name from SDK_NAME: $SDK_NAME\"\n    exit 1\nfi\n\nif [[ \"$SDK_NAME\" =~ ([0-9]+.*$) ]]\nthen\n\tUFW_SDK_VERSION=${BASH_REMATCH[1]}\nelse\n    echo \"Could not find sdk version  from SDK_NAME: $SDK_NAME\"\n    exit 1\nfi\n\nif [[ \"$UFW_SDK_PLATFORM\" = \"iphoneos\" ]]\nthen\n    UFW_OTHER_PLATFORM=iphonesimulator\nelse\n    UFW_OTHER_PLATFORM=iphoneos\nfi\n\nif [[ \"$BUILT_PRODUCTS_DIR\" =~ (.*)$UFW_SDK_PLATFORM$ ]]\nthen\n    UFW_OTHER_BUILT_PRODUCTS_DIR=\"${BASH_REMATCH[1]}${UFW_OTHER_PLATFORM}\"\nelse\n    echo \"Could not find $UFW_SDK_PLATFORM in $BUILT_PRODUCTS_DIR\"\n    exit 1\nfi\n\n\n# Short-circuit if all binaries are up to date\n\nif [[ -f \"${BUILT_PRODUCTS_DIR}/${EXECUTABLE_PATH}\" ]] && \\\n   [[ -f \"${BUILT_PRODUCTS_DIR}/${PRODUCT_NAME}.embeddedframework/${EXECUTABLE_PATH}\" ]] && \\\n   [[ ! \"${BUILT_PRODUCTS_DIR}/${EXECUTABLE_PATH}\" -nt \"${BUILT_PRODUCTS_DIR}/${PRODUCT_NAME}.embeddedframework/${EXECUTABLE_PATH}\" ]]\n   [[ -f \"${UFW_OTHER_BUILT_PRODUCTS_DIR}/${EXECUTABLE_PATH}\" ]] && \\\n   [[ -f \"${UFW_OTHER_BUILT_PRODUCTS_DIR}/${PRODUCT_NAME}.embeddedframework/${EXECUTABLE_PATH}\" ]] && \\\n   [[ ! \"${UFW_OTHER_BUILT_PRODUCTS_DIR}/${EXECUTABLE_PATH}\" -nt \"${UFW_OTHER_BUILT_PRODUCTS_DIR}/${PRODUCT_NAME}.embeddedframework/${EXECUTABLE_PATH}\" ]]\nthen\n    exit 0\nfi\n\n\n# Clean other platform if needed\n\nif [[ ! -f \"${BUILT_PRODUCTS_DIR}/${EXECUTABLE_PATH}\" ]]\nthen\n\techo \"Platform \\\"$UFW_SDK_PLATFORM\\\" was cleaned recently. Cleaning \\\"$UFW_OTHER_PLATFORM\\\" as well\"\n\techo xcodebuild -project \"${PROJECT_FILE_PATH}\" -target \"${TARGET_NAME}\" -configuration \"${CONFIGURATION}\" -sdk ${UFW_OTHER_PLATFORM}${UFW_SDK_VERSION} BUILD_DIR=\"${BUILD_DIR}\" CONFIGURATION_TEMP_DIR=\"${PROJECT_TEMP_DIR}/${CONFIGURATION}-${UFW_OTHER_PLATFORM}\" clean\n\txcodebuild -project \"${PROJECT_FILE_PATH}\" -target \"${TARGET_NAME}\" -configuration \"${CONFIGURATION}\" -sdk ${UFW_OTHER_PLATFORM}${UFW_SDK_VERSION} BUILD_DIR=\"${BUILD_DIR}\" CONFIGURATION_TEMP_DIR=\"${PROJECT_TEMP_DIR}/${CONFIGURATION}-${UFW_OTHER_PLATFORM}\" clean\nfi\n\n\n# Make sure we are building from fresh binaries\n\nrm -rf \"${BUILT_PRODUCTS_DIR}/${EXECUTABLE_PATH}\"\nrm -rf \"${BUILT_PRODUCTS_DIR}/${PRODUCT_NAME}.embeddedframework\"\nrm -rf \"${UFW_OTHER_BUILT_PRODUCTS_DIR}/${EXECUTABLE_PATH}\"\nrm -rf \"${UFW_OTHER_BUILT_PRODUCTS_DIR}/${PRODUCT_NAME}.embeddedframework\"\n";
		};
		E767AE73140D7AFA00979A33 /* ShellScript */ = {
			isa = PBXShellScriptBuildPhase;
			buildActionMask = 2147483647;
			files = (
			);
			inputPaths = (
			);
			outputPaths = (
			);
			runOnlyForDeploymentPostprocessing = 0;
			shellPath = /bin/sh;
			shellScript = "set -e\n\nset +u\nif [[ $UFW_MASTER_SCRIPT_RUNNING ]]\nthen\n    # Nothing for the slave script to do\n    exit 0\nfi\nset -u\nexport UFW_MASTER_SCRIPT_RUNNING=1\n\n\n# Functions\n\n## List files in the specified directory, storing to the specified array.\n#\n# @param $1 The path to list\n# @param $2 The name of the array to fill\n#\n##\nlist_files ()\n{\n    filelist=$(ls \"$1\")\n    while read line\n    do\n        eval \"$2[\\${#$2[*]}]=\\\"\\$line\\\"\"\n    done <<< \"$filelist\"\n}\n\n\n# Sanity check\n\nif [[ ! -f \"${BUILT_PRODUCTS_DIR}/${EXECUTABLE_PATH}\" ]]\nthen\n    echo \"Framework target \\\"${TARGET_NAME}\\\" had no source files to build from. Make sure your source files have the correct target membership\"\n    exit 1\nfi\n\n\n# Gather information\n\nif [[ \"$SDK_NAME\" =~ ([A-Za-z]+) ]]\nthen\n    UFW_SDK_PLATFORM=${BASH_REMATCH[1]}\nelse\n    echo \"Could not find platform name from SDK_NAME: $SDK_NAME\"\n    exit 1\nfi\n\nif [[ \"$SDK_NAME\" =~ ([0-9]+.*$) ]]\nthen\n    UFW_SDK_VERSION=${BASH_REMATCH[1]}\nelse\n    echo \"Could not find sdk version from SDK_NAME: $SDK_NAME\"\n    exit 1\nfi\n\nif [[ \"$UFW_SDK_PLATFORM\" = \"iphoneos\" ]]\nthen\n    UFW_OTHER_PLATFORM=iphonesimulator\nelse\n    UFW_OTHER_PLATFORM=iphoneos\nfi\n\nif [[ \"$BUILT_PRODUCTS_DIR\" =~ (.*)$UFW_SDK_PLATFORM$ ]]\nthen\n    UFW_OTHER_BUILT_PRODUCTS_DIR=\"${BASH_REMATCH[1]}${UFW_OTHER_PLATFORM}\"\nelse\n    echo \"Could not find $UFW_SDK_PLATFORM in $BUILT_PRODUCTS_DIR\"\n    exit 1\nfi\n\n\n# Short-circuit if all binaries are up to date.\n# We already checked the other platform in the prerun script.\n\nif [[ -f \"${BUILT_PRODUCTS_DIR}/${EXECUTABLE_PATH}\" ]] && [[ -f \"${BUILT_PRODUCTS_DIR}/${PRODUCT_NAME}.embeddedframework/${EXECUTABLE_PATH}\" ]] && [[ ! \"${BUILT_PRODUCTS_DIR}/${EXECUTABLE_PATH}\" -nt \"${BUILT_PRODUCTS_DIR}/${PRODUCT_NAME}.embeddedframework/${EXECUTABLE_PATH}\" ]]\nthen\n    exit 0\nfi\n\n\n# Make sure the other platform gets built\n\necho \"Build other platform\"\n\necho xcodebuild -project \"${PROJECT_FILE_PATH}\" -target \"${TARGET_NAME}\" -configuration \"${CONFIGURATION}\" -sdk ${UFW_OTHER_PLATFORM}${UFW_SDK_VERSION} BUILD_DIR=\"${BUILD_DIR}\" CONFIGURATION_TEMP_DIR=\"${PROJECT_TEMP_DIR}/${CONFIGURATION}-${UFW_OTHER_PLATFORM}\" $ACTION\nxcodebuild -project \"${PROJECT_FILE_PATH}\" -target \"${TARGET_NAME}\" -configuration \"${CONFIGURATION}\" -sdk ${UFW_OTHER_PLATFORM}${UFW_SDK_VERSION} BUILD_DIR=\"${BUILD_DIR}\" CONFIGURATION_TEMP_DIR=\"${PROJECT_TEMP_DIR}/${CONFIGURATION}-${UFW_OTHER_PLATFORM}\" $ACTION\n\n\n# Build the fat static library binary\n\necho \"Create universal static library\"\n\necho \"$PLATFORM_DEVELOPER_BIN_DIR/libtool\" -static \"${BUILT_PRODUCTS_DIR}/${EXECUTABLE_PATH}\" \"${UFW_OTHER_BUILT_PRODUCTS_DIR}/${EXECUTABLE_PATH}\" -o \"${BUILT_PRODUCTS_DIR}/${EXECUTABLE_PATH}.temp\"\n\"$PLATFORM_DEVELOPER_BIN_DIR/libtool\" -static \"${BUILT_PRODUCTS_DIR}/${EXECUTABLE_PATH}\" \"${UFW_OTHER_BUILT_PRODUCTS_DIR}/${EXECUTABLE_PATH}\" -o \"${BUILT_PRODUCTS_DIR}/${EXECUTABLE_PATH}.temp\"\n\necho mv \"${BUILT_PRODUCTS_DIR}/${EXECUTABLE_PATH}.temp\" \"${BUILT_PRODUCTS_DIR}/${EXECUTABLE_PATH}\"\nmv \"${BUILT_PRODUCTS_DIR}/${EXECUTABLE_PATH}.temp\" \"${BUILT_PRODUCTS_DIR}/${EXECUTABLE_PATH}\"\n\n\n# Build framework structure\n\necho \"Build symlinks\"\n\necho ln -sf A \"${BUILT_PRODUCTS_DIR}/${WRAPPER_NAME}/Versions/Current\"\nln -sf A \"${BUILT_PRODUCTS_DIR}/${WRAPPER_NAME}/Versions/Current\"\necho ln -sf Versions/Current/Headers \"${BUILT_PRODUCTS_DIR}/${WRAPPER_NAME}/Headers\"\nln -sf Versions/Current/Headers \"${BUILT_PRODUCTS_DIR}/${WRAPPER_NAME}/Headers\"\necho ln -sf Versions/Current/Resources \"${BUILT_PRODUCTS_DIR}/${WRAPPER_NAME}/Resources\"\nln -sf Versions/Current/Resources \"${BUILT_PRODUCTS_DIR}/${WRAPPER_NAME}/Resources\"\necho ln -sf \"Versions/Current/${EXECUTABLE_NAME}\" \"${BUILT_PRODUCTS_DIR}/${WRAPPER_NAME}/${EXECUTABLE_NAME}\"\nln -sf \"Versions/Current/${EXECUTABLE_NAME}\" \"${BUILT_PRODUCTS_DIR}/${WRAPPER_NAME}/${EXECUTABLE_NAME}\"\n\n\n# Link to binary for unit tests\n\nmkdir -p \"${BUILT_PRODUCTS_DIR}/.fake_fw_testing.framework\"\nln -sf \"../${WRAPPER_NAME}/${EXECUTABLE_NAME}\" \"${BUILT_PRODUCTS_DIR}/.fake_fw_testing.framework/.fake_fw_testing\"\n\n\n# Build embedded framework structure\n\necho \"Build Embedded Framework\"\n\necho rm -rf \"${BUILT_PRODUCTS_DIR}/${PRODUCT_NAME}.embeddedframework\"\nrm -rf \"${BUILT_PRODUCTS_DIR}/${PRODUCT_NAME}.embeddedframework\"\necho mkdir -p \"${BUILT_PRODUCTS_DIR}/${PRODUCT_NAME}.embeddedframework/Resources\"\nmkdir -p \"${BUILT_PRODUCTS_DIR}/${PRODUCT_NAME}.embeddedframework/Resources\"\necho cp -a \"${BUILT_PRODUCTS_DIR}/${WRAPPER_NAME}\" \"${BUILT_PRODUCTS_DIR}/${PRODUCT_NAME}.embeddedframework/\"\ncp -a \"${BUILT_PRODUCTS_DIR}/${WRAPPER_NAME}\" \"${BUILT_PRODUCTS_DIR}/${PRODUCT_NAME}.embeddedframework/\"\n\ndeclare -a UFW_FILE_LIST\nlist_files \"${BUILT_PRODUCTS_DIR}/${UNLOCALIZED_RESOURCES_FOLDER_PATH}\" UFW_FILE_LIST\nfor filename in \"${UFW_FILE_LIST[@]}\"\ndo\n    if [[ \"${filename}\" != \"Info.plist\" ]] && [[ ! \"${filename}\" =~ .*\\.lproj$ ]]\n    then\n        echo ln -sf \"../${WRAPPER_NAME}/Resources/${filename}\" \"${BUILT_PRODUCTS_DIR}/${PRODUCT_NAME}.embeddedframework/Resources/${filename}\"\n        ln -sf \"../${WRAPPER_NAME}/Resources/${filename}\" \"${BUILT_PRODUCTS_DIR}/${PRODUCT_NAME}.embeddedframework/Resources/${filename}\"\n    fi\ndone\n\n\n# Replace other platform's framework with a copy of this one (so that both have the same universal binary)\n\necho \"Copy from $UFW_SDK_PLATFORM to $UFW_OTHER_PLATFORM\"\n\necho rm -rf \"${BUILD_DIR}/${CONFIGURATION}-${UFW_OTHER_PLATFORM}\"\nrm -rf \"${BUILD_DIR}/${CONFIGURATION}-${UFW_OTHER_PLATFORM}\"\necho cp -a \"${BUILD_DIR}/${CONFIGURATION}-${UFW_SDK_PLATFORM}\" \"${BUILD_DIR}/${CONFIGURATION}-${UFW_OTHER_PLATFORM}\"\ncp -a \"${BUILD_DIR}/${CONFIGURATION}-${UFW_SDK_PLATFORM}\" \"${BUILD_DIR}/${CONFIGURATION}-${UFW_OTHER_PLATFORM}\"\n";
		};
/* End PBXShellScriptBuildPhase section */

/* Begin PBXSourcesBuildPhase section */
		E767ADAA140D6D9F00979A33 /* Sources */ = {
			isa = PBXSourcesBuildPhase;
			buildActionMask = 2147483647;
			files = (
				E767ADFD140D6FC300979A33 /* CPBaseTestCase.m in Sources */,
				E767ADFE140D6FC300979A33 /* GHUnitTestMain.m in Sources */,
				E767ADFF140D6FC300979A33 /* LeastRecentlyUsedCacheTest.m in Sources */,
				E767AE00140D6FC300979A33 /* LinkedDictionaryTest.m in Sources */,
				E767AE01140D6FC300979A33 /* LinkedListTest.m in Sources */,
				E767AE02140D6FC300979A33 /* LinkedMapNodeTest.m in Sources */,
				E767AE03140D6FC300979A33 /* LinkedNodeTest.m in Sources */,
			);
			runOnlyForDeploymentPostprocessing = 0;
		};
		E767AE38140D77D600979A33 /* Sources */ = {
			isa = PBXSourcesBuildPhase;
			buildActionMask = 2147483647;
			files = (
				E767AE4C140D781300979A33 /* CPLeastRecentlyUsedCache.m in Sources */,
				E767AE4E140D781300979A33 /* CPLinkedDictionary.m in Sources */,
				E767AE50140D781300979A33 /* CPLinkedDictionaryEnumerator.m in Sources */,
				E767AE52140D781300979A33 /* CPLinkedDictionaryKeyEnumerator.m in Sources */,
				E767AE54140D781300979A33 /* CPLinkedDictionaryValueEnumerator.m in Sources */,
				E767AE56140D781300979A33 /* CPLinkedList.m in Sources */,
				E767AE58140D781300979A33 /* CPLinkedListEnumerator.m in Sources */,
				E767AE5A140D781300979A33 /* CPLinkedMapNode.m in Sources */,
				E767AE5C140D781300979A33 /* CPLinkedNode.m in Sources */,
			);
			runOnlyForDeploymentPostprocessing = 0;
		};
		E767AE6F140D7AFA00979A33 /* Sources */ = {
			isa = PBXSourcesBuildPhase;
			buildActionMask = 2147483647;
			files = (
				E767AE89140D7B5000979A33 /* CPLinkedDictionary.m in Sources */,
				E767AE8B140D7B5000979A33 /* CPLinkedList.m in Sources */,
				E767AE8D140D7B5000979A33 /* CPLinkedMapNode.m in Sources */,
				E767AE8F140D7B5000979A33 /* CPLinkedNode.m in Sources */,
				E767AE92140D7B5000979A33 /* CPLinkedDictionaryEnumerator.m in Sources */,
				E767AE94140D7B5000979A33 /* CPLinkedDictionaryKeyEnumerator.m in Sources */,
				E767AE96140D7B5000979A33 /* CPLinkedDictionaryValueEnumerator.m in Sources */,
				E767AE98140D7B5000979A33 /* CPLinkedListEnumerator.m in Sources */,
				E767AE9A140D7B5000979A33 /* CPLeastRecentlyUsedCache.m in Sources */,
			);
			runOnlyForDeploymentPostprocessing = 0;
		};
		E767AE9B140D7BC000979A33 /* Sources */ = {
			isa = PBXSourcesBuildPhase;
			buildActionMask = 2147483647;
			files = (
				E767AEC6140D7C4300979A33 /* CPBaseTestCase.m in Sources */,
				E767AEC7140D7C4300979A33 /* GHUnitIOSTestMain.m in Sources */,
				E767AEC8140D7C4300979A33 /* LeastRecentlyUsedCacheTest.m in Sources */,
				E767AEC9140D7C4300979A33 /* LinkedDictionaryTest.m in Sources */,
				E767AECA140D7C4300979A33 /* LinkedListTest.m in Sources */,
				E767AECB140D7C4300979A33 /* LinkedMapNodeTest.m in Sources */,
				E767AECC140D7C4300979A33 /* LinkedNodeTest.m in Sources */,
			);
			runOnlyForDeploymentPostprocessing = 0;
		};
/* End PBXSourcesBuildPhase section */

/* Begin PBXTargetDependency section */
		E767AE6C140D790A00979A33 /* PBXTargetDependency */ = {
			isa = PBXTargetDependency;
			target = E767AE3C140D77D600979A33 /* CacaoPods */;
			targetProxy = E767AE6B140D790A00979A33 /* PBXContainerItemProxy */;
		};
		E767AF10140E823500979A33 /* PBXTargetDependency */ = {
			isa = PBXTargetDependency;
			target = E767AE74140D7AFA00979A33 /* iCacaoPods */;
			targetProxy = E767AF0F140E823500979A33 /* PBXContainerItemProxy */;
		};
/* End PBXTargetDependency section */

/* Begin XCBuildConfiguration section */
		E767ADC4140D6D9F00979A33 /* Debug */ = {
			isa = XCBuildConfiguration;
			buildSettings = {
				ALWAYS_SEARCH_USER_PATHS = NO;
				COPY_PHASE_STRIP = NO;
				FRAMEWORK_SEARCH_PATHS = (
					"$(inherited)",
					"\"$(SRCROOT)/Frameworks\"",
				);
				GCC_DYNAMIC_NO_PIC = NO;
				GCC_ENABLE_OBJC_EXCEPTIONS = YES;
				GCC_PRECOMPILE_PREFIX_HEADER = NO;
				GCC_PREFIX_HEADER = "";
				INFOPLIST_FILE = "CacaoPodsTest/CacaoPodsTest-Info.plist";
				ONLY_ACTIVE_ARCH = NO;
				PRODUCT_NAME = "$(TARGET_NAME)";
				WRAPPER_EXTENSION = app;
			};
			name = Debug;
		};
		E767ADC5140D6D9F00979A33 /* Release */ = {
			isa = XCBuildConfiguration;
			buildSettings = {
				ALWAYS_SEARCH_USER_PATHS = NO;
				COPY_PHASE_STRIP = YES;
				DEBUG_INFORMATION_FORMAT = "dwarf-with-dsym";
				FRAMEWORK_SEARCH_PATHS = (
					"$(inherited)",
					"\"$(SRCROOT)/Frameworks\"",
				);
				GCC_ENABLE_OBJC_EXCEPTIONS = YES;
				GCC_PRECOMPILE_PREFIX_HEADER = NO;
				GCC_PREFIX_HEADER = "";
				INFOPLIST_FILE = "CacaoPodsTest/CacaoPodsTest-Info.plist";
				ONLY_ACTIVE_ARCH = NO;
				PRODUCT_NAME = "$(TARGET_NAME)";
				WRAPPER_EXTENSION = app;
			};
			name = Release;
		};
		E767AE47140D77D600979A33 /* Debug */ = {
			isa = XCBuildConfiguration;
			buildSettings = {
				ALWAYS_SEARCH_USER_PATHS = NO;
				COPY_PHASE_STRIP = NO;
				DYLIB_COMPATIBILITY_VERSION = 1;
				DYLIB_CURRENT_VERSION = 1;
				FRAMEWORK_VERSION = A;
				GCC_DYNAMIC_NO_PIC = NO;
				GCC_ENABLE_OBJC_EXCEPTIONS = YES;
				GCC_PRECOMPILE_PREFIX_HEADER = YES;
				GCC_PREFIX_HEADER = "CacaoPods/CacaoPods-Prefix.pch";
				INFOPLIST_FILE = "CacaoPods/CacaoPods-Info.plist";
				ONLY_ACTIVE_ARCH = NO;
				PRODUCT_NAME = "$(TARGET_NAME)";
				WRAPPER_EXTENSION = framework;
			};
			name = Debug;
		};
		E767AE48140D77D600979A33 /* Release */ = {
			isa = XCBuildConfiguration;
			buildSettings = {
				ALWAYS_SEARCH_USER_PATHS = NO;
				COPY_PHASE_STRIP = YES;
				DEBUG_INFORMATION_FORMAT = "dwarf-with-dsym";
				DYLIB_COMPATIBILITY_VERSION = 1;
				DYLIB_CURRENT_VERSION = 1;
				FRAMEWORK_VERSION = A;
				GCC_ENABLE_OBJC_EXCEPTIONS = YES;
				GCC_PRECOMPILE_PREFIX_HEADER = YES;
				GCC_PREFIX_HEADER = "CacaoPods/CacaoPods-Prefix.pch";
				INFOPLIST_FILE = "CacaoPods/CacaoPods-Info.plist";
				ONLY_ACTIVE_ARCH = NO;
				PRODUCT_NAME = "$(TARGET_NAME)";
				WRAPPER_EXTENSION = framework;
			};
			name = Release;
		};
		E767AE7E140D7AFA00979A33 /* Debug */ = {
			isa = XCBuildConfiguration;
			buildSettings = {
				ALWAYS_SEARCH_USER_PATHS = NO;
				ARCHS = "$(ARCHS_STANDARD_32_BIT)";
				CONTENTS_FOLDER_PATH = "$(WRAPPER_NAME)/Versions/$(FRAMEWORK_VERSION)";
				DEAD_CODE_STRIPPING = NO;
				DEPLOYMENT_POSTPROCESSING = YES;
				DYLIB_COMPATIBILITY_VERSION = 1;
				DYLIB_CURRENT_VERSION = 1;
				FRAMEWORK_VERSION = A;
				GCC_GENERATE_DEBUGGING_SYMBOLS = NO;
				GCC_PRECOMPILE_PREFIX_HEADER = YES;
				GCC_PREFIX_HEADER = "iCacaoPods/iCacaoPods-Prefix.pch";
				GCC_VERSION = com.apple.compilers.llvmgcc42;
				INFOPLIST_FILE = "iCacaoPods/iCacaoPods-Info.plist";
				INFOPLIST_PATH = "$(UNLOCALIZED_RESOURCES_FOLDER_PATH)/Info.plist";
				INSTALL_PATH = "$(BUILT_PRODUCTS_DIR)";
				IPHONEOS_DEPLOYMENT_TARGET = 4.3;
				LINK_WITH_STANDARD_LIBRARIES = NO;
				MACH_O_TYPE = mh_object;
				ONLY_ACTIVE_ARCH = NO;
				PRODUCT_NAME = "$(TARGET_NAME)";
				SDKROOT = iphoneos;
				SKIP_INSTALL = YES;
				UNLOCALIZED_RESOURCES_FOLDER_PATH = "$(CONTENTS_FOLDER_PATH)/Resources";
				VALID_ARCHS = "armv6 armv7 i386";
				WRAPPER_EXTENSION = framework;
			};
			name = Debug;
		};
		E767AE7F140D7AFA00979A33 /* Release */ = {
			isa = XCBuildConfiguration;
			buildSettings = {
				ALWAYS_SEARCH_USER_PATHS = NO;
				ARCHS = "$(ARCHS_STANDARD_32_BIT)";
				CONTENTS_FOLDER_PATH = "$(WRAPPER_NAME)/Versions/$(FRAMEWORK_VERSION)";
				DEAD_CODE_STRIPPING = NO;
				DEPLOYMENT_POSTPROCESSING = YES;
				DYLIB_COMPATIBILITY_VERSION = 1;
				DYLIB_CURRENT_VERSION = 1;
				FRAMEWORK_VERSION = A;
				GCC_GENERATE_DEBUGGING_SYMBOLS = NO;
				GCC_PRECOMPILE_PREFIX_HEADER = YES;
				GCC_PREFIX_HEADER = "iCacaoPods/iCacaoPods-Prefix.pch";
				GCC_VERSION = com.apple.compilers.llvmgcc42;
				INFOPLIST_FILE = "iCacaoPods/iCacaoPods-Info.plist";
				INFOPLIST_PATH = "$(UNLOCALIZED_RESOURCES_FOLDER_PATH)/Info.plist";
				INSTALL_PATH = "$(BUILT_PRODUCTS_DIR)";
				IPHONEOS_DEPLOYMENT_TARGET = 4.3;
				LINK_WITH_STANDARD_LIBRARIES = NO;
				MACH_O_TYPE = mh_object;
				PRODUCT_NAME = "$(TARGET_NAME)";
				SDKROOT = iphoneos;
				SKIP_INSTALL = YES;
				UNLOCALIZED_RESOURCES_FOLDER_PATH = "$(CONTENTS_FOLDER_PATH)/Resources";
				VALID_ARCHS = "armv6 armv7 i386";
				WRAPPER_EXTENSION = framework;
			};
			name = Release;
		};
		E767AEC2140D7BC000979A33 /* Debug */ = {
			isa = XCBuildConfiguration;
			buildSettings = {
				ALWAYS_SEARCH_USER_PATHS = NO;
				ARCHS = "$(ARCHS_STANDARD_32_BIT)";
				"CODE_SIGN_IDENTITY[sdk=iphoneos*]" = "iPhone Developer";
				COPY_PHASE_STRIP = NO;
				FRAMEWORK_SEARCH_PATHS = (
					"$(inherited)",
					"\"$(SRCROOT)/Frameworks\"",
				);
				GCC_DYNAMIC_NO_PIC = NO;
				GCC_GENERATE_DEBUGGING_SYMBOLS = YES;
				GCC_PRECOMPILE_PREFIX_HEADER = NO;
				GCC_PREFIX_HEADER = "";
				GCC_VERSION = com.apple.compilers.llvmgcc42;
				INFOPLIST_FILE = "iCacaoPodsTest/iCacaoPodsTest-Info.plist";
				IPHONEOS_DEPLOYMENT_TARGET = 4.3;
				ONLY_ACTIVE_ARCH = YES;
				OTHER_LDFLAGS = (
					"-ObjC",
					"-all_load",
					"-framework",
					iCacaoPods,
				);
				PRODUCT_NAME = "$(TARGET_NAME)";
				SDKROOT = iphoneos;
				TARGETED_DEVICE_FAMILY = "1,2";
				VALID_ARCHS = "armv6 armv7 i386";
				WRAPPER_EXTENSION = app;
			};
			name = Debug;
		};
		E767AEC3140D7BC000979A33 /* Release */ = {
			isa = XCBuildConfiguration;
			buildSettings = {
				ALWAYS_SEARCH_USER_PATHS = NO;
				ARCHS = "$(ARCHS_STANDARD_32_BIT)";
				"CODE_SIGN_IDENTITY[sdk=iphoneos*]" = "iPhone Developer";
				COPY_PHASE_STRIP = YES;
				FRAMEWORK_SEARCH_PATHS = (
					"$(inherited)",
					"\"$(SRCROOT)/Frameworks\"",
				);
				GCC_GENERATE_DEBUGGING_SYMBOLS = YES;
				GCC_PRECOMPILE_PREFIX_HEADER = NO;
				GCC_PREFIX_HEADER = "";
				GCC_VERSION = com.apple.compilers.llvmgcc42;
				INFOPLIST_FILE = "iCacaoPodsTest/iCacaoPodsTest-Info.plist";
				IPHONEOS_DEPLOYMENT_TARGET = 4.3;
				ONLY_ACTIVE_ARCH = NO;
				OTHER_CFLAGS = "-DNS_BLOCK_ASSERTIONS=1";
				OTHER_LDFLAGS = (
					"-ObjC",
					"-all_load",
					"-framework",
					iCacaoPods,
				);
				PRODUCT_NAME = "$(TARGET_NAME)";
				SDKROOT = iphoneos;
				TARGETED_DEVICE_FAMILY = "1,2";
				VALIDATE_PRODUCT = YES;
				VALID_ARCHS = "armv6 armv7 i386";
				WRAPPER_EXTENSION = app;
			};
			name = Release;
		};
		E790C70F140D6BCA00DE54D8 /* Debug */ = {
			isa = XCBuildConfiguration;
			buildSettings = {
				ARCHS = "$(ARCHS_STANDARD_32_64_BIT)";
				GCC_C_LANGUAGE_STANDARD = gnu99;
				GCC_OPTIMIZATION_LEVEL = 0;
				GCC_PREPROCESSOR_DEFINITIONS = DEBUG;
				GCC_SYMBOLS_PRIVATE_EXTERN = NO;
				GCC_VERSION = com.apple.compilers.llvm.clang.1_0;
				GCC_WARN_64_TO_32_BIT_CONVERSION = YES;
				GCC_WARN_ABOUT_RETURN_TYPE = YES;
				GCC_WARN_UNUSED_VARIABLE = YES;
				IPHONEOS_DEPLOYMENT_TARGET = 4.0;
				MACOSX_DEPLOYMENT_TARGET = 10.6;
				ONLY_ACTIVE_ARCH = YES;
				SDKROOT = macosx;
			};
			name = Debug;
		};
		E790C710140D6BCA00DE54D8 /* Release */ = {
			isa = XCBuildConfiguration;
			buildSettings = {
				ARCHS = "$(ARCHS_STANDARD_32_64_BIT)";
				GCC_C_LANGUAGE_STANDARD = gnu99;
				GCC_VERSION = com.apple.compilers.llvm.clang.1_0;
				GCC_WARN_64_TO_32_BIT_CONVERSION = YES;
				GCC_WARN_ABOUT_RETURN_TYPE = YES;
				GCC_WARN_UNUSED_VARIABLE = YES;
				IPHONEOS_DEPLOYMENT_TARGET = 4.0;
				MACOSX_DEPLOYMENT_TARGET = 10.6;
				SDKROOT = macosx;
			};
			name = Release;
		};
/* End XCBuildConfiguration section */

/* Begin XCConfigurationList section */
		E767ADC3140D6D9F00979A33 /* Build configuration list for PBXNativeTarget "CacaoPodsTest" */ = {
			isa = XCConfigurationList;
			buildConfigurations = (
				E767ADC4140D6D9F00979A33 /* Debug */,
				E767ADC5140D6D9F00979A33 /* Release */,
			);
			defaultConfigurationIsVisible = 0;
			defaultConfigurationName = Release;
		};
		E767AE46140D77D600979A33 /* Build configuration list for PBXNativeTarget "CacaoPods" */ = {
			isa = XCConfigurationList;
			buildConfigurations = (
				E767AE47140D77D600979A33 /* Debug */,
				E767AE48140D77D600979A33 /* Release */,
			);
			defaultConfigurationIsVisible = 0;
			defaultConfigurationName = Release;
		};
		E767AE7D140D7AFA00979A33 /* Build configuration list for PBXNativeTarget "iCacaoPods" */ = {
			isa = XCConfigurationList;
			buildConfigurations = (
				E767AE7E140D7AFA00979A33 /* Debug */,
				E767AE7F140D7AFA00979A33 /* Release */,
			);
			defaultConfigurationIsVisible = 0;
			defaultConfigurationName = Release;
		};
		E767AEC1140D7BC000979A33 /* Build configuration list for PBXNativeTarget "iCacaoPodsTest" */ = {
			isa = XCConfigurationList;
			buildConfigurations = (
				E767AEC2140D7BC000979A33 /* Debug */,
				E767AEC3140D7BC000979A33 /* Release */,
			);
			defaultConfigurationIsVisible = 0;
			defaultConfigurationName = Release;
		};
		E790C6FD140D6BCA00DE54D8 /* Build configuration list for PBXProject "CacaoPods" */ = {
			isa = XCConfigurationList;
			buildConfigurations = (
				E790C70F140D6BCA00DE54D8 /* Debug */,
				E790C710140D6BCA00DE54D8 /* Release */,
			);
			defaultConfigurationIsVisible = 0;
			defaultConfigurationName = Release;
		};
/* End XCConfigurationList section */
	};
	rootObject = E790C6FA140D6BCA00DE54D8 /* Project object */;
}
