// !$*UTF8*$!
{
	archiveVersion = 1;
	classes = {
	};
	objectVersion = 45;
	objects = {

/* Begin PBXBuildFile section */
		C451C0A71313E43700955481 /* GHUnit.framework in Frameworks */ = {isa = PBXBuildFile; fileRef = C451C0A61313E43700955481 /* GHUnit.framework */; };
		C451C0B01313E50F00955481 /* LinkedListTest.m in Sources */ = {isa = PBXBuildFile; fileRef = C4F38FD113136C7E002B13B9 /* LinkedListTest.m */; };
		C451C0B21313E50F00955481 /* LinkedNodeTest.m in Sources */ = {isa = PBXBuildFile; fileRef = C451BFEA1313725500955481 /* LinkedNodeTest.m */; };
		C451C0B31313E50F00955481 /* GHUnitTestMain.m in Sources */ = {isa = PBXBuildFile; fileRef = C451C0AC1313E4DB00955481 /* GHUnitTestMain.m */; };
		C451C15D1314C02E00955481 /* libCacaoPods.a in Frameworks */ = {isa = PBXBuildFile; fileRef = D2AAC07E0554694100DB518D /* libCacaoPods.a */; };
		C4D2DD01132C32E800799EE8 /* CPLinkedDictionary.h in Headers */ = {isa = PBXBuildFile; fileRef = C4D2DCFF132C32E800799EE8 /* CPLinkedDictionary.h */; };
		C4D2DD02132C32E800799EE8 /* CPLinkedDictionary.m in Sources */ = {isa = PBXBuildFile; fileRef = C4D2DD00132C32E800799EE8 /* CPLinkedDictionary.m */; };
		C4D2DD60132C700300799EE8 /* CPLinkedMapNode.h in Headers */ = {isa = PBXBuildFile; fileRef = C4D2DD5E132C700300799EE8 /* CPLinkedMapNode.h */; };
		C4D2DD61132C700300799EE8 /* CPLinkedMapNode.m in Sources */ = {isa = PBXBuildFile; fileRef = C4D2DD5F132C700300799EE8 /* CPLinkedMapNode.m */; };
		C4D2DD7E132C778F00799EE8 /* LinkedDictionaryTest.m in Sources */ = {isa = PBXBuildFile; fileRef = C4D2DD34132C64A500799EE8 /* LinkedDictionaryTest.m */; };
		C4D2DD7F132C778F00799EE8 /* LinkedMapNodeTest.m in Sources */ = {isa = PBXBuildFile; fileRef = C4D2DD73132C761800799EE8 /* LinkedMapNodeTest.m */; };
		C4D2DE43132D082C00799EE8 /* CPBaseTestCase.h in Headers */ = {isa = PBXBuildFile; fileRef = C4D2DE41132D082C00799EE8 /* CPBaseTestCase.h */; };
		C4D2DE44132D082C00799EE8 /* CPBaseTestCase.m in Sources */ = {isa = PBXBuildFile; fileRef = C4D2DE42132D082C00799EE8 /* CPBaseTestCase.m */; };
		C4D2DF9B133424AD00799EE8 /* CPLeastRecentlyUsedCache.h in Headers */ = {isa = PBXBuildFile; fileRef = C4D2DF99133424AD00799EE8 /* CPLeastRecentlyUsedCache.h */; };
		C4D2DF9C133424AD00799EE8 /* CPLeastRecentlyUsedCache.m in Sources */ = {isa = PBXBuildFile; fileRef = C4D2DF9A133424AD00799EE8 /* CPLeastRecentlyUsedCache.m */; };
		C4F38F6F13135136002B13B9 /* CPLinkedList.h in Headers */ = {isa = PBXBuildFile; fileRef = C4F38F6813135136002B13B9 /* CPLinkedList.h */; };
		C4F38F7013135136002B13B9 /* CPLinkedList.m in Sources */ = {isa = PBXBuildFile; fileRef = C4F38F6913135136002B13B9 /* CPLinkedList.m */; };
		C4F38F7113135136002B13B9 /* CPList.h in Headers */ = {isa = PBXBuildFile; fileRef = C4F38F6A13135136002B13B9 /* CPList.h */; };
		C4F38F7213135136002B13B9 /* CPMap.h in Headers */ = {isa = PBXBuildFile; fileRef = C4F38F6B13135136002B13B9 /* CPMap.h */; };
		C4F38F7413135136002B13B9 /* CPQueue.h in Headers */ = {isa = PBXBuildFile; fileRef = C4F38F6D13135136002B13B9 /* CPQueue.h */; };
		C4F38F7513135136002B13B9 /* CPSet.h in Headers */ = {isa = PBXBuildFile; fileRef = C4F38F6E13135136002B13B9 /* CPSet.h */; };
		C4F38F7713135157002B13B9 /* CPMutableList.h in Headers */ = {isa = PBXBuildFile; fileRef = C4F38F7613135157002B13B9 /* CPMutableList.h */; };
		C4F38F8813135708002B13B9 /* CPLinkedNode.h in Headers */ = {isa = PBXBuildFile; fileRef = C4F38F8613135708002B13B9 /* CPLinkedNode.h */; };
		C4F38F8913135708002B13B9 /* CPLinkedNode.m in Sources */ = {isa = PBXBuildFile; fileRef = C4F38F8713135708002B13B9 /* CPLinkedNode.m */; };
		D2AAC088055469A000DB518D /* Cocoa.framework in Frameworks */ = {isa = PBXBuildFile; fileRef = 1058C7B1FEA5585E11CA2CBB /* Cocoa.framework */; };
/* End PBXBuildFile section */

/* Begin PBXContainerItemProxy section */
		C451C15B1314C02700955481 /* PBXContainerItemProxy */ = {
			isa = PBXContainerItemProxy;
			containerPortal = 0867D690FE84028FC02AAC07 /* Project object */;
			proxyType = 1;
			remoteGlobalIDString = D2AAC07D0554694100DB518D;
			remoteInfo = CacaoPods;
		};
/* End PBXContainerItemProxy section */

/* Begin PBXFileReference section */
		0867D69BFE84028FC02AAC07 /* Foundation.framework */ = {isa = PBXFileReference; lastKnownFileType = wrapper.framework; name = Foundation.framework; path = /System/Library/Frameworks/Foundation.framework; sourceTree = "<absolute>"; };
		0867D6A5FE840307C02AAC07 /* AppKit.framework */ = {isa = PBXFileReference; lastKnownFileType = wrapper.framework; name = AppKit.framework; path = /System/Library/Frameworks/AppKit.framework; sourceTree = "<absolute>"; };
		1058C7B1FEA5585E11CA2CBB /* Cocoa.framework */ = {isa = PBXFileReference; lastKnownFileType = wrapper.framework; name = Cocoa.framework; path = /System/Library/Frameworks/Cocoa.framework; sourceTree = "<absolute>"; };
		32DBCF5E0370ADEE00C91783 /* CacaoPods_Prefix.pch */ = {isa = PBXFileReference; fileEncoding = 4; lastKnownFileType = sourcecode.c.h; path = CacaoPods_Prefix.pch; sourceTree = "<group>"; };
		C451BFEA1313725500955481 /* LinkedNodeTest.m */ = {isa = PBXFileReference; fileEncoding = 4; lastKnownFileType = sourcecode.c.objc; path = LinkedNodeTest.m; sourceTree = "<group>"; };
		C451C09C1313E41F00955481 /* Test.app */ = {isa = PBXFileReference; explicitFileType = wrapper.application; includeInIndex = 0; path = Test.app; sourceTree = BUILT_PRODUCTS_DIR; };
		C451C0A61313E43700955481 /* GHUnit.framework */ = {isa = PBXFileReference; lastKnownFileType = wrapper.framework; name = GHUnit.framework; path = Library/Frameworks/GHUnit.framework; sourceTree = SDKROOT; };
		C451C0AC1313E4DB00955481 /* GHUnitTestMain.m */ = {isa = PBXFileReference; fileEncoding = 4; lastKnownFileType = sourcecode.c.objc; path = GHUnitTestMain.m; sourceTree = "<group>"; };
		C4D2DCFF132C32E800799EE8 /* CPLinkedDictionary.h */ = {isa = PBXFileReference; fileEncoding = 4; lastKnownFileType = sourcecode.c.h; path = CPLinkedDictionary.h; sourceTree = "<group>"; };
		C4D2DD00132C32E800799EE8 /* CPLinkedDictionary.m */ = {isa = PBXFileReference; fileEncoding = 4; lastKnownFileType = sourcecode.c.objc; path = CPLinkedDictionary.m; sourceTree = "<group>"; };
		C4D2DD34132C64A500799EE8 /* LinkedDictionaryTest.m */ = {isa = PBXFileReference; fileEncoding = 4; lastKnownFileType = sourcecode.c.objc; path = LinkedDictionaryTest.m; sourceTree = "<group>"; };
		C4D2DD5E132C700300799EE8 /* CPLinkedMapNode.h */ = {isa = PBXFileReference; fileEncoding = 4; lastKnownFileType = sourcecode.c.h; path = CPLinkedMapNode.h; sourceTree = "<group>"; };
		C4D2DD5F132C700300799EE8 /* CPLinkedMapNode.m */ = {isa = PBXFileReference; fileEncoding = 4; lastKnownFileType = sourcecode.c.objc; path = CPLinkedMapNode.m; sourceTree = "<group>"; };
		C4D2DD73132C761800799EE8 /* LinkedMapNodeTest.m */ = {isa = PBXFileReference; fileEncoding = 4; lastKnownFileType = sourcecode.c.objc; path = LinkedMapNodeTest.m; sourceTree = "<group>"; };
		C4D2DE41132D082C00799EE8 /* CPBaseTestCase.h */ = {isa = PBXFileReference; fileEncoding = 4; lastKnownFileType = sourcecode.c.h; path = CPBaseTestCase.h; sourceTree = "<group>"; };
		C4D2DE42132D082C00799EE8 /* CPBaseTestCase.m */ = {isa = PBXFileReference; fileEncoding = 4; lastKnownFileType = sourcecode.c.objc; path = CPBaseTestCase.m; sourceTree = "<group>"; };
		C4D2DF99133424AD00799EE8 /* CPLeastRecentlyUsedCache.h */ = {isa = PBXFileReference; fileEncoding = 4; lastKnownFileType = sourcecode.c.h; path = CPLeastRecentlyUsedCache.h; sourceTree = "<group>"; };
		C4D2DF9A133424AD00799EE8 /* CPLeastRecentlyUsedCache.m */ = {isa = PBXFileReference; fileEncoding = 4; lastKnownFileType = sourcecode.c.objc; path = CPLeastRecentlyUsedCache.m; sourceTree = "<group>"; };
		C4F38F6813135136002B13B9 /* CPLinkedList.h */ = {isa = PBXFileReference; fileEncoding = 4; lastKnownFileType = sourcecode.c.h; path = CPLinkedList.h; sourceTree = "<group>"; };
		C4F38F6913135136002B13B9 /* CPLinkedList.m */ = {isa = PBXFileReference; fileEncoding = 4; lastKnownFileType = sourcecode.c.objc; path = CPLinkedList.m; sourceTree = "<group>"; };
		C4F38F6A13135136002B13B9 /* CPList.h */ = {isa = PBXFileReference; fileEncoding = 4; lastKnownFileType = sourcecode.c.h; path = CPList.h; sourceTree = "<group>"; };
		C4F38F6B13135136002B13B9 /* CPMap.h */ = {isa = PBXFileReference; fileEncoding = 4; lastKnownFileType = sourcecode.c.h; path = CPMap.h; sourceTree = "<group>"; };
		C4F38F6D13135136002B13B9 /* CPQueue.h */ = {isa = PBXFileReference; fileEncoding = 4; lastKnownFileType = sourcecode.c.h; path = CPQueue.h; sourceTree = "<group>"; };
		C4F38F6E13135136002B13B9 /* CPSet.h */ = {isa = PBXFileReference; fileEncoding = 4; lastKnownFileType = sourcecode.c.h; path = CPSet.h; sourceTree = "<group>"; };
		C4F38F7613135157002B13B9 /* CPMutableList.h */ = {isa = PBXFileReference; fileEncoding = 4; lastKnownFileType = sourcecode.c.h; path = CPMutableList.h; sourceTree = "<group>"; };
		C4F38F8613135708002B13B9 /* CPLinkedNode.h */ = {isa = PBXFileReference; fileEncoding = 4; lastKnownFileType = sourcecode.c.h; path = CPLinkedNode.h; sourceTree = "<group>"; };
		C4F38F8713135708002B13B9 /* CPLinkedNode.m */ = {isa = PBXFileReference; fileEncoding = 4; lastKnownFileType = sourcecode.c.objc; path = CPLinkedNode.m; sourceTree = "<group>"; };
		C4F38FD113136C7E002B13B9 /* LinkedListTest.m */ = {isa = PBXFileReference; fileEncoding = 4; lastKnownFileType = sourcecode.c.objc; path = LinkedListTest.m; sourceTree = "<group>"; };
		C4F38FDE13136F00002B13B9 /* Test-Info.plist */ = {isa = PBXFileReference; lastKnownFileType = text.plist.xml; path = "Test-Info.plist"; sourceTree = "<group>"; };
		D2AAC07E0554694100DB518D /* libCacaoPods.a */ = {isa = PBXFileReference; explicitFileType = archive.ar; includeInIndex = 0; path = libCacaoPods.a; sourceTree = BUILT_PRODUCTS_DIR; };
		D2F7E8BE07B2D77200F64583 /* CoreData.framework */ = {isa = PBXFileReference; lastKnownFileType = wrapper.framework; name = CoreData.framework; path = /System/Library/Frameworks/CoreData.framework; sourceTree = "<absolute>"; };
		E76826E0131D9D6400A963FB /* CPCollection.h */ = {isa = PBXFileReference; fileEncoding = 4; lastKnownFileType = sourcecode.c.h; path = CPCollection.h; sourceTree = "<group>"; };
		E7682721131DA26200A963FB /* CPDeque.h */ = {isa = PBXFileReference; fileEncoding = 4; lastKnownFileType = sourcecode.c.h; path = CPDeque.h; sourceTree = "<group>"; };
/* End PBXFileReference section */

/* Begin PBXFrameworksBuildPhase section */
		C451C09A1313E41F00955481 /* Frameworks */ = {
			isa = PBXFrameworksBuildPhase;
			buildActionMask = 2147483647;
			files = (
				C451C0A71313E43700955481 /* GHUnit.framework in Frameworks */,
				C451C15D1314C02E00955481 /* libCacaoPods.a in Frameworks */,
			);
			runOnlyForDeploymentPostprocessing = 0;
		};
		D2AAC07C0554694100DB518D /* Frameworks */ = {
			isa = PBXFrameworksBuildPhase;
			buildActionMask = 2147483647;
			files = (
				D2AAC088055469A000DB518D /* Cocoa.framework in Frameworks */,
			);
			runOnlyForDeploymentPostprocessing = 0;
		};
/* End PBXFrameworksBuildPhase section */

/* Begin PBXGroup section */
		034768DFFF38A50411DB9C8B /* Products */ = {
			isa = PBXGroup;
			children = (
				D2AAC07E0554694100DB518D /* libCacaoPods.a */,
				C451C09C1313E41F00955481 /* Test.app */,
			);
			name = Products;
			sourceTree = "<group>";
		};
		0867D691FE84028FC02AAC07 /* CacaoPods */ = {
			isa = PBXGroup;
			children = (
				C4F38F6713135136002B13B9 /* Classes */,
				C4F38FCF13136C36002B13B9 /* Tests */,
				32C88DFF0371C24200C91783 /* Other Sources */,
				0867D69AFE84028FC02AAC07 /* External Frameworks and Libraries */,
				034768DFFF38A50411DB9C8B /* Products */,
				C4F38FDE13136F00002B13B9 /* Test-Info.plist */,
				C451C0A61313E43700955481 /* GHUnit.framework */,
			);
			name = CacaoPods;
			sourceTree = "<group>";
		};
		0867D69AFE84028FC02AAC07 /* External Frameworks and Libraries */ = {
			isa = PBXGroup;
			children = (
				1058C7B0FEA5585E11CA2CBB /* Linked Frameworks */,
				1058C7B2FEA5585E11CA2CBB /* Other Frameworks */,
			);
			name = "External Frameworks and Libraries";
			sourceTree = "<group>";
		};
		1058C7B0FEA5585E11CA2CBB /* Linked Frameworks */ = {
			isa = PBXGroup;
			children = (
				1058C7B1FEA5585E11CA2CBB /* Cocoa.framework */,
			);
			name = "Linked Frameworks";
			sourceTree = "<group>";
		};
		1058C7B2FEA5585E11CA2CBB /* Other Frameworks */ = {
			isa = PBXGroup;
			children = (
				0867D6A5FE840307C02AAC07 /* AppKit.framework */,
				D2F7E8BE07B2D77200F64583 /* CoreData.framework */,
				0867D69BFE84028FC02AAC07 /* Foundation.framework */,
			);
			name = "Other Frameworks";
			sourceTree = "<group>";
		};
		32C88DFF0371C24200C91783 /* Other Sources */ = {
			isa = PBXGroup;
			children = (
				32DBCF5E0370ADEE00C91783 /* CacaoPods_Prefix.pch */,
			);
			name = "Other Sources";
			sourceTree = "<group>";
		};
		C4D2DD55132C6EC800799EE8 /* node */ = {
			isa = PBXGroup;
			children = (
				C4F38F8613135708002B13B9 /* CPLinkedNode.h */,
				C4F38F8713135708002B13B9 /* CPLinkedNode.m */,
				C4D2DD5E132C700300799EE8 /* CPLinkedMapNode.h */,
				C4D2DD5F132C700300799EE8 /* CPLinkedMapNode.m */,
			);
			name = node;
			sourceTree = "<group>";
		};
		C4D2DF981334247900799EE8 /* cache */ = {
			isa = PBXGroup;
			children = (
				C4D2DF99133424AD00799EE8 /* CPLeastRecentlyUsedCache.h */,
				C4D2DF9A133424AD00799EE8 /* CPLeastRecentlyUsedCache.m */,
			);
			name = cache;
			sourceTree = "<group>";
		};
		C4D2DF9D133425A700799EE8 /* enumerator */ = {
			isa = PBXGroup;
			children = (
			);
			name = enumerator;
			sourceTree = "<group>";
		};
		C4F38F6713135136002B13B9 /* Classes */ = {
			isa = PBXGroup;
			children = (
				C4F38F7C131351BC002B13B9 /* base */,
				C4F38F7D131351E0002B13B9 /* mutable */,
				C4D2DD55132C6EC800799EE8 /* node */,
				C4D2DF9D133425A700799EE8 /* enumerator */,
				C4D2DF981334247900799EE8 /* cache */,
			);
			path = Classes;
			sourceTree = "<group>";
		};
		C4F38F7813135160002B13B9 /* immutable */ = {
			isa = PBXGroup;
			children = (
				C4F38F6A13135136002B13B9 /* CPList.h */,
				C4F38F6B13135136002B13B9 /* CPMap.h */,
				C4F38F6E13135136002B13B9 /* CPSet.h */,
			);
			name = immutable;
			sourceTree = "<group>";
		};
		C4F38F7913135168002B13B9 /* mutable */ = {
			isa = PBXGroup;
			children = (
				E7682721131DA26200A963FB /* CPDeque.h */,
				C4F38F6D13135136002B13B9 /* CPQueue.h */,
				C4F38F7613135157002B13B9 /* CPMutableList.h */,
			);
			name = mutable;
			sourceTree = "<group>";
		};
		C4F38F7C131351BC002B13B9 /* base */ = {
			isa = PBXGroup;
			children = (
				C4F38F7813135160002B13B9 /* immutable */,
				C4F38F7913135168002B13B9 /* mutable */,
				E76826E0131D9D6400A963FB /* CPCollection.h */,
			);
			name = base;
			sourceTree = "<group>";
		};
		C4F38F7D131351E0002B13B9 /* mutable */ = {
			isa = PBXGroup;
			children = (
				C4F38F6813135136002B13B9 /* CPLinkedList.h */,
				C4F38F6913135136002B13B9 /* CPLinkedList.m */,
				C4D2DCFF132C32E800799EE8 /* CPLinkedDictionary.h */,
				C4D2DD00132C32E800799EE8 /* CPLinkedDictionary.m */,
			);
			name = mutable;
			sourceTree = "<group>";
		};
		C4F38FCF13136C36002B13B9 /* Tests */ = {
			isa = PBXGroup;
			children = (
				C4D2DE41132D082C00799EE8 /* CPBaseTestCase.h */,
				C4D2DE42132D082C00799EE8 /* CPBaseTestCase.m */,
				C4D2DD34132C64A500799EE8 /* LinkedDictionaryTest.m */,
				C4F38FD113136C7E002B13B9 /* LinkedListTest.m */,
				C4D2DD73132C761800799EE8 /* LinkedMapNodeTest.m */,
				C451BFEA1313725500955481 /* LinkedNodeTest.m */,
				C451C0AC1313E4DB00955481 /* GHUnitTestMain.m */,
			);
			path = Tests;
			sourceTree = "<group>";
		};
/* End PBXGroup section */

/* Begin PBXHeadersBuildPhase section */
		D2AAC07A0554694100DB518D /* Headers */ = {
			isa = PBXHeadersBuildPhase;
			buildActionMask = 2147483647;
			files = (
				C4F38F6F13135136002B13B9 /* CPLinkedList.h in Headers */,
				C4F38F7113135136002B13B9 /* CPList.h in Headers */,
				C4F38F7213135136002B13B9 /* CPMap.h in Headers */,
				C4F38F7413135136002B13B9 /* CPQueue.h in Headers */,
				C4F38F7513135136002B13B9 /* CPSet.h in Headers */,
				C4F38F7713135157002B13B9 /* CPMutableList.h in Headers */,
				C4F38F8813135708002B13B9 /* CPLinkedNode.h in Headers */,
				C4D2DD01132C32E800799EE8 /* CPLinkedDictionary.h in Headers */,
				C4D2DD60132C700300799EE8 /* CPLinkedMapNode.h in Headers */,
				C4D2DE43132D082C00799EE8 /* CPBaseTestCase.h in Headers */,
				C4D2DF9B133424AD00799EE8 /* CPLeastRecentlyUsedCache.h in Headers */,
			);
			runOnlyForDeploymentPostprocessing = 0;
		};
/* End PBXHeadersBuildPhase section */

/* Begin PBXNativeTarget section */
		C451C09B1313E41F00955481 /* Test */ = {
			isa = PBXNativeTarget;
			buildConfigurationList = C451C0A51313E42300955481 /* Build configuration list for PBXNativeTarget "Test" */;
			buildPhases = (
				C451C0981313E41F00955481 /* Resources */,
				C451C0991313E41F00955481 /* Sources */,
				C451C09A1313E41F00955481 /* Frameworks */,
			);
			buildRules = (
			);
			dependencies = (
				C451C15C1314C02700955481 /* PBXTargetDependency */,
			);
			name = Test;
			productName = Test;
			productReference = C451C09C1313E41F00955481 /* Test.app */;
			productType = "com.apple.product-type.application";
		};
		D2AAC07D0554694100DB518D /* CacaoPods */ = {
			isa = PBXNativeTarget;
			buildConfigurationList = 1DEB921E08733DC00010E9CD /* Build configuration list for PBXNativeTarget "CacaoPods" */;
			buildPhases = (
				D2AAC07A0554694100DB518D /* Headers */,
				D2AAC07B0554694100DB518D /* Sources */,
				D2AAC07C0554694100DB518D /* Frameworks */,
			);
			buildRules = (
			);
			dependencies = (
			);
			name = CacaoPods;
			productName = CacaoPods;
			productReference = D2AAC07E0554694100DB518D /* libCacaoPods.a */;
			productType = "com.apple.product-type.library.static";
		};
/* End PBXNativeTarget section */

/* Begin PBXProject section */
		0867D690FE84028FC02AAC07 /* Project object */ = {
			isa = PBXProject;
			buildConfigurationList = 1DEB922208733DC00010E9CD /* Build configuration list for PBXProject "CacaoPods" */;
			compatibilityVersion = "Xcode 3.1";
			hasScannedForEncodings = 1;
			knownRegions = (
				English,
				Japanese,
				French,
				German,
			);
			mainGroup = 0867D691FE84028FC02AAC07 /* CacaoPods */;
			productRefGroup = 034768DFFF38A50411DB9C8B /* Products */;
			projectDirPath = "";
			projectRoot = "";
			targets = (
				D2AAC07D0554694100DB518D /* CacaoPods */,
				C451C09B1313E41F00955481 /* Test */,
			);
		};
/* End PBXProject section */

/* Begin PBXResourcesBuildPhase section */
		C451C0981313E41F00955481 /* Resources */ = {
			isa = PBXResourcesBuildPhase;
			buildActionMask = 2147483647;
			files = (
			);
			runOnlyForDeploymentPostprocessing = 0;
		};
/* End PBXResourcesBuildPhase section */

/* Begin PBXSourcesBuildPhase section */
		C451C0991313E41F00955481 /* Sources */ = {
			isa = PBXSourcesBuildPhase;
			buildActionMask = 2147483647;
			files = (
				C4D2DD7E132C778F00799EE8 /* LinkedDictionaryTest.m in Sources */,
				C451C0B01313E50F00955481 /* LinkedListTest.m in Sources */,
				C4D2DD7F132C778F00799EE8 /* LinkedMapNodeTest.m in Sources */,
				C451C0B21313E50F00955481 /* LinkedNodeTest.m in Sources */,
				C451C0B31313E50F00955481 /* GHUnitTestMain.m in Sources */,
			);
			runOnlyForDeploymentPostprocessing = 0;
		};
		D2AAC07B0554694100DB518D /* Sources */ = {
			isa = PBXSourcesBuildPhase;
			buildActionMask = 2147483647;
			files = (
				C4F38F7013135136002B13B9 /* CPLinkedList.m in Sources */,
				C4F38F8913135708002B13B9 /* CPLinkedNode.m in Sources */,
				C4D2DD02132C32E800799EE8 /* CPLinkedDictionary.m in Sources */,
				C4D2DD61132C700300799EE8 /* CPLinkedMapNode.m in Sources */,
				C4D2DE44132D082C00799EE8 /* CPBaseTestCase.m in Sources */,
				C4D2DF9C133424AD00799EE8 /* CPLeastRecentlyUsedCache.m in Sources */,
			);
			runOnlyForDeploymentPostprocessing = 0;
		};
/* End PBXSourcesBuildPhase section */

/* Begin PBXTargetDependency section */
		C451C15C1314C02700955481 /* PBXTargetDependency */ = {
			isa = PBXTargetDependency;
			target = D2AAC07D0554694100DB518D /* CacaoPods */;
			targetProxy = C451C15B1314C02700955481 /* PBXContainerItemProxy */;
		};
/* End PBXTargetDependency section */

/* Begin XCBuildConfiguration section */
		1DEB921F08733DC00010E9CD /* Debug */ = {
			isa = XCBuildConfiguration;
			buildSettings = {
				ALWAYS_SEARCH_USER_PATHS = NO;
				ARCHS = "$(ARCHS_STANDARD_32_64_BIT)";
				COPY_PHASE_STRIP = NO;
				GCC_DYNAMIC_NO_PIC = NO;
				GCC_ENABLE_FIX_AND_CONTINUE = YES;
				GCC_MODEL_TUNING = G5;
				GCC_OPTIMIZATION_LEVEL = 0;
				GCC_PRECOMPILE_PREFIX_HEADER = YES;
				GCC_PREFIX_HEADER = CacaoPods_Prefix.pch;
				INSTALL_PATH = /usr/local/lib;
				ONLY_ACTIVE_ARCH = YES;
				PRODUCT_NAME = CacaoPods;
			};
			name = Debug;
		};
		1DEB922008733DC00010E9CD /* Release */ = {
			isa = XCBuildConfiguration;
			buildSettings = {
				ALWAYS_SEARCH_USER_PATHS = NO;
				ARCHS = "$(ARCHS_STANDARD_32_BIT)";
				DEBUG_INFORMATION_FORMAT = "dwarf-with-dsym";
				GCC_MODEL_TUNING = G5;
				GCC_PRECOMPILE_PREFIX_HEADER = YES;
				GCC_PREFIX_HEADER = CacaoPods_Prefix.pch;
				INSTALL_PATH = /usr/local/lib;
				PRODUCT_NAME = CacaoPods;
			};
			name = Release;
		};
		1DEB922308733DC00010E9CD /* Debug */ = {
			isa = XCBuildConfiguration;
			buildSettings = {
				ARCHS = "$(ARCHS_STANDARD_32_64_BIT)";
				GCC_C_LANGUAGE_STANDARD = gnu99;
				GCC_OPTIMIZATION_LEVEL = 0;
				GCC_WARN_ABOUT_RETURN_TYPE = YES;
				GCC_WARN_UNUSED_VARIABLE = YES;
				ONLY_ACTIVE_ARCH = YES;
				PREBINDING = NO;
				SDKROOT = macosx10.6;
			};
			name = Debug;
		};
		1DEB922408733DC00010E9CD /* Release */ = {
			isa = XCBuildConfiguration;
			buildSettings = {
				ARCHS = "$(ARCHS_STANDARD_32_64_BIT)";
				GCC_C_LANGUAGE_STANDARD = gnu99;
				GCC_WARN_ABOUT_RETURN_TYPE = YES;
				GCC_WARN_UNUSED_VARIABLE = YES;
				PREBINDING = NO;
				SDKROOT = macosx10.6;
			};
			name = Release;
		};
		C451C09E1313E42000955481 /* Debug */ = {
			isa = XCBuildConfiguration;
			buildSettings = {
				ALWAYS_SEARCH_USER_PATHS = NO;
				COPY_PHASE_STRIP = NO;
				GCC_DYNAMIC_NO_PIC = NO;
				GCC_ENABLE_FIX_AND_CONTINUE = YES;
				GCC_MODEL_TUNING = G5;
				GCC_OPTIMIZATION_LEVEL = 0;
				GCC_PRECOMPILE_PREFIX_HEADER = YES;
				GCC_PREFIX_HEADER = "$(SYSTEM_LIBRARY_DIR)/Frameworks/AppKit.framework/Headers/AppKit.h";
				INFOPLIST_FILE = "Test-Info.plist";
				INSTALL_PATH = "$(HOME)/Applications";
				OTHER_LDFLAGS = (
					"-framework",
					Foundation,
					"-framework",
					AppKit,
				);
				PREBINDING = NO;
				PRODUCT_NAME = Test;
			};
			name = Debug;
		};
		C451C09F1313E42000955481 /* Release */ = {
			isa = XCBuildConfiguration;
			buildSettings = {
				ALWAYS_SEARCH_USER_PATHS = NO;
				COPY_PHASE_STRIP = YES;
				DEBUG_INFORMATION_FORMAT = "dwarf-with-dsym";
				GCC_ENABLE_FIX_AND_CONTINUE = NO;
				GCC_MODEL_TUNING = G5;
				GCC_PRECOMPILE_PREFIX_HEADER = YES;
				GCC_PREFIX_HEADER = "$(SYSTEM_LIBRARY_DIR)/Frameworks/AppKit.framework/Headers/AppKit.h";
				INFOPLIST_FILE = "Test-Info.plist";
				INSTALL_PATH = "$(HOME)/Applications";
				OTHER_LDFLAGS = (
					"-framework",
					Foundation,
					"-framework",
					AppKit,
				);
				PREBINDING = NO;
				PRODUCT_NAME = Test;
				ZERO_LINK = NO;
			};
			name = Release;
		};
/* End XCBuildConfiguration section */

/* Begin XCConfigurationList section */
		1DEB921E08733DC00010E9CD /* Build configuration list for PBXNativeTarget "CacaoPods" */ = {
			isa = XCConfigurationList;
			buildConfigurations = (
				1DEB921F08733DC00010E9CD /* Debug */,
				1DEB922008733DC00010E9CD /* Release */,
			);
			defaultConfigurationIsVisible = 0;
			defaultConfigurationName = Release;
		};
		1DEB922208733DC00010E9CD /* Build configuration list for PBXProject "CacaoPods" */ = {
			isa = XCConfigurationList;
			buildConfigurations = (
				1DEB922308733DC00010E9CD /* Debug */,
				1DEB922408733DC00010E9CD /* Release */,
			);
			defaultConfigurationIsVisible = 0;
			defaultConfigurationName = Release;
		};
		C451C0A51313E42300955481 /* Build configuration list for PBXNativeTarget "Test" */ = {
			isa = XCConfigurationList;
			buildConfigurations = (
				C451C09E1313E42000955481 /* Debug */,
				C451C09F1313E42000955481 /* Release */,
			);
			defaultConfigurationIsVisible = 0;
			defaultConfigurationName = Release;
		};
/* End XCConfigurationList section */
	};
	rootObject = 0867D690FE84028FC02AAC07 /* Project object */;
}
