// !$*UTF8*$!
{
	archiveVersion = 1;
	classes = {
	};
	objectVersion = 45;
	objects = {

/* Begin PBXBuildFile section */
		C407E183133E9F44005F9BDD /* CPLeastRecentlyUsedCache.h in Headers */ = {isa = PBXBuildFile; fileRef = C4D2DF99133424AD00799EE8 /* CPLeastRecentlyUsedCache.h */; };
		C407E184133E9F44005F9BDD /* CPLinkedDictionary.h in Headers */ = {isa = PBXBuildFile; fileRef = C4D2DCFF132C32E800799EE8 /* CPLinkedDictionary.h */; };
		C407E185133E9F44005F9BDD /* CPLinkedDictionaryEnumerator.h in Headers */ = {isa = PBXBuildFile; fileRef = C45000121336981A00F999C4 /* CPLinkedDictionaryEnumerator.h */; };
		C407E186133E9F44005F9BDD /* CPLinkedDictionaryKeyEnumerator.h in Headers */ = {isa = PBXBuildFile; fileRef = C4500016133698F600F999C4 /* CPLinkedDictionaryKeyEnumerator.h */; };
		C407E187133E9F44005F9BDD /* CPLinkedDictionaryValueEnumerator.h in Headers */ = {isa = PBXBuildFile; fileRef = C450001A1336990400F999C4 /* CPLinkedDictionaryValueEnumerator.h */; };
		C407E188133E9F44005F9BDD /* CPLinkedList.h in Headers */ = {isa = PBXBuildFile; fileRef = C4F38F6813135136002B13B9 /* CPLinkedList.h */; };
		C407E189133E9F44005F9BDD /* CPLinkedListEnumerator.h in Headers */ = {isa = PBXBuildFile; fileRef = C450FFE91336484900F999C4 /* CPLinkedListEnumerator.h */; };
		C407E18A133E9F44005F9BDD /* CPLinkedMapNode.h in Headers */ = {isa = PBXBuildFile; fileRef = C4D2DD5E132C700300799EE8 /* CPLinkedMapNode.h */; };
		C407E18B133E9F44005F9BDD /* CPLinkedNode.h in Headers */ = {isa = PBXBuildFile; fileRef = C4F38F8613135708002B13B9 /* CPLinkedNode.h */; };
		C407E18C133E9F44005F9BDD /* CPList.h in Headers */ = {isa = PBXBuildFile; fileRef = C4F38F6A13135136002B13B9 /* CPList.h */; };
		C407E18D133E9F44005F9BDD /* CPMap.h in Headers */ = {isa = PBXBuildFile; fileRef = C4F38F6B13135136002B13B9 /* CPMap.h */; };
		C407E18E133E9F44005F9BDD /* CPMutableList.h in Headers */ = {isa = PBXBuildFile; fileRef = C4F38F7613135157002B13B9 /* CPMutableList.h */; };
		C407E18F133E9F44005F9BDD /* CPQueue.h in Headers */ = {isa = PBXBuildFile; fileRef = C4F38F6D13135136002B13B9 /* CPQueue.h */; };
		C407E190133E9F44005F9BDD /* CPSet.h in Headers */ = {isa = PBXBuildFile; fileRef = C4F38F6E13135136002B13B9 /* CPSet.h */; };
		C407E191133E9F44005F9BDD /* NSEnumerator+hasNext.h in Headers */ = {isa = PBXBuildFile; fileRef = C4AFA3091336ACEA00D7ECC1 /* NSEnumerator+hasNext.h */; };
		C407E192133E9F52005F9BDD /* CPLeastRecentlyUsedCache.m in Sources */ = {isa = PBXBuildFile; fileRef = C4D2DF9A133424AD00799EE8 /* CPLeastRecentlyUsedCache.m */; };
		C407E193133E9F52005F9BDD /* CPLinkedDictionary.m in Sources */ = {isa = PBXBuildFile; fileRef = C4D2DD00132C32E800799EE8 /* CPLinkedDictionary.m */; };
		C407E194133E9F52005F9BDD /* CPLinkedDictionaryEnumerator.m in Sources */ = {isa = PBXBuildFile; fileRef = C45000131336981A00F999C4 /* CPLinkedDictionaryEnumerator.m */; };
		C407E195133E9F52005F9BDD /* CPLinkedDictionaryKeyEnumerator.m in Sources */ = {isa = PBXBuildFile; fileRef = C4500017133698F600F999C4 /* CPLinkedDictionaryKeyEnumerator.m */; };
		C407E196133E9F52005F9BDD /* CPLinkedDictionaryValueEnumerator.m in Sources */ = {isa = PBXBuildFile; fileRef = C450001B1336990400F999C4 /* CPLinkedDictionaryValueEnumerator.m */; };
		C407E197133E9F52005F9BDD /* CPLinkedList.m in Sources */ = {isa = PBXBuildFile; fileRef = C4F38F6913135136002B13B9 /* CPLinkedList.m */; };
		C407E198133E9F52005F9BDD /* CPLinkedListEnumerator.m in Sources */ = {isa = PBXBuildFile; fileRef = C450FFEA1336484900F999C4 /* CPLinkedListEnumerator.m */; };
		C407E199133E9F52005F9BDD /* CPLinkedMapNode.m in Sources */ = {isa = PBXBuildFile; fileRef = C4D2DD5F132C700300799EE8 /* CPLinkedMapNode.m */; };
		C407E19A133E9F52005F9BDD /* CPLinkedNode.m in Sources */ = {isa = PBXBuildFile; fileRef = C4F38F8713135708002B13B9 /* CPLinkedNode.m */; };
		C407E1D0133EA264005F9BDD /* iCacaoPods_Prefix.pch in Headers */ = {isa = PBXBuildFile; fileRef = C407E1CE133EA264005F9BDD /* iCacaoPods_Prefix.pch */; };
		C407E1D9133EA2A4005F9BDD /* CPMacros.h in Headers */ = {isa = PBXBuildFile; fileRef = C407E1D7133EA2A4005F9BDD /* CPMacros.h */; };
		C407E437133ECAAC005F9BDD /* CPBaseTestCase.m in Sources */ = {isa = PBXBuildFile; fileRef = C4D2DE42132D082C00799EE8 /* CPBaseTestCase.m */; };
		C407E438133ECAAC005F9BDD /* LeastRecentlyUsedCacheTest.m in Sources */ = {isa = PBXBuildFile; fileRef = C450FFA813359A1100F999C4 /* LeastRecentlyUsedCacheTest.m */; };
		C407E439133ECAAC005F9BDD /* LinkedDictionaryTest.m in Sources */ = {isa = PBXBuildFile; fileRef = C4D2DD34132C64A500799EE8 /* LinkedDictionaryTest.m */; };
		C407E43A133ECAAC005F9BDD /* LinkedListTest.m in Sources */ = {isa = PBXBuildFile; fileRef = C4F38FD113136C7E002B13B9 /* LinkedListTest.m */; };
		C407E43B133ECAAC005F9BDD /* LinkedMapNodeTest.m in Sources */ = {isa = PBXBuildFile; fileRef = C4D2DD73132C761800799EE8 /* LinkedMapNodeTest.m */; };
		C407E43C133ECAAC005F9BDD /* LinkedNodeTest.m in Sources */ = {isa = PBXBuildFile; fileRef = C451BFEA1313725500955481 /* LinkedNodeTest.m */; };
		C407E43D133ECAAC005F9BDD /* GHUnitIOSTestMain.m in Sources */ = {isa = PBXBuildFile; fileRef = C407E389133EC518005F9BDD /* GHUnitIOSTestMain.m */; };
		C411FF13140B21A000D77426 /* CPMacros.h in Headers */ = {isa = PBXBuildFile; fileRef = C407E1D7133EA2A4005F9BDD /* CPMacros.h */; settings = {ATTRIBUTES = (Public, ); }; };
		C411FF14140B21A000D77426 /* CPList.h in Headers */ = {isa = PBXBuildFile; fileRef = C4F38F6A13135136002B13B9 /* CPList.h */; settings = {ATTRIBUTES = (Public, ); }; };
		C411FF15140B21A000D77426 /* CPMap.h in Headers */ = {isa = PBXBuildFile; fileRef = C4F38F6B13135136002B13B9 /* CPMap.h */; settings = {ATTRIBUTES = (Public, ); }; };
		C411FF16140B21A000D77426 /* CPSet.h in Headers */ = {isa = PBXBuildFile; fileRef = C4F38F6E13135136002B13B9 /* CPSet.h */; settings = {ATTRIBUTES = (Public, ); }; };
		C411FF17140B21A000D77426 /* CPDeque.h in Headers */ = {isa = PBXBuildFile; fileRef = E7682721131DA26200A963FB /* CPDeque.h */; settings = {ATTRIBUTES = (Public, ); }; };
		C411FF18140B21A000D77426 /* CPQueue.h in Headers */ = {isa = PBXBuildFile; fileRef = C4F38F6D13135136002B13B9 /* CPQueue.h */; settings = {ATTRIBUTES = (Public, ); }; };
		C411FF19140B21A000D77426 /* CPMutableList.h in Headers */ = {isa = PBXBuildFile; fileRef = C4F38F7613135157002B13B9 /* CPMutableList.h */; settings = {ATTRIBUTES = (Public, ); }; };
		C411FF1A140B21A000D77426 /* CPCollection.h in Headers */ = {isa = PBXBuildFile; fileRef = E76826E0131D9D6400A963FB /* CPCollection.h */; settings = {ATTRIBUTES = (Public, ); }; };
		C411FF1B140B21A000D77426 /* CPLinkedList.h in Headers */ = {isa = PBXBuildFile; fileRef = C4F38F6813135136002B13B9 /* CPLinkedList.h */; settings = {ATTRIBUTES = (Public, ); }; };
		C411FF1C140B21A000D77426 /* CPLinkedList.m in Sources */ = {isa = PBXBuildFile; fileRef = C4F38F6913135136002B13B9 /* CPLinkedList.m */; };
		C411FF1D140B21A000D77426 /* CPLinkedDictionary.h in Headers */ = {isa = PBXBuildFile; fileRef = C4D2DCFF132C32E800799EE8 /* CPLinkedDictionary.h */; settings = {ATTRIBUTES = (Public, ); }; };
		C411FF1E140B21A000D77426 /* CPLinkedDictionary.m in Sources */ = {isa = PBXBuildFile; fileRef = C4D2DD00132C32E800799EE8 /* CPLinkedDictionary.m */; };
		C411FF1F140B21A000D77426 /* CPLinkedNode.h in Headers */ = {isa = PBXBuildFile; fileRef = C4F38F8613135708002B13B9 /* CPLinkedNode.h */; settings = {ATTRIBUTES = (Public, ); }; };
		C411FF20140B21A000D77426 /* CPLinkedNode.m in Sources */ = {isa = PBXBuildFile; fileRef = C4F38F8713135708002B13B9 /* CPLinkedNode.m */; };
		C411FF21140B21A000D77426 /* CPLinkedMapNode.h in Headers */ = {isa = PBXBuildFile; fileRef = C4D2DD5E132C700300799EE8 /* CPLinkedMapNode.h */; settings = {ATTRIBUTES = (Public, ); }; };
		C411FF22140B21A000D77426 /* CPLinkedMapNode.m in Sources */ = {isa = PBXBuildFile; fileRef = C4D2DD5F132C700300799EE8 /* CPLinkedMapNode.m */; };
		C411FF23140B21A000D77426 /* NSEnumerator+hasNext.h in Headers */ = {isa = PBXBuildFile; fileRef = C4AFA3091336ACEA00D7ECC1 /* NSEnumerator+hasNext.h */; settings = {ATTRIBUTES = (Public, ); }; };
		C411FF24140B21A000D77426 /* CPLinkedListEnumerator.h in Headers */ = {isa = PBXBuildFile; fileRef = C450FFE91336484900F999C4 /* CPLinkedListEnumerator.h */; settings = {ATTRIBUTES = (Public, ); }; };
		C411FF25140B21A000D77426 /* CPLinkedListEnumerator.m in Sources */ = {isa = PBXBuildFile; fileRef = C450FFEA1336484900F999C4 /* CPLinkedListEnumerator.m */; };
		C411FF26140B21A000D77426 /* CPLinkedDictionaryEnumerator.h in Headers */ = {isa = PBXBuildFile; fileRef = C45000121336981A00F999C4 /* CPLinkedDictionaryEnumerator.h */; settings = {ATTRIBUTES = (Public, ); }; };
		C411FF27140B21A000D77426 /* CPLinkedDictionaryEnumerator.m in Sources */ = {isa = PBXBuildFile; fileRef = C45000131336981A00F999C4 /* CPLinkedDictionaryEnumerator.m */; };
		C411FF28140B21A000D77426 /* CPLinkedDictionaryKeyEnumerator.h in Headers */ = {isa = PBXBuildFile; fileRef = C4500016133698F600F999C4 /* CPLinkedDictionaryKeyEnumerator.h */; settings = {ATTRIBUTES = (Public, ); }; };
		C411FF29140B21A000D77426 /* CPLinkedDictionaryKeyEnumerator.m in Sources */ = {isa = PBXBuildFile; fileRef = C4500017133698F600F999C4 /* CPLinkedDictionaryKeyEnumerator.m */; };
		C411FF2A140B21A000D77426 /* CPLinkedDictionaryValueEnumerator.h in Headers */ = {isa = PBXBuildFile; fileRef = C450001A1336990400F999C4 /* CPLinkedDictionaryValueEnumerator.h */; settings = {ATTRIBUTES = (Public, ); }; };
		C411FF2B140B21A000D77426 /* CPLinkedDictionaryValueEnumerator.m in Sources */ = {isa = PBXBuildFile; fileRef = C450001B1336990400F999C4 /* CPLinkedDictionaryValueEnumerator.m */; };
		C411FF2C140B21A000D77426 /* CPLeastRecentlyUsedCache.h in Headers */ = {isa = PBXBuildFile; fileRef = C4D2DF99133424AD00799EE8 /* CPLeastRecentlyUsedCache.h */; settings = {ATTRIBUTES = (Public, ); }; };
		C411FF2D140B21A000D77426 /* CPLeastRecentlyUsedCache.m in Sources */ = {isa = PBXBuildFile; fileRef = C4D2DF9A133424AD00799EE8 /* CPLeastRecentlyUsedCache.m */; };
		C431FBA1140AFE6400C85FDB /* InfoPlist.strings in Resources */ = {isa = PBXBuildFile; fileRef = C431FB9F140AFE6400C85FDB /* InfoPlist.strings */; };
		C431FBA7140AFF5800C85FDB /* CPMacros.h in Headers */ = {isa = PBXBuildFile; fileRef = C407E1D7133EA2A4005F9BDD /* CPMacros.h */; settings = {ATTRIBUTES = (Public, ); }; };
		C431FBA8140AFF5800C85FDB /* CPList.h in Headers */ = {isa = PBXBuildFile; fileRef = C4F38F6A13135136002B13B9 /* CPList.h */; settings = {ATTRIBUTES = (Public, ); }; };
		C431FBA9140AFF5800C85FDB /* CPMap.h in Headers */ = {isa = PBXBuildFile; fileRef = C4F38F6B13135136002B13B9 /* CPMap.h */; settings = {ATTRIBUTES = (Public, ); }; };
		C431FBAA140AFF5800C85FDB /* CPSet.h in Headers */ = {isa = PBXBuildFile; fileRef = C4F38F6E13135136002B13B9 /* CPSet.h */; settings = {ATTRIBUTES = (Public, ); }; };
		C431FBAB140AFF5800C85FDB /* CPDeque.h in Headers */ = {isa = PBXBuildFile; fileRef = E7682721131DA26200A963FB /* CPDeque.h */; settings = {ATTRIBUTES = (Public, ); }; };
		C431FBAC140AFF5800C85FDB /* CPQueue.h in Headers */ = {isa = PBXBuildFile; fileRef = C4F38F6D13135136002B13B9 /* CPQueue.h */; settings = {ATTRIBUTES = (Public, ); }; };
		C431FBAD140AFF5800C85FDB /* CPMutableList.h in Headers */ = {isa = PBXBuildFile; fileRef = C4F38F7613135157002B13B9 /* CPMutableList.h */; settings = {ATTRIBUTES = (Public, ); }; };
		C431FBAE140AFF5800C85FDB /* CPCollection.h in Headers */ = {isa = PBXBuildFile; fileRef = E76826E0131D9D6400A963FB /* CPCollection.h */; settings = {ATTRIBUTES = (Public, ); }; };
		C431FBAF140AFF5800C85FDB /* CPLinkedList.h in Headers */ = {isa = PBXBuildFile; fileRef = C4F38F6813135136002B13B9 /* CPLinkedList.h */; settings = {ATTRIBUTES = (Public, ); }; };
		C431FBB0140AFF5800C85FDB /* CPLinkedDictionary.h in Headers */ = {isa = PBXBuildFile; fileRef = C4D2DCFF132C32E800799EE8 /* CPLinkedDictionary.h */; settings = {ATTRIBUTES = (Public, ); }; };
		C431FBB1140AFF5800C85FDB /* CPLinkedNode.h in Headers */ = {isa = PBXBuildFile; fileRef = C4F38F8613135708002B13B9 /* CPLinkedNode.h */; settings = {ATTRIBUTES = (Public, ); }; };
		C431FBB2140AFF5800C85FDB /* CPLinkedMapNode.h in Headers */ = {isa = PBXBuildFile; fileRef = C4D2DD5E132C700300799EE8 /* CPLinkedMapNode.h */; settings = {ATTRIBUTES = (Public, ); }; };
		C431FBB3140AFF5800C85FDB /* NSEnumerator+hasNext.h in Headers */ = {isa = PBXBuildFile; fileRef = C4AFA3091336ACEA00D7ECC1 /* NSEnumerator+hasNext.h */; settings = {ATTRIBUTES = (Public, ); }; };
		C431FBB4140AFF5800C85FDB /* CPLinkedListEnumerator.h in Headers */ = {isa = PBXBuildFile; fileRef = C450FFE91336484900F999C4 /* CPLinkedListEnumerator.h */; settings = {ATTRIBUTES = (Public, ); }; };
		C431FBB5140AFF5800C85FDB /* CPLinkedDictionaryEnumerator.h in Headers */ = {isa = PBXBuildFile; fileRef = C45000121336981A00F999C4 /* CPLinkedDictionaryEnumerator.h */; settings = {ATTRIBUTES = (Public, ); }; };
		C431FBB6140AFF5800C85FDB /* CPLinkedDictionaryKeyEnumerator.h in Headers */ = {isa = PBXBuildFile; fileRef = C4500016133698F600F999C4 /* CPLinkedDictionaryKeyEnumerator.h */; settings = {ATTRIBUTES = (Public, ); }; };
		C431FBB7140AFF5800C85FDB /* CPLinkedDictionaryValueEnumerator.h in Headers */ = {isa = PBXBuildFile; fileRef = C450001A1336990400F999C4 /* CPLinkedDictionaryValueEnumerator.h */; settings = {ATTRIBUTES = (Public, ); }; };
		C431FBB8140AFF5800C85FDB /* CPLeastRecentlyUsedCache.h in Headers */ = {isa = PBXBuildFile; fileRef = C4D2DF99133424AD00799EE8 /* CPLeastRecentlyUsedCache.h */; settings = {ATTRIBUTES = (Public, ); }; };
		C431FBB9140AFF9100C85FDB /* CPLinkedList.m in Sources */ = {isa = PBXBuildFile; fileRef = C4F38F6913135136002B13B9 /* CPLinkedList.m */; };
		C431FBBA140AFF9100C85FDB /* CPLinkedDictionary.m in Sources */ = {isa = PBXBuildFile; fileRef = C4D2DD00132C32E800799EE8 /* CPLinkedDictionary.m */; };
		C431FBBB140AFF9100C85FDB /* CPLinkedNode.m in Sources */ = {isa = PBXBuildFile; fileRef = C4F38F8713135708002B13B9 /* CPLinkedNode.m */; };
		C431FBBC140AFF9100C85FDB /* CPLinkedMapNode.m in Sources */ = {isa = PBXBuildFile; fileRef = C4D2DD5F132C700300799EE8 /* CPLinkedMapNode.m */; };
		C431FBBD140AFF9100C85FDB /* CPLinkedListEnumerator.m in Sources */ = {isa = PBXBuildFile; fileRef = C450FFEA1336484900F999C4 /* CPLinkedListEnumerator.m */; };
		C431FBBE140AFF9100C85FDB /* CPLinkedDictionaryEnumerator.m in Sources */ = {isa = PBXBuildFile; fileRef = C45000131336981A00F999C4 /* CPLinkedDictionaryEnumerator.m */; };
		C431FBBF140AFF9100C85FDB /* CPLinkedDictionaryKeyEnumerator.m in Sources */ = {isa = PBXBuildFile; fileRef = C4500017133698F600F999C4 /* CPLinkedDictionaryKeyEnumerator.m */; };
		C431FBC0140AFF9100C85FDB /* CPLinkedDictionaryValueEnumerator.m in Sources */ = {isa = PBXBuildFile; fileRef = C450001B1336990400F999C4 /* CPLinkedDictionaryValueEnumerator.m */; };
		C431FBC1140AFF9100C85FDB /* CPLeastRecentlyUsedCache.m in Sources */ = {isa = PBXBuildFile; fileRef = C4D2DF9A133424AD00799EE8 /* CPLeastRecentlyUsedCache.m */; };
		C450FFBF1335A15400F999C4 /* LeastRecentlyUsedCacheTest.m in Sources */ = {isa = PBXBuildFile; fileRef = C450FFA813359A1100F999C4 /* LeastRecentlyUsedCacheTest.m */; };
		C451C0A71313E43700955481 /* GHUnit.framework in Frameworks */ = {isa = PBXBuildFile; fileRef = C451C0A61313E43700955481 /* GHUnit.framework */; };
		C451C0B01313E50F00955481 /* LinkedListTest.m in Sources */ = {isa = PBXBuildFile; fileRef = C4F38FD113136C7E002B13B9 /* LinkedListTest.m */; };
		C451C0B21313E50F00955481 /* LinkedNodeTest.m in Sources */ = {isa = PBXBuildFile; fileRef = C451BFEA1313725500955481 /* LinkedNodeTest.m */; };
		C451C0B31313E50F00955481 /* GHUnitTestMain.m in Sources */ = {isa = PBXBuildFile; fileRef = C451C0AC1313E4DB00955481 /* GHUnitTestMain.m */; };
		C4AA08A8140B0DB500ACFEC0 /* CacaoPodsFramework.framework in Frameworks */ = {isa = PBXBuildFile; fileRef = C431FB99140AFE6400C85FDB /* CacaoPodsFramework.framework */; };
		C4AFA3FD1336E7F200D7ECC1 /* CPBaseTestCase.m in Sources */ = {isa = PBXBuildFile; fileRef = C4D2DE42132D082C00799EE8 /* CPBaseTestCase.m */; };
		C4B9B0FD140B213D004BEE60 /* Foundation.framework in Frameworks */ = {isa = PBXBuildFile; fileRef = C4B9B0FC140B213D004BEE60 /* Foundation.framework */; };
		C4B9B103140B213D004BEE60 /* InfoPlist.strings in Resources */ = {isa = PBXBuildFile; fileRef = C4B9B101140B213D004BEE60 /* InfoPlist.strings */; };
		C4C701971361201D007DB2B0 /* Cocoa.framework in Frameworks */ = {isa = PBXBuildFile; fileRef = C4C701961361201D007DB2B0 /* Cocoa.framework */; };
		C4C701A21361206E007DB2B0 /* CPMacros.h in Headers */ = {isa = PBXBuildFile; fileRef = C407E1D7133EA2A4005F9BDD /* CPMacros.h */; };
		C4C701A3136120D2007DB2B0 /* CPList.h in Headers */ = {isa = PBXBuildFile; fileRef = C4F38F6A13135136002B13B9 /* CPList.h */; };
		C4C701A4136120D2007DB2B0 /* CPMap.h in Headers */ = {isa = PBXBuildFile; fileRef = C4F38F6B13135136002B13B9 /* CPMap.h */; };
		C4C701A5136120D2007DB2B0 /* CPSet.h in Headers */ = {isa = PBXBuildFile; fileRef = C4F38F6E13135136002B13B9 /* CPSet.h */; };
		C4C701A6136120D2007DB2B0 /* CPDeque.h in Headers */ = {isa = PBXBuildFile; fileRef = E7682721131DA26200A963FB /* CPDeque.h */; };
		C4C701A7136120D2007DB2B0 /* CPQueue.h in Headers */ = {isa = PBXBuildFile; fileRef = C4F38F6D13135136002B13B9 /* CPQueue.h */; };
		C4C701A8136120D2007DB2B0 /* CPMutableList.h in Headers */ = {isa = PBXBuildFile; fileRef = C4F38F7613135157002B13B9 /* CPMutableList.h */; };
		C4C701A9136120D2007DB2B0 /* CPCollection.h in Headers */ = {isa = PBXBuildFile; fileRef = E76826E0131D9D6400A963FB /* CPCollection.h */; };
		C4C701AA136120D2007DB2B0 /* CPLinkedList.h in Headers */ = {isa = PBXBuildFile; fileRef = C4F38F6813135136002B13B9 /* CPLinkedList.h */; };
		C4C701AC136120D2007DB2B0 /* CPLinkedDictionary.h in Headers */ = {isa = PBXBuildFile; fileRef = C4D2DCFF132C32E800799EE8 /* CPLinkedDictionary.h */; };
		C4C701AE136120D2007DB2B0 /* CPLinkedNode.h in Headers */ = {isa = PBXBuildFile; fileRef = C4F38F8613135708002B13B9 /* CPLinkedNode.h */; };
		C4C701B0136120D2007DB2B0 /* CPLinkedMapNode.h in Headers */ = {isa = PBXBuildFile; fileRef = C4D2DD5E132C700300799EE8 /* CPLinkedMapNode.h */; };
		C4C701B2136120D2007DB2B0 /* NSEnumerator+hasNext.h in Headers */ = {isa = PBXBuildFile; fileRef = C4AFA3091336ACEA00D7ECC1 /* NSEnumerator+hasNext.h */; };
		C4C701B3136120D2007DB2B0 /* CPLinkedListEnumerator.h in Headers */ = {isa = PBXBuildFile; fileRef = C450FFE91336484900F999C4 /* CPLinkedListEnumerator.h */; };
		C4C701B5136120D2007DB2B0 /* CPLinkedDictionaryEnumerator.h in Headers */ = {isa = PBXBuildFile; fileRef = C45000121336981A00F999C4 /* CPLinkedDictionaryEnumerator.h */; };
		C4C701B7136120D2007DB2B0 /* CPLinkedDictionaryKeyEnumerator.h in Headers */ = {isa = PBXBuildFile; fileRef = C4500016133698F600F999C4 /* CPLinkedDictionaryKeyEnumerator.h */; };
		C4C701B9136120D2007DB2B0 /* CPLinkedDictionaryValueEnumerator.h in Headers */ = {isa = PBXBuildFile; fileRef = C450001A1336990400F999C4 /* CPLinkedDictionaryValueEnumerator.h */; };
		C4C701BB136120D2007DB2B0 /* CPLeastRecentlyUsedCache.h in Headers */ = {isa = PBXBuildFile; fileRef = C4D2DF99133424AD00799EE8 /* CPLeastRecentlyUsedCache.h */; };
		C4C701BD13612103007DB2B0 /* CPLinkedList.m in Sources */ = {isa = PBXBuildFile; fileRef = C4F38F6913135136002B13B9 /* CPLinkedList.m */; };
		C4C701BE13612103007DB2B0 /* CPLinkedDictionary.m in Sources */ = {isa = PBXBuildFile; fileRef = C4D2DD00132C32E800799EE8 /* CPLinkedDictionary.m */; };
		C4C701BF13612103007DB2B0 /* CPLinkedNode.m in Sources */ = {isa = PBXBuildFile; fileRef = C4F38F8713135708002B13B9 /* CPLinkedNode.m */; };
		C4C701C013612103007DB2B0 /* CPLinkedMapNode.m in Sources */ = {isa = PBXBuildFile; fileRef = C4D2DD5F132C700300799EE8 /* CPLinkedMapNode.m */; };
		C4C701C113612103007DB2B0 /* CPLinkedListEnumerator.m in Sources */ = {isa = PBXBuildFile; fileRef = C450FFEA1336484900F999C4 /* CPLinkedListEnumerator.m */; };
		C4C701C213612103007DB2B0 /* CPLinkedDictionaryEnumerator.m in Sources */ = {isa = PBXBuildFile; fileRef = C45000131336981A00F999C4 /* CPLinkedDictionaryEnumerator.m */; };
		C4C701C313612103007DB2B0 /* CPLinkedDictionaryKeyEnumerator.m in Sources */ = {isa = PBXBuildFile; fileRef = C4500017133698F600F999C4 /* CPLinkedDictionaryKeyEnumerator.m */; };
		C4C701C413612103007DB2B0 /* CPLinkedDictionaryValueEnumerator.m in Sources */ = {isa = PBXBuildFile; fileRef = C450001B1336990400F999C4 /* CPLinkedDictionaryValueEnumerator.m */; };
		C4C701C513612103007DB2B0 /* CPLeastRecentlyUsedCache.m in Sources */ = {isa = PBXBuildFile; fileRef = C4D2DF9A133424AD00799EE8 /* CPLeastRecentlyUsedCache.m */; };
		C4C701C7136122B7007DB2B0 /* libCacaoPods.a in Frameworks */ = {isa = PBXBuildFile; fileRef = C4C701941361201D007DB2B0 /* libCacaoPods.a */; };
		C4C8306C1353DFE40020DE78 /* Foundation.framework in Frameworks */ = {isa = PBXBuildFile; fileRef = C4C8306B1353DFE40020DE78 /* Foundation.framework */; };
		C4D2DD7E132C778F00799EE8 /* LinkedDictionaryTest.m in Sources */ = {isa = PBXBuildFile; fileRef = C4D2DD34132C64A500799EE8 /* LinkedDictionaryTest.m */; };
		C4D2DD7F132C778F00799EE8 /* LinkedMapNodeTest.m in Sources */ = {isa = PBXBuildFile; fileRef = C4D2DD73132C761800799EE8 /* LinkedMapNodeTest.m */; };
		C4F370D31353DDE800695A24 /* GHUnitIOS.framework in Frameworks */ = {isa = PBXBuildFile; fileRef = C4F370D01353DDE300695A24 /* GHUnitIOS.framework */; };
		C4F370D41353DE2900695A24 /* libiCacaoPods.a in Frameworks */ = {isa = PBXBuildFile; fileRef = C407E0F8133E9F04005F9BDD /* libiCacaoPods.a */; };
		C4F370D61353DE4900695A24 /* CoreGraphics.framework in Frameworks */ = {isa = PBXBuildFile; fileRef = C4F370D51353DE4900695A24 /* CoreGraphics.framework */; };
/* End PBXBuildFile section */

/* Begin PBXContainerItemProxy section */
		C407E410133ECA5F005F9BDD /* PBXContainerItemProxy */ = {
			isa = PBXContainerItemProxy;
			containerPortal = 0867D690FE84028FC02AAC07 /* Project object */;
			proxyType = 1;
			remoteGlobalIDString = C407E0F7133E9F04005F9BDD;
			remoteInfo = iCacaoPods;
		};
		C4C701C8136122C4007DB2B0 /* PBXContainerItemProxy */ = {
			isa = PBXContainerItemProxy;
			containerPortal = 0867D690FE84028FC02AAC07 /* Project object */;
			proxyType = 1;
			remoteGlobalIDString = C4C701931361201D007DB2B0;
			remoteInfo = CacaoPods;
		};
/* End PBXContainerItemProxy section */

/* Begin PBXFileReference section */
		1058C7B1FEA5585E11CA2CBB /* Cocoa.framework */ = {isa = PBXFileReference; lastKnownFileType = wrapper.framework; name = Cocoa.framework; path = /System/Library/Frameworks/Cocoa.framework; sourceTree = "<absolute>"; };
		32DBCF5E0370ADEE00C91783 /* CacaoPods_Prefix.pch */ = {isa = PBXFileReference; fileEncoding = 4; lastKnownFileType = sourcecode.c.h; path = CacaoPods_Prefix.pch; sourceTree = "<group>"; };
		C407E0F8133E9F04005F9BDD /* libiCacaoPods.a */ = {isa = PBXFileReference; explicitFileType = archive.ar; includeInIndex = 0; path = libiCacaoPods.a; sourceTree = BUILT_PRODUCTS_DIR; };
		C407E1CE133EA264005F9BDD /* iCacaoPods_Prefix.pch */ = {isa = PBXFileReference; fileEncoding = 4; lastKnownFileType = sourcecode.c.h; path = iCacaoPods_Prefix.pch; sourceTree = "<group>"; };
		C407E1D7133EA2A4005F9BDD /* CPMacros.h */ = {isa = PBXFileReference; fileEncoding = 4; lastKnownFileType = sourcecode.c.h; path = CPMacros.h; sourceTree = "<group>"; };
		C407E389133EC518005F9BDD /* GHUnitIOSTestMain.m */ = {isa = PBXFileReference; fileEncoding = 4; lastKnownFileType = sourcecode.c.objc; path = GHUnitIOSTestMain.m; sourceTree = "<group>"; };
		C407E3EC133EC989005F9BDD /* iTest.app */ = {isa = PBXFileReference; explicitFileType = wrapper.application; includeInIndex = 0; path = iTest.app; sourceTree = BUILT_PRODUCTS_DIR; };
		C407E3EE133EC989005F9BDD /* iTest-Info.plist */ = {isa = PBXFileReference; lastKnownFileType = text.plist.xml; path = "iTest-Info.plist"; sourceTree = "<group>"; };
		C431FB99140AFE6400C85FDB /* CacaoPodsFramework.framework */ = {isa = PBXFileReference; explicitFileType = wrapper.cfbundle; includeInIndex = 0; path = CacaoPodsFramework.framework; sourceTree = BUILT_PRODUCTS_DIR; };
		C431FB9A140AFE6400C85FDB /* CoreFoundation.framework */ = {isa = PBXFileReference; lastKnownFileType = wrapper.framework; name = CoreFoundation.framework; path = System/Library/Frameworks/CoreFoundation.framework; sourceTree = SDKROOT; };
		C431FB9E140AFE6400C85FDB /* CacaoPodsFramework-Info.plist */ = {isa = PBXFileReference; lastKnownFileType = text.plist.xml; path = "CacaoPodsFramework-Info.plist"; sourceTree = "<group>"; };
		C431FBA0140AFE6400C85FDB /* en */ = {isa = PBXFileReference; lastKnownFileType = text.plist.strings; name = en; path = en.lproj/InfoPlist.strings; sourceTree = "<group>"; };
		C431FBA2140AFE6400C85FDB /* CacaoPodsFramework-Prefix.pch */ = {isa = PBXFileReference; lastKnownFileType = sourcecode.c.h; path = "CacaoPodsFramework-Prefix.pch"; sourceTree = "<group>"; };
		C45000121336981A00F999C4 /* CPLinkedDictionaryEnumerator.h */ = {isa = PBXFileReference; fileEncoding = 4; lastKnownFileType = sourcecode.c.h; path = CPLinkedDictionaryEnumerator.h; sourceTree = "<group>"; };
		C45000131336981A00F999C4 /* CPLinkedDictionaryEnumerator.m */ = {isa = PBXFileReference; fileEncoding = 4; lastKnownFileType = sourcecode.c.objc; path = CPLinkedDictionaryEnumerator.m; sourceTree = "<group>"; };
		C4500016133698F600F999C4 /* CPLinkedDictionaryKeyEnumerator.h */ = {isa = PBXFileReference; fileEncoding = 4; lastKnownFileType = sourcecode.c.h; path = CPLinkedDictionaryKeyEnumerator.h; sourceTree = "<group>"; };
		C4500017133698F600F999C4 /* CPLinkedDictionaryKeyEnumerator.m */ = {isa = PBXFileReference; fileEncoding = 4; lastKnownFileType = sourcecode.c.objc; path = CPLinkedDictionaryKeyEnumerator.m; sourceTree = "<group>"; };
		C450001A1336990400F999C4 /* CPLinkedDictionaryValueEnumerator.h */ = {isa = PBXFileReference; fileEncoding = 4; lastKnownFileType = sourcecode.c.h; path = CPLinkedDictionaryValueEnumerator.h; sourceTree = "<group>"; };
		C450001B1336990400F999C4 /* CPLinkedDictionaryValueEnumerator.m */ = {isa = PBXFileReference; fileEncoding = 4; lastKnownFileType = sourcecode.c.objc; path = CPLinkedDictionaryValueEnumerator.m; sourceTree = "<group>"; };
		C450FFA813359A1100F999C4 /* LeastRecentlyUsedCacheTest.m */ = {isa = PBXFileReference; fileEncoding = 4; lastKnownFileType = sourcecode.c.objc; path = LeastRecentlyUsedCacheTest.m; sourceTree = "<group>"; };
		C450FFE91336484900F999C4 /* CPLinkedListEnumerator.h */ = {isa = PBXFileReference; fileEncoding = 4; lastKnownFileType = sourcecode.c.h; path = CPLinkedListEnumerator.h; sourceTree = "<group>"; };
		C450FFEA1336484900F999C4 /* CPLinkedListEnumerator.m */ = {isa = PBXFileReference; fileEncoding = 4; lastKnownFileType = sourcecode.c.objc; path = CPLinkedListEnumerator.m; sourceTree = "<group>"; };
		C451BFEA1313725500955481 /* LinkedNodeTest.m */ = {isa = PBXFileReference; fileEncoding = 4; lastKnownFileType = sourcecode.c.objc; path = LinkedNodeTest.m; sourceTree = "<group>"; };
		C451C09C1313E41F00955481 /* Test.app */ = {isa = PBXFileReference; explicitFileType = wrapper.application; includeInIndex = 0; path = Test.app; sourceTree = BUILT_PRODUCTS_DIR; };
		C451C0A61313E43700955481 /* GHUnit.framework */ = {isa = PBXFileReference; lastKnownFileType = wrapper.framework; name = GHUnit.framework; path = Library/Frameworks/GHUnit.framework; sourceTree = SDKROOT; };
		C451C0AC1313E4DB00955481 /* GHUnitTestMain.m */ = {isa = PBXFileReference; fileEncoding = 4; lastKnownFileType = sourcecode.c.objc; path = GHUnitTestMain.m; sourceTree = "<group>"; };
		C4AFA3091336ACEA00D7ECC1 /* NSEnumerator+hasNext.h */ = {isa = PBXFileReference; fileEncoding = 4; lastKnownFileType = sourcecode.c.h; path = "NSEnumerator+hasNext.h"; sourceTree = "<group>"; };
		C4B9B0FB140B213D004BEE60 /* iCacaoPodsFramework.framework */ = {isa = PBXFileReference; explicitFileType = wrapper.framework.static; includeInIndex = 0; path = iCacaoPodsFramework.framework; sourceTree = BUILT_PRODUCTS_DIR; };
		C4B9B0FC140B213D004BEE60 /* Foundation.framework */ = {isa = PBXFileReference; lastKnownFileType = wrapper.framework; name = Foundation.framework; path = System/Library/Frameworks/Foundation.framework; sourceTree = SDKROOT; };
		C4B9B100140B213D004BEE60 /* iCacaoPodsFramework-Info.plist */ = {isa = PBXFileReference; lastKnownFileType = text.plist.xml; path = "iCacaoPodsFramework-Info.plist"; sourceTree = "<group>"; };
		C4B9B102140B213D004BEE60 /* en */ = {isa = PBXFileReference; lastKnownFileType = text.plist.strings; name = en; path = en.lproj/InfoPlist.strings; sourceTree = "<group>"; };
		C4B9B104140B213D004BEE60 /* iCacaoPodsFramework-Prefix.pch */ = {isa = PBXFileReference; lastKnownFileType = sourcecode.c.h; path = "iCacaoPodsFramework-Prefix.pch"; sourceTree = "<group>"; };
		C4C701941361201D007DB2B0 /* libCacaoPods.a */ = {isa = PBXFileReference; explicitFileType = archive.ar; includeInIndex = 0; path = libCacaoPods.a; sourceTree = BUILT_PRODUCTS_DIR; };
		C4C701961361201D007DB2B0 /* Cocoa.framework */ = {isa = PBXFileReference; lastKnownFileType = wrapper.framework; name = Cocoa.framework; path = System/Library/Frameworks/Cocoa.framework; sourceTree = SDKROOT; };
		C4C701991361201D007DB2B0 /* AppKit.framework */ = {isa = PBXFileReference; lastKnownFileType = wrapper.framework; name = AppKit.framework; path = System/Library/Frameworks/AppKit.framework; sourceTree = SDKROOT; };
		C4C7019A1361201D007DB2B0 /* CoreData.framework */ = {isa = PBXFileReference; lastKnownFileType = wrapper.framework; name = CoreData.framework; path = System/Library/Frameworks/CoreData.framework; sourceTree = SDKROOT; };
		C4C7019B1361201D007DB2B0 /* Foundation.framework */ = {isa = PBXFileReference; lastKnownFileType = wrapper.framework; name = Foundation.framework; path = System/Library/Frameworks/Foundation.framework; sourceTree = SDKROOT; };
		C4C8306B1353DFE40020DE78 /* Foundation.framework */ = {isa = PBXFileReference; lastKnownFileType = wrapper.framework; name = Foundation.framework; path = Platforms/iPhoneOS.platform/Developer/SDKs/iPhoneOS4.3.sdk/System/Library/Frameworks/Foundation.framework; sourceTree = DEVELOPER_DIR; };
		C4D2DCFF132C32E800799EE8 /* CPLinkedDictionary.h */ = {isa = PBXFileReference; fileEncoding = 4; lastKnownFileType = sourcecode.c.h; path = CPLinkedDictionary.h; sourceTree = "<group>"; };
		C4D2DD00132C32E800799EE8 /* CPLinkedDictionary.m */ = {isa = PBXFileReference; fileEncoding = 4; lastKnownFileType = sourcecode.c.objc; path = CPLinkedDictionary.m; sourceTree = "<group>"; };
		C4D2DD34132C64A500799EE8 /* LinkedDictionaryTest.m */ = {isa = PBXFileReference; fileEncoding = 4; lastKnownFileType = sourcecode.c.objc; path = LinkedDictionaryTest.m; sourceTree = "<group>"; };
		C4D2DD5E132C700300799EE8 /* CPLinkedMapNode.h */ = {isa = PBXFileReference; fileEncoding = 4; lastKnownFileType = sourcecode.c.h; path = CPLinkedMapNode.h; sourceTree = "<group>"; };
		C4D2DD5F132C700300799EE8 /* CPLinkedMapNode.m */ = {isa = PBXFileReference; fileEncoding = 4; lastKnownFileType = sourcecode.c.objc; path = CPLinkedMapNode.m; sourceTree = "<group>"; };
		C4D2DD73132C761800799EE8 /* LinkedMapNodeTest.m */ = {isa = PBXFileReference; fileEncoding = 4; lastKnownFileType = sourcecode.c.objc; path = LinkedMapNodeTest.m; sourceTree = "<group>"; };
		C4D2DE41132D082C00799EE8 /* CPBaseTestCase.h */ = {isa = PBXFileReference; fileEncoding = 4; lastKnownFileType = sourcecode.c.h; path = CPBaseTestCase.h; sourceTree = "<group>"; };
		C4D2DE42132D082C00799EE8 /* CPBaseTestCase.m */ = {isa = PBXFileReference; fileEncoding = 4; lastKnownFileType = sourcecode.c.objc; path = CPBaseTestCase.m; sourceTree = "<group>"; };
		C4D2DF99133424AD00799EE8 /* CPLeastRecentlyUsedCache.h */ = {isa = PBXFileReference; fileEncoding = 4; lastKnownFileType = sourcecode.c.h; path = CPLeastRecentlyUsedCache.h; sourceTree = "<group>"; };
		C4D2DF9A133424AD00799EE8 /* CPLeastRecentlyUsedCache.m */ = {isa = PBXFileReference; fileEncoding = 4; lastKnownFileType = sourcecode.c.objc; path = CPLeastRecentlyUsedCache.m; sourceTree = "<group>"; };
		C4F370D01353DDE300695A24 /* GHUnitIOS.framework */ = {isa = PBXFileReference; lastKnownFileType = wrapper.framework; name = GHUnitIOS.framework; path = Platforms/iPhoneOS.platform/Developer/SDKs/iPhoneOS4.3.sdk/System/Library/Frameworks/GHUnitIOS.framework; sourceTree = DEVELOPER_DIR; };
		C4F370D51353DE4900695A24 /* CoreGraphics.framework */ = {isa = PBXFileReference; lastKnownFileType = wrapper.framework; name = CoreGraphics.framework; path = Platforms/iPhoneOS.platform/Developer/SDKs/iPhoneOS4.3.sdk/System/Library/Frameworks/CoreGraphics.framework; sourceTree = DEVELOPER_DIR; };
		C4F38F6813135136002B13B9 /* CPLinkedList.h */ = {isa = PBXFileReference; fileEncoding = 4; lastKnownFileType = sourcecode.c.h; path = CPLinkedList.h; sourceTree = "<group>"; };
		C4F38F6913135136002B13B9 /* CPLinkedList.m */ = {isa = PBXFileReference; fileEncoding = 4; lastKnownFileType = sourcecode.c.objc; path = CPLinkedList.m; sourceTree = "<group>"; };
		C4F38F6A13135136002B13B9 /* CPList.h */ = {isa = PBXFileReference; fileEncoding = 4; lastKnownFileType = sourcecode.c.h; path = CPList.h; sourceTree = "<group>"; };
		C4F38F6B13135136002B13B9 /* CPMap.h */ = {isa = PBXFileReference; fileEncoding = 4; lastKnownFileType = sourcecode.c.h; path = CPMap.h; sourceTree = "<group>"; };
		C4F38F6D13135136002B13B9 /* CPQueue.h */ = {isa = PBXFileReference; fileEncoding = 4; lastKnownFileType = sourcecode.c.h; path = CPQueue.h; sourceTree = "<group>"; };
		C4F38F6E13135136002B13B9 /* CPSet.h */ = {isa = PBXFileReference; fileEncoding = 4; lastKnownFileType = sourcecode.c.h; path = CPSet.h; sourceTree = "<group>"; };
		C4F38F7613135157002B13B9 /* CPMutableList.h */ = {isa = PBXFileReference; fileEncoding = 4; lastKnownFileType = sourcecode.c.h; path = CPMutableList.h; sourceTree = "<group>"; };
		C4F38F8613135708002B13B9 /* CPLinkedNode.h */ = {isa = PBXFileReference; fileEncoding = 4; lastKnownFileType = sourcecode.c.h; path = CPLinkedNode.h; sourceTree = "<group>"; };
		C4F38F8713135708002B13B9 /* CPLinkedNode.m */ = {isa = PBXFileReference; fileEncoding = 4; lastKnownFileType = sourcecode.c.objc; path = CPLinkedNode.m; sourceTree = "<group>"; };
		C4F38FD113136C7E002B13B9 /* LinkedListTest.m */ = {isa = PBXFileReference; fileEncoding = 4; lastKnownFileType = sourcecode.c.objc; path = LinkedListTest.m; sourceTree = "<group>"; };
		C4F38FDE13136F00002B13B9 /* Test-Info.plist */ = {isa = PBXFileReference; lastKnownFileType = text.plist.xml; path = "Test-Info.plist"; sourceTree = "<group>"; };
		D2F7E8BE07B2D77200F64583 /* CoreData.framework */ = {isa = PBXFileReference; lastKnownFileType = wrapper.framework; name = CoreData.framework; path = /System/Library/Frameworks/CoreData.framework; sourceTree = "<absolute>"; };
		E76826E0131D9D6400A963FB /* CPCollection.h */ = {isa = PBXFileReference; fileEncoding = 4; lastKnownFileType = sourcecode.c.h; path = CPCollection.h; sourceTree = "<group>"; };
		E7682721131DA26200A963FB /* CPDeque.h */ = {isa = PBXFileReference; fileEncoding = 4; lastKnownFileType = sourcecode.c.h; path = CPDeque.h; sourceTree = "<group>"; };
/* End PBXFileReference section */

/* Begin PBXFrameworksBuildPhase section */
		C407E0F6133E9F04005F9BDD /* Frameworks */ = {
			isa = PBXFrameworksBuildPhase;
			buildActionMask = 2147483647;
			files = (
				C4C8306C1353DFE40020DE78 /* Foundation.framework in Frameworks */,
			);
			runOnlyForDeploymentPostprocessing = 0;
		};
		C407E3EA133EC989005F9BDD /* Frameworks */ = {
			isa = PBXFrameworksBuildPhase;
			buildActionMask = 2147483647;
			files = (
				C4F370D61353DE4900695A24 /* CoreGraphics.framework in Frameworks */,
				C4F370D41353DE2900695A24 /* libiCacaoPods.a in Frameworks */,
				C4F370D31353DDE800695A24 /* GHUnitIOS.framework in Frameworks */,
			);
			runOnlyForDeploymentPostprocessing = 0;
		};
		C431FB96140AFE6400C85FDB /* Frameworks */ = {
			isa = PBXFrameworksBuildPhase;
			buildActionMask = 2147483647;
			files = (
			);
			runOnlyForDeploymentPostprocessing = 0;
		};
		C451C09A1313E41F00955481 /* Frameworks */ = {
			isa = PBXFrameworksBuildPhase;
			buildActionMask = 2147483647;
			files = (
				C4C701C7136122B7007DB2B0 /* libCacaoPods.a in Frameworks */,
				C4AA08A8140B0DB500ACFEC0 /* CacaoPodsFramework.framework in Frameworks */,
				C451C0A71313E43700955481 /* GHUnit.framework in Frameworks */,
			);
			runOnlyForDeploymentPostprocessing = 0;
		};
		C4B9B0F6140B213D004BEE60 /* Frameworks */ = {
			isa = PBXFrameworksBuildPhase;
			buildActionMask = 2147483647;
			files = (
				C4B9B0FD140B213D004BEE60 /* Foundation.framework in Frameworks */,
			);
			runOnlyForDeploymentPostprocessing = 0;
		};
		C4C701911361201D007DB2B0 /* Frameworks */ = {
			isa = PBXFrameworksBuildPhase;
			buildActionMask = 2147483647;
			files = (
				C4C701971361201D007DB2B0 /* Cocoa.framework in Frameworks */,
			);
			runOnlyForDeploymentPostprocessing = 0;
		};
/* End PBXFrameworksBuildPhase section */

/* Begin PBXGroup section */
		034768DFFF38A50411DB9C8B /* Products */ = {
			isa = PBXGroup;
			children = (
				C451C09C1313E41F00955481 /* Test.app */,
				C407E3EC133EC989005F9BDD /* iTest.app */,
				C431FB99140AFE6400C85FDB /* CacaoPodsFramework.framework */,
				C4B9B0FB140B213D004BEE60 /* iCacaoPodsFramework.framework */,
			);
			name = Products;
			sourceTree = "<group>";
		};
		0867D691FE84028FC02AAC07 /* CacaoPods */ = {
			isa = PBXGroup;
			children = (
				C4F38F6713135136002B13B9 /* Classes */,
				C4F38FCF13136C36002B13B9 /* Tests */,
				32C88DFF0371C24200C91783 /* Other Sources */,
				0867D69AFE84028FC02AAC07 /* External Frameworks and Libraries */,
				C431FB9C140AFE6400C85FDB /* CacaoPodsFramework */,
				C4B9B0FE140B213D004BEE60 /* iCacaoPodsFramework */,
				C4C701951361201D007DB2B0 /* Frameworks */,
				034768DFFF38A50411DB9C8B /* Products */,
				C4C701941361201D007DB2B0 /* libCacaoPods.a */,
				C407E0F8133E9F04005F9BDD /* libiCacaoPods.a */,
				C4F38FDE13136F00002B13B9 /* Test-Info.plist */,
				C407E3EE133EC989005F9BDD /* iTest-Info.plist */,
			);
			name = CacaoPods;
			sourceTree = "<group>";
		};
		0867D69AFE84028FC02AAC07 /* External Frameworks and Libraries */ = {
			isa = PBXGroup;
			children = (
				1058C7B0FEA5585E11CA2CBB /* Linked Frameworks */,
				1058C7B2FEA5585E11CA2CBB /* Other Frameworks */,
				C407E466133ECDFF005F9BDD /* Test */,
			);
			name = "External Frameworks and Libraries";
			sourceTree = "<group>";
		};
		1058C7B0FEA5585E11CA2CBB /* Linked Frameworks */ = {
			isa = PBXGroup;
			children = (
				1058C7B1FEA5585E11CA2CBB /* Cocoa.framework */,
			);
			name = "Linked Frameworks";
			sourceTree = "<group>";
		};
		1058C7B2FEA5585E11CA2CBB /* Other Frameworks */ = {
			isa = PBXGroup;
			children = (
				D2F7E8BE07B2D77200F64583 /* CoreData.framework */,
				C4F370D51353DE4900695A24 /* CoreGraphics.framework */,
				C4C8306B1353DFE40020DE78 /* Foundation.framework */,
			);
			name = "Other Frameworks";
			sourceTree = "<group>";
		};
		32C88DFF0371C24200C91783 /* Other Sources */ = {
			isa = PBXGroup;
			children = (
				32DBCF5E0370ADEE00C91783 /* CacaoPods_Prefix.pch */,
				C407E1CE133EA264005F9BDD /* iCacaoPods_Prefix.pch */,
			);
			name = "Other Sources";
			sourceTree = "<group>";
		};
		C407E466133ECDFF005F9BDD /* Test */ = {
			isa = PBXGroup;
			children = (
				C4F370D01353DDE300695A24 /* GHUnitIOS.framework */,
				C451C0A61313E43700955481 /* GHUnit.framework */,
			);
			name = Test;
			sourceTree = "<group>";
		};
		C431FB9C140AFE6400C85FDB /* CacaoPodsFramework */ = {
			isa = PBXGroup;
			children = (
				C431FB9D140AFE6400C85FDB /* Supporting Files */,
			);
			path = CacaoPodsFramework;
			sourceTree = "<group>";
		};
		C431FB9D140AFE6400C85FDB /* Supporting Files */ = {
			isa = PBXGroup;
			children = (
				C431FB9E140AFE6400C85FDB /* CacaoPodsFramework-Info.plist */,
				C431FB9F140AFE6400C85FDB /* InfoPlist.strings */,
				C431FBA2140AFE6400C85FDB /* CacaoPodsFramework-Prefix.pch */,
			);
			name = "Supporting Files";
			sourceTree = "<group>";
		};
		C4B9B0FE140B213D004BEE60 /* iCacaoPodsFramework */ = {
			isa = PBXGroup;
			children = (
				C4B9B0FF140B213D004BEE60 /* Supporting Files */,
			);
			path = iCacaoPodsFramework;
			sourceTree = "<group>";
		};
		C4B9B0FF140B213D004BEE60 /* Supporting Files */ = {
			isa = PBXGroup;
			children = (
				C4B9B100140B213D004BEE60 /* iCacaoPodsFramework-Info.plist */,
				C4B9B101140B213D004BEE60 /* InfoPlist.strings */,
				C4B9B104140B213D004BEE60 /* iCacaoPodsFramework-Prefix.pch */,
			);
			name = "Supporting Files";
			sourceTree = "<group>";
		};
		C4C701951361201D007DB2B0 /* Frameworks */ = {
			isa = PBXGroup;
			children = (
				C4C701961361201D007DB2B0 /* Cocoa.framework */,
				C431FB9A140AFE6400C85FDB /* CoreFoundation.framework */,
				C4B9B0FC140B213D004BEE60 /* Foundation.framework */,
				C4C701981361201D007DB2B0 /* Other Frameworks */,
			);
			name = Frameworks;
			sourceTree = "<group>";
		};
		C4C701981361201D007DB2B0 /* Other Frameworks */ = {
			isa = PBXGroup;
			children = (
				C4C701991361201D007DB2B0 /* AppKit.framework */,
				C4C7019A1361201D007DB2B0 /* CoreData.framework */,
				C4C7019B1361201D007DB2B0 /* Foundation.framework */,
			);
			name = "Other Frameworks";
			sourceTree = "<group>";
		};
		C4D2DD55132C6EC800799EE8 /* node */ = {
			isa = PBXGroup;
			children = (
				C4F38F8613135708002B13B9 /* CPLinkedNode.h */,
				C4F38F8713135708002B13B9 /* CPLinkedNode.m */,
				C4D2DD5E132C700300799EE8 /* CPLinkedMapNode.h */,
				C4D2DD5F132C700300799EE8 /* CPLinkedMapNode.m */,
			);
			name = node;
			sourceTree = "<group>";
		};
		C4D2DF981334247900799EE8 /* cache */ = {
			isa = PBXGroup;
			children = (
				C4D2DF99133424AD00799EE8 /* CPLeastRecentlyUsedCache.h */,
				C4D2DF9A133424AD00799EE8 /* CPLeastRecentlyUsedCache.m */,
			);
			name = cache;
			sourceTree = "<group>";
		};
		C4D2DF9D133425A700799EE8 /* enumerator */ = {
			isa = PBXGroup;
			children = (
				C4AFA3091336ACEA00D7ECC1 /* NSEnumerator+hasNext.h */,
				C450FFE91336484900F999C4 /* CPLinkedListEnumerator.h */,
				C450FFEA1336484900F999C4 /* CPLinkedListEnumerator.m */,
				C45000121336981A00F999C4 /* CPLinkedDictionaryEnumerator.h */,
				C45000131336981A00F999C4 /* CPLinkedDictionaryEnumerator.m */,
				C4500016133698F600F999C4 /* CPLinkedDictionaryKeyEnumerator.h */,
				C4500017133698F600F999C4 /* CPLinkedDictionaryKeyEnumerator.m */,
				C450001A1336990400F999C4 /* CPLinkedDictionaryValueEnumerator.h */,
				C450001B1336990400F999C4 /* CPLinkedDictionaryValueEnumerator.m */,
			);
			name = enumerator;
			sourceTree = "<group>";
		};
		C4F38F6713135136002B13B9 /* Classes */ = {
			isa = PBXGroup;
			children = (
				C407E1D7133EA2A4005F9BDD /* CPMacros.h */,
				C4F38F7C131351BC002B13B9 /* base */,
				C4F38F7D131351E0002B13B9 /* mutable */,
				C4D2DD55132C6EC800799EE8 /* node */,
				C4D2DF9D133425A700799EE8 /* enumerator */,
				C4D2DF981334247900799EE8 /* cache */,
			);
			path = Classes;
			sourceTree = "<group>";
		};
		C4F38F7813135160002B13B9 /* immutable */ = {
			isa = PBXGroup;
			children = (
				C4F38F6A13135136002B13B9 /* CPList.h */,
				C4F38F6B13135136002B13B9 /* CPMap.h */,
				C4F38F6E13135136002B13B9 /* CPSet.h */,
			);
			name = immutable;
			sourceTree = "<group>";
		};
		C4F38F7913135168002B13B9 /* mutable */ = {
			isa = PBXGroup;
			children = (
				E7682721131DA26200A963FB /* CPDeque.h */,
				C4F38F6D13135136002B13B9 /* CPQueue.h */,
				C4F38F7613135157002B13B9 /* CPMutableList.h */,
			);
			name = mutable;
			sourceTree = "<group>";
		};
		C4F38F7C131351BC002B13B9 /* base */ = {
			isa = PBXGroup;
			children = (
				C4F38F7813135160002B13B9 /* immutable */,
				C4F38F7913135168002B13B9 /* mutable */,
				E76826E0131D9D6400A963FB /* CPCollection.h */,
			);
			name = base;
			sourceTree = "<group>";
		};
		C4F38F7D131351E0002B13B9 /* mutable */ = {
			isa = PBXGroup;
			children = (
				C4F38F6813135136002B13B9 /* CPLinkedList.h */,
				C4F38F6913135136002B13B9 /* CPLinkedList.m */,
				C4D2DCFF132C32E800799EE8 /* CPLinkedDictionary.h */,
				C4D2DD00132C32E800799EE8 /* CPLinkedDictionary.m */,
			);
			name = mutable;
			sourceTree = "<group>";
		};
		C4F38FCF13136C36002B13B9 /* Tests */ = {
			isa = PBXGroup;
			children = (
				C4D2DE41132D082C00799EE8 /* CPBaseTestCase.h */,
				C4D2DE42132D082C00799EE8 /* CPBaseTestCase.m */,
				C450FFA813359A1100F999C4 /* LeastRecentlyUsedCacheTest.m */,
				C4D2DD34132C64A500799EE8 /* LinkedDictionaryTest.m */,
				C4F38FD113136C7E002B13B9 /* LinkedListTest.m */,
				C4D2DD73132C761800799EE8 /* LinkedMapNodeTest.m */,
				C451BFEA1313725500955481 /* LinkedNodeTest.m */,
				C451C0AC1313E4DB00955481 /* GHUnitTestMain.m */,
				C407E389133EC518005F9BDD /* GHUnitIOSTestMain.m */,
			);
			path = Tests;
			sourceTree = "<group>";
		};
/* End PBXGroup section */

/* Begin PBXHeadersBuildPhase section */
		C407E0F4133E9F04005F9BDD /* Headers */ = {
			isa = PBXHeadersBuildPhase;
			buildActionMask = 2147483647;
			files = (
				C407E183133E9F44005F9BDD /* CPLeastRecentlyUsedCache.h in Headers */,
				C407E184133E9F44005F9BDD /* CPLinkedDictionary.h in Headers */,
				C407E185133E9F44005F9BDD /* CPLinkedDictionaryEnumerator.h in Headers */,
				C407E186133E9F44005F9BDD /* CPLinkedDictionaryKeyEnumerator.h in Headers */,
				C407E187133E9F44005F9BDD /* CPLinkedDictionaryValueEnumerator.h in Headers */,
				C407E188133E9F44005F9BDD /* CPLinkedList.h in Headers */,
				C407E189133E9F44005F9BDD /* CPLinkedListEnumerator.h in Headers */,
				C407E18A133E9F44005F9BDD /* CPLinkedMapNode.h in Headers */,
				C407E18B133E9F44005F9BDD /* CPLinkedNode.h in Headers */,
				C407E18C133E9F44005F9BDD /* CPList.h in Headers */,
				C407E18D133E9F44005F9BDD /* CPMap.h in Headers */,
				C407E18E133E9F44005F9BDD /* CPMutableList.h in Headers */,
				C407E18F133E9F44005F9BDD /* CPQueue.h in Headers */,
				C407E190133E9F44005F9BDD /* CPSet.h in Headers */,
				C407E191133E9F44005F9BDD /* NSEnumerator+hasNext.h in Headers */,
				C407E1D0133EA264005F9BDD /* iCacaoPods_Prefix.pch in Headers */,
				C407E1D9133EA2A4005F9BDD /* CPMacros.h in Headers */,
			);
			runOnlyForDeploymentPostprocessing = 0;
		};
		C431FBA6140AFF1200C85FDB /* Headers */ = {
			isa = PBXHeadersBuildPhase;
			buildActionMask = 2147483647;
			files = (
				C431FBA7140AFF5800C85FDB /* CPMacros.h in Headers */,
				C431FBA8140AFF5800C85FDB /* CPList.h in Headers */,
				C431FBA9140AFF5800C85FDB /* CPMap.h in Headers */,
				C431FBAA140AFF5800C85FDB /* CPSet.h in Headers */,
				C431FBAB140AFF5800C85FDB /* CPDeque.h in Headers */,
				C431FBAC140AFF5800C85FDB /* CPQueue.h in Headers */,
				C431FBAD140AFF5800C85FDB /* CPMutableList.h in Headers */,
				C431FBAE140AFF5800C85FDB /* CPCollection.h in Headers */,
				C431FBAF140AFF5800C85FDB /* CPLinkedList.h in Headers */,
				C431FBB0140AFF5800C85FDB /* CPLinkedDictionary.h in Headers */,
				C431FBB1140AFF5800C85FDB /* CPLinkedNode.h in Headers */,
				C431FBB2140AFF5800C85FDB /* CPLinkedMapNode.h in Headers */,
				C431FBB3140AFF5800C85FDB /* NSEnumerator+hasNext.h in Headers */,
				C431FBB4140AFF5800C85FDB /* CPLinkedListEnumerator.h in Headers */,
				C431FBB5140AFF5800C85FDB /* CPLinkedDictionaryEnumerator.h in Headers */,
				C431FBB6140AFF5800C85FDB /* CPLinkedDictionaryKeyEnumerator.h in Headers */,
				C431FBB7140AFF5800C85FDB /* CPLinkedDictionaryValueEnumerator.h in Headers */,
				C431FBB8140AFF5800C85FDB /* CPLeastRecentlyUsedCache.h in Headers */,
			);
			runOnlyForDeploymentPostprocessing = 0;
		};
		C4B9B0F7140B213D004BEE60 /* Headers */ = {
			isa = PBXHeadersBuildPhase;
			buildActionMask = 2147483647;
			files = (
				C411FF13140B21A000D77426 /* CPMacros.h in Headers */,
				C411FF14140B21A000D77426 /* CPList.h in Headers */,
				C411FF15140B21A000D77426 /* CPMap.h in Headers */,
				C411FF16140B21A000D77426 /* CPSet.h in Headers */,
				C411FF17140B21A000D77426 /* CPDeque.h in Headers */,
				C411FF18140B21A000D77426 /* CPQueue.h in Headers */,
				C411FF19140B21A000D77426 /* CPMutableList.h in Headers */,
				C411FF1A140B21A000D77426 /* CPCollection.h in Headers */,
				C411FF1B140B21A000D77426 /* CPLinkedList.h in Headers */,
				C411FF1D140B21A000D77426 /* CPLinkedDictionary.h in Headers */,
				C411FF1F140B21A000D77426 /* CPLinkedNode.h in Headers */,
				C411FF21140B21A000D77426 /* CPLinkedMapNode.h in Headers */,
				C411FF23140B21A000D77426 /* NSEnumerator+hasNext.h in Headers */,
				C411FF24140B21A000D77426 /* CPLinkedListEnumerator.h in Headers */,
				C411FF26140B21A000D77426 /* CPLinkedDictionaryEnumerator.h in Headers */,
				C411FF28140B21A000D77426 /* CPLinkedDictionaryKeyEnumerator.h in Headers */,
				C411FF2A140B21A000D77426 /* CPLinkedDictionaryValueEnumerator.h in Headers */,
				C411FF2C140B21A000D77426 /* CPLeastRecentlyUsedCache.h in Headers */,
			);
			runOnlyForDeploymentPostprocessing = 0;
		};
		C4C701921361201D007DB2B0 /* Headers */ = {
			isa = PBXHeadersBuildPhase;
			buildActionMask = 2147483647;
			files = (
				C4C701A21361206E007DB2B0 /* CPMacros.h in Headers */,
				C4C701A3136120D2007DB2B0 /* CPList.h in Headers */,
				C4C701A4136120D2007DB2B0 /* CPMap.h in Headers */,
				C4C701A5136120D2007DB2B0 /* CPSet.h in Headers */,
				C4C701A6136120D2007DB2B0 /* CPDeque.h in Headers */,
				C4C701A7136120D2007DB2B0 /* CPQueue.h in Headers */,
				C4C701A8136120D2007DB2B0 /* CPMutableList.h in Headers */,
				C4C701A9136120D2007DB2B0 /* CPCollection.h in Headers */,
				C4C701AA136120D2007DB2B0 /* CPLinkedList.h in Headers */,
				C4C701AC136120D2007DB2B0 /* CPLinkedDictionary.h in Headers */,
				C4C701AE136120D2007DB2B0 /* CPLinkedNode.h in Headers */,
				C4C701B0136120D2007DB2B0 /* CPLinkedMapNode.h in Headers */,
				C4C701B2136120D2007DB2B0 /* NSEnumerator+hasNext.h in Headers */,
				C4C701B3136120D2007DB2B0 /* CPLinkedListEnumerator.h in Headers */,
				C4C701B5136120D2007DB2B0 /* CPLinkedDictionaryEnumerator.h in Headers */,
				C4C701B7136120D2007DB2B0 /* CPLinkedDictionaryKeyEnumerator.h in Headers */,
				C4C701B9136120D2007DB2B0 /* CPLinkedDictionaryValueEnumerator.h in Headers */,
				C4C701BB136120D2007DB2B0 /* CPLeastRecentlyUsedCache.h in Headers */,
			);
			runOnlyForDeploymentPostprocessing = 0;
		};
/* End PBXHeadersBuildPhase section */

/* Begin PBXNativeTarget section */
		C407E0F7133E9F04005F9BDD /* iCacaoPods */ = {
			isa = PBXNativeTarget;
			buildConfigurationList = C407E1A2133E9F55005F9BDD /* Build configuration list for PBXNativeTarget "iCacaoPods" */;
			buildPhases = (
				C407E0F4133E9F04005F9BDD /* Headers */,
				C407E0F5133E9F04005F9BDD /* Sources */,
				C407E0F6133E9F04005F9BDD /* Frameworks */,
			);
			buildRules = (
			);
			dependencies = (
			);
			name = iCacaoPods;
			productName = iCacaoPods;
			productReference = C407E0F8133E9F04005F9BDD /* libiCacaoPods.a */;
			productType = "com.apple.product-type.library.static";
		};
		C407E3EB133EC989005F9BDD /* iTest */ = {
			isa = PBXNativeTarget;
			buildConfigurationList = C407E3F4133EC989005F9BDD /* Build configuration list for PBXNativeTarget "iTest" */;
			buildPhases = (
				C407E3E8133EC989005F9BDD /* Resources */,
				C407E3E9133EC989005F9BDD /* Sources */,
				C407E3EA133EC989005F9BDD /* Frameworks */,
			);
			buildRules = (
			);
			dependencies = (
				C407E411133ECA5F005F9BDD /* PBXTargetDependency */,
			);
			name = iTest;
			productName = iTest;
			productReference = C407E3EC133EC989005F9BDD /* iTest.app */;
			productType = "com.apple.product-type.application";
		};
		C431FB98140AFE6400C85FDB /* CacaoPodsFramework */ = {
			isa = PBXNativeTarget;
			buildConfigurationList = C431FBA5140AFE6400C85FDB /* Build configuration list for PBXNativeTarget "CacaoPodsFramework" */;
			buildPhases = (
				C431FB95140AFE6400C85FDB /* Sources */,
				C431FB96140AFE6400C85FDB /* Frameworks */,
				C431FB97140AFE6400C85FDB /* Resources */,
				C431FBA6140AFF1200C85FDB /* Headers */,
			);
			buildRules = (
			);
			dependencies = (
			);
			name = CacaoPodsFramework;
			productName = CacaoPodsFramework;
			productReference = C431FB99140AFE6400C85FDB /* CacaoPodsFramework.framework */;
			productType = "com.apple.product-type.bundle";
		};
		C451C09B1313E41F00955481 /* Test */ = {
			isa = PBXNativeTarget;
			buildConfigurationList = C451C0A51313E42300955481 /* Build configuration list for PBXNativeTarget "Test" */;
			buildPhases = (
				C451C0981313E41F00955481 /* Resources */,
				C451C0991313E41F00955481 /* Sources */,
				C451C09A1313E41F00955481 /* Frameworks */,
			);
			buildRules = (
			);
			dependencies = (
				C4C701C9136122C4007DB2B0 /* PBXTargetDependency */,
			);
			name = Test;
			productName = Test;
			productReference = C451C09C1313E41F00955481 /* Test.app */;
			productType = "com.apple.product-type.application";
		};
		C4B9B0FA140B213D004BEE60 /* iCacaoPodsFramework */ = {
			isa = PBXNativeTarget;
			buildConfigurationList = C4B9B105140B213D004BEE60 /* Build configuration list for PBXNativeTarget "iCacaoPodsFramework" */;
			buildPhases = (
				C4B9B0F4140B213D004BEE60 /* ShellScript */,
				C4B9B0F5140B213D004BEE60 /* Sources */,
				C4B9B0F6140B213D004BEE60 /* Frameworks */,
				C4B9B0F7140B213D004BEE60 /* Headers */,
				C4B9B0F8140B213D004BEE60 /* Resources */,
				C4B9B0F9140B213D004BEE60 /* ShellScript */,
			);
			buildRules = (
			);
			dependencies = (
			);
			name = iCacaoPodsFramework;
			productName = iCacaoPodsFramework;
			productReference = C4B9B0FB140B213D004BEE60 /* iCacaoPodsFramework.framework */;
			productType = "com.apple.product-type.framework.static";
		};
		C4C701931361201D007DB2B0 /* CacaoPods */ = {
			isa = PBXNativeTarget;
			buildConfigurationList = C4C7019F1361201D007DB2B0 /* Build configuration list for PBXNativeTarget "CacaoPods" */;
			buildPhases = (
				C4C701901361201D007DB2B0 /* Sources */,
				C4C701911361201D007DB2B0 /* Frameworks */,
				C4C701921361201D007DB2B0 /* Headers */,
			);
			buildRules = (
			);
			dependencies = (
			);
			name = CacaoPods;
			productName = CacaoPods;
			productReference = C4C701941361201D007DB2B0 /* libCacaoPods.a */;
			productType = "com.apple.product-type.library.static";
		};
/* End PBXNativeTarget section */

/* Begin PBXProject section */
		0867D690FE84028FC02AAC07 /* Project object */ = {
			isa = PBXProject;
			buildConfigurationList = 1DEB922208733DC00010E9CD /* Build configuration list for PBXProject "CacaoPods" */;
			compatibilityVersion = "Xcode 3.1";
			developmentRegion = English;
			hasScannedForEncodings = 1;
			knownRegions = (
				English,
				Japanese,
				French,
				German,
				en,
			);
			mainGroup = 0867D691FE84028FC02AAC07 /* CacaoPods */;
			productRefGroup = 034768DFFF38A50411DB9C8B /* Products */;
			projectDirPath = "";
			projectRoot = "";
			targets = (
				C4C701931361201D007DB2B0 /* CacaoPods */,
				C431FB98140AFE6400C85FDB /* CacaoPodsFramework */,
				C407E0F7133E9F04005F9BDD /* iCacaoPods */,
				C4B9B0FA140B213D004BEE60 /* iCacaoPodsFramework */,
				C451C09B1313E41F00955481 /* Test */,
				C407E3EB133EC989005F9BDD /* iTest */,
			);
		};
/* End PBXProject section */

/* Begin PBXResourcesBuildPhase section */
		C407E3E8133EC989005F9BDD /* Resources */ = {
			isa = PBXResourcesBuildPhase;
			buildActionMask = 2147483647;
			files = (
			);
			runOnlyForDeploymentPostprocessing = 0;
		};
		C431FB97140AFE6400C85FDB /* Resources */ = {
			isa = PBXResourcesBuildPhase;
			buildActionMask = 2147483647;
			files = (
				C431FBA1140AFE6400C85FDB /* InfoPlist.strings in Resources */,
			);
			runOnlyForDeploymentPostprocessing = 0;
		};
		C451C0981313E41F00955481 /* Resources */ = {
			isa = PBXResourcesBuildPhase;
			buildActionMask = 2147483647;
			files = (
			);
			runOnlyForDeploymentPostprocessing = 0;
		};
		C4B9B0F8140B213D004BEE60 /* Resources */ = {
			isa = PBXResourcesBuildPhase;
			buildActionMask = 2147483647;
			files = (
				C4B9B103140B213D004BEE60 /* InfoPlist.strings in Resources */,
			);
			runOnlyForDeploymentPostprocessing = 0;
		};
/* End PBXResourcesBuildPhase section */

/* Begin PBXShellScriptBuildPhase section */
		C4B9B0F4140B213D004BEE60 /* ShellScript */ = {
			isa = PBXShellScriptBuildPhase;
			buildActionMask = 2147483647;
			files = (
			);
			inputPaths = (
			);
			outputPaths = (
			);
			runOnlyForDeploymentPostprocessing = 0;
			shellPath = /bin/sh;
			shellScript = "set -e\n\nset +u\nif [[ $UFW_MASTER_SCRIPT_RUNNING ]]\nthen\n    # Nothing for the slave script to do\n    exit 0\nfi\nset -u\n\nif [[ \"$SDK_NAME\" =~ ([A-Za-z]+) ]]\nthen\n    UFW_SDK_PLATFORM=${BASH_REMATCH[1]}\nelse\n    echo \"Could not find platform name from SDK_NAME: $SDK_NAME\"\n    exit 1\nfi\n\nif [[ \"$SDK_NAME\" =~ ([0-9]+.*$) ]]\nthen\n\tUFW_SDK_VERSION=${BASH_REMATCH[1]}\nelse\n    echo \"Could not find sdk version  from SDK_NAME: $SDK_NAME\"\n    exit 1\nfi\n\nif [[ \"$UFW_SDK_PLATFORM\" = \"iphoneos\" ]]\nthen\n    UFW_OTHER_PLATFORM=iphonesimulator\nelse\n    UFW_OTHER_PLATFORM=iphoneos\nfi\n\nif [[ \"$BUILT_PRODUCTS_DIR\" =~ (.*)$UFW_SDK_PLATFORM$ ]]\nthen\n    UFW_OTHER_BUILT_PRODUCTS_DIR=\"${BASH_REMATCH[1]}${UFW_OTHER_PLATFORM}\"\nelse\n    echo \"Could not find $UFW_SDK_PLATFORM in $BUILT_PRODUCTS_DIR\"\n    exit 1\nfi\n\n\n# Short-circuit if all binaries are up to date\n\nif [[ -f \"${BUILT_PRODUCTS_DIR}/${EXECUTABLE_PATH}\" ]] && \\\n   [[ -f \"${BUILT_PRODUCTS_DIR}/${PRODUCT_NAME}.embeddedframework/${EXECUTABLE_PATH}\" ]] && \\\n   [[ ! \"${BUILT_PRODUCTS_DIR}/${EXECUTABLE_PATH}\" -nt \"${BUILT_PRODUCTS_DIR}/${PRODUCT_NAME}.embeddedframework/${EXECUTABLE_PATH}\" ]]\n   [[ -f \"${UFW_OTHER_BUILT_PRODUCTS_DIR}/${EXECUTABLE_PATH}\" ]] && \\\n   [[ -f \"${UFW_OTHER_BUILT_PRODUCTS_DIR}/${PRODUCT_NAME}.embeddedframework/${EXECUTABLE_PATH}\" ]] && \\\n   [[ ! \"${UFW_OTHER_BUILT_PRODUCTS_DIR}/${EXECUTABLE_PATH}\" -nt \"${UFW_OTHER_BUILT_PRODUCTS_DIR}/${PRODUCT_NAME}.embeddedframework/${EXECUTABLE_PATH}\" ]]\nthen\n    exit 0\nfi\n\n\n# Clean other platform if needed\n\nif [[ ! -f \"${BUILT_PRODUCTS_DIR}/${EXECUTABLE_PATH}\" ]]\nthen\n\techo \"Platform \\\"$UFW_SDK_PLATFORM\\\" was cleaned recently. Cleaning \\\"$UFW_OTHER_PLATFORM\\\" as well\"\n\techo xcodebuild -project \"${PROJECT_FILE_PATH}\" -target \"${TARGET_NAME}\" -configuration \"${CONFIGURATION}\" -sdk ${UFW_OTHER_PLATFORM}${UFW_SDK_VERSION} BUILD_DIR=\"${BUILD_DIR}\" CONFIGURATION_TEMP_DIR=\"${PROJECT_TEMP_DIR}/${CONFIGURATION}-${UFW_OTHER_PLATFORM}\" clean\n\txcodebuild -project \"${PROJECT_FILE_PATH}\" -target \"${TARGET_NAME}\" -configuration \"${CONFIGURATION}\" -sdk ${UFW_OTHER_PLATFORM}${UFW_SDK_VERSION} BUILD_DIR=\"${BUILD_DIR}\" CONFIGURATION_TEMP_DIR=\"${PROJECT_TEMP_DIR}/${CONFIGURATION}-${UFW_OTHER_PLATFORM}\" clean\nfi\n\n\n# Make sure we are building from fresh binaries\n\nrm -rf \"${BUILT_PRODUCTS_DIR}/${EXECUTABLE_PATH}\"\nrm -rf \"${BUILT_PRODUCTS_DIR}/${PRODUCT_NAME}.embeddedframework\"\nrm -rf \"${UFW_OTHER_BUILT_PRODUCTS_DIR}/${EXECUTABLE_PATH}\"\nrm -rf \"${UFW_OTHER_BUILT_PRODUCTS_DIR}/${PRODUCT_NAME}.embeddedframework\"\n";
		};
		C4B9B0F9140B213D004BEE60 /* ShellScript */ = {
			isa = PBXShellScriptBuildPhase;
			buildActionMask = 2147483647;
			files = (
			);
			inputPaths = (
			);
			outputPaths = (
			);
			runOnlyForDeploymentPostprocessing = 0;
			shellPath = /bin/sh;
			shellScript = "set -e\n\nset +u\nif [[ $UFW_MASTER_SCRIPT_RUNNING ]]\nthen\n    # Nothing for the slave script to do\n    exit 0\nfi\nset -u\nexport UFW_MASTER_SCRIPT_RUNNING=1\n\n\n# Functions\n\n## List files in the specified directory, storing to the specified array.\n#\n# @param $1 The path to list\n# @param $2 The name of the array to fill\n#\n##\nlist_files ()\n{\n    filelist=$(ls \"$1\")\n    while read line\n    do\n        eval \"$2[\\${#$2[*]}]=\\\"\\$line\\\"\"\n    done <<< \"$filelist\"\n}\n\n\n# Sanity check\n\nif [[ ! -f \"${BUILT_PRODUCTS_DIR}/${EXECUTABLE_PATH}\" ]]\nthen\n    echo \"Framework target \\\"${TARGET_NAME}\\\" had no source files to build from. Make sure your source files have the correct target membership\"\n    exit 1\nfi\n\n\n# Gather information\n\nif [[ \"$SDK_NAME\" =~ ([A-Za-z]+) ]]\nthen\n    UFW_SDK_PLATFORM=${BASH_REMATCH[1]}\nelse\n    echo \"Could not find platform name from SDK_NAME: $SDK_NAME\"\n    exit 1\nfi\n\nif [[ \"$SDK_NAME\" =~ ([0-9]+.*$) ]]\nthen\n    UFW_SDK_VERSION=${BASH_REMATCH[1]}\nelse\n    echo \"Could not find sdk version from SDK_NAME: $SDK_NAME\"\n    exit 1\nfi\n\nif [[ \"$UFW_SDK_PLATFORM\" = \"iphoneos\" ]]\nthen\n    UFW_OTHER_PLATFORM=iphonesimulator\nelse\n    UFW_OTHER_PLATFORM=iphoneos\nfi\n\nif [[ \"$BUILT_PRODUCTS_DIR\" =~ (.*)$UFW_SDK_PLATFORM$ ]]\nthen\n    UFW_OTHER_BUILT_PRODUCTS_DIR=\"${BASH_REMATCH[1]}${UFW_OTHER_PLATFORM}\"\nelse\n    echo \"Could not find $UFW_SDK_PLATFORM in $BUILT_PRODUCTS_DIR\"\n    exit 1\nfi\n\n\n# Short-circuit if all binaries are up to date.\n# We already checked the other platform in the prerun script.\n\nif [[ -f \"${BUILT_PRODUCTS_DIR}/${EXECUTABLE_PATH}\" ]] && [[ -f \"${BUILT_PRODUCTS_DIR}/${PRODUCT_NAME}.embeddedframework/${EXECUTABLE_PATH}\" ]] && [[ ! \"${BUILT_PRODUCTS_DIR}/${EXECUTABLE_PATH}\" -nt \"${BUILT_PRODUCTS_DIR}/${PRODUCT_NAME}.embeddedframework/${EXECUTABLE_PATH}\" ]]\nthen\n    exit 0\nfi\n\n\n# Make sure the other platform gets built\n\necho \"Build other platform\"\n\necho xcodebuild -project \"${PROJECT_FILE_PATH}\" -target \"${TARGET_NAME}\" -configuration \"${CONFIGURATION}\" -sdk ${UFW_OTHER_PLATFORM}${UFW_SDK_VERSION} BUILD_DIR=\"${BUILD_DIR}\" CONFIGURATION_TEMP_DIR=\"${PROJECT_TEMP_DIR}/${CONFIGURATION}-${UFW_OTHER_PLATFORM}\" $ACTION\nxcodebuild -project \"${PROJECT_FILE_PATH}\" -target \"${TARGET_NAME}\" -configuration \"${CONFIGURATION}\" -sdk ${UFW_OTHER_PLATFORM}${UFW_SDK_VERSION} BUILD_DIR=\"${BUILD_DIR}\" CONFIGURATION_TEMP_DIR=\"${PROJECT_TEMP_DIR}/${CONFIGURATION}-${UFW_OTHER_PLATFORM}\" $ACTION\n\n\n# Build the fat static library binary\n\necho \"Create universal static library\"\n\necho \"$PLATFORM_DEVELOPER_BIN_DIR/libtool\" -static \"${BUILT_PRODUCTS_DIR}/${EXECUTABLE_PATH}\" \"${UFW_OTHER_BUILT_PRODUCTS_DIR}/${EXECUTABLE_PATH}\" -o \"${BUILT_PRODUCTS_DIR}/${EXECUTABLE_PATH}.temp\"\n\"$PLATFORM_DEVELOPER_BIN_DIR/libtool\" -static \"${BUILT_PRODUCTS_DIR}/${EXECUTABLE_PATH}\" \"${UFW_OTHER_BUILT_PRODUCTS_DIR}/${EXECUTABLE_PATH}\" -o \"${BUILT_PRODUCTS_DIR}/${EXECUTABLE_PATH}.temp\"\n\necho mv \"${BUILT_PRODUCTS_DIR}/${EXECUTABLE_PATH}.temp\" \"${BUILT_PRODUCTS_DIR}/${EXECUTABLE_PATH}\"\nmv \"${BUILT_PRODUCTS_DIR}/${EXECUTABLE_PATH}.temp\" \"${BUILT_PRODUCTS_DIR}/${EXECUTABLE_PATH}\"\n\n\n# Build embedded framework structure\n\necho \"Build Embedded Framework\"\n\necho rm -rf \"${BUILT_PRODUCTS_DIR}/${PRODUCT_NAME}.embeddedframework\"\nrm -rf \"${BUILT_PRODUCTS_DIR}/${PRODUCT_NAME}.embeddedframework\"\necho mkdir -p \"${BUILT_PRODUCTS_DIR}/${PRODUCT_NAME}.embeddedframework/Resources\"\nmkdir -p \"${BUILT_PRODUCTS_DIR}/${PRODUCT_NAME}.embeddedframework/Resources\"\necho cp -a \"${BUILT_PRODUCTS_DIR}/${WRAPPER_NAME}\" \"${BUILT_PRODUCTS_DIR}/${PRODUCT_NAME}.embeddedframework/\"\ncp -a \"${BUILT_PRODUCTS_DIR}/${WRAPPER_NAME}\" \"${BUILT_PRODUCTS_DIR}/${PRODUCT_NAME}.embeddedframework/\"\n\ndeclare -a UFW_FILE_LIST\nlist_files \"${BUILT_PRODUCTS_DIR}/${UNLOCALIZED_RESOURCES_FOLDER_PATH}\" UFW_FILE_LIST\nfor filename in \"${UFW_FILE_LIST[@]}\"\ndo\n    if [[ \"${filename}\" != \"Info.plist\" ]] && [[ ! \"${filename}\" =~ .*\\.lproj$ ]]\n    then\n        echo ln -sf \"../${WRAPPER_NAME}/Resources/${filename}\" \"${BUILT_PRODUCTS_DIR}/${PRODUCT_NAME}.embeddedframework/Resources/${filename}\"\n        ln -sf \"../${WRAPPER_NAME}/Resources/${filename}\" \"${BUILT_PRODUCTS_DIR}/${PRODUCT_NAME}.embeddedframework/Resources/${filename}\"\n    fi\ndone\n\n\n# Replace other platform's framework with a copy of this one (so that both have the same universal binary)\n\necho \"Copy from $UFW_SDK_PLATFORM to $UFW_OTHER_PLATFORM\"\n\necho rm -rf \"${BUILD_DIR}/${CONFIGURATION}-${UFW_OTHER_PLATFORM}\"\nrm -rf \"${BUILD_DIR}/${CONFIGURATION}-${UFW_OTHER_PLATFORM}\"\necho cp -a \"${BUILD_DIR}/${CONFIGURATION}-${UFW_SDK_PLATFORM}\" \"${BUILD_DIR}/${CONFIGURATION}-${UFW_OTHER_PLATFORM}\"\ncp -a \"${BUILD_DIR}/${CONFIGURATION}-${UFW_SDK_PLATFORM}\" \"${BUILD_DIR}/${CONFIGURATION}-${UFW_OTHER_PLATFORM}\"\n";
		};
/* End PBXShellScriptBuildPhase section */

/* Begin PBXSourcesBuildPhase section */
		C407E0F5133E9F04005F9BDD /* Sources */ = {
			isa = PBXSourcesBuildPhase;
			buildActionMask = 2147483647;
			files = (
				C407E192133E9F52005F9BDD /* CPLeastRecentlyUsedCache.m in Sources */,
				C407E193133E9F52005F9BDD /* CPLinkedDictionary.m in Sources */,
				C407E194133E9F52005F9BDD /* CPLinkedDictionaryEnumerator.m in Sources */,
				C407E195133E9F52005F9BDD /* CPLinkedDictionaryKeyEnumerator.m in Sources */,
				C407E196133E9F52005F9BDD /* CPLinkedDictionaryValueEnumerator.m in Sources */,
				C407E197133E9F52005F9BDD /* CPLinkedList.m in Sources */,
				C407E198133E9F52005F9BDD /* CPLinkedListEnumerator.m in Sources */,
				C407E199133E9F52005F9BDD /* CPLinkedMapNode.m in Sources */,
				C407E19A133E9F52005F9BDD /* CPLinkedNode.m in Sources */,
			);
			runOnlyForDeploymentPostprocessing = 0;
		};
		C407E3E9133EC989005F9BDD /* Sources */ = {
			isa = PBXSourcesBuildPhase;
			buildActionMask = 2147483647;
			files = (
				C407E437133ECAAC005F9BDD /* CPBaseTestCase.m in Sources */,
				C407E438133ECAAC005F9BDD /* LeastRecentlyUsedCacheTest.m in Sources */,
				C407E439133ECAAC005F9BDD /* LinkedDictionaryTest.m in Sources */,
				C407E43A133ECAAC005F9BDD /* LinkedListTest.m in Sources */,
				C407E43B133ECAAC005F9BDD /* LinkedMapNodeTest.m in Sources */,
				C407E43C133ECAAC005F9BDD /* LinkedNodeTest.m in Sources */,
				C407E43D133ECAAC005F9BDD /* GHUnitIOSTestMain.m in Sources */,
			);
			runOnlyForDeploymentPostprocessing = 0;
		};
		C431FB95140AFE6400C85FDB /* Sources */ = {
			isa = PBXSourcesBuildPhase;
			buildActionMask = 2147483647;
			files = (
				C431FBB9140AFF9100C85FDB /* CPLinkedList.m in Sources */,
				C431FBBA140AFF9100C85FDB /* CPLinkedDictionary.m in Sources */,
				C431FBBB140AFF9100C85FDB /* CPLinkedNode.m in Sources */,
				C431FBBC140AFF9100C85FDB /* CPLinkedMapNode.m in Sources */,
				C431FBBD140AFF9100C85FDB /* CPLinkedListEnumerator.m in Sources */,
				C431FBBE140AFF9100C85FDB /* CPLinkedDictionaryEnumerator.m in Sources */,
				C431FBBF140AFF9100C85FDB /* CPLinkedDictionaryKeyEnumerator.m in Sources */,
				C431FBC0140AFF9100C85FDB /* CPLinkedDictionaryValueEnumerator.m in Sources */,
				C431FBC1140AFF9100C85FDB /* CPLeastRecentlyUsedCache.m in Sources */,
			);
			runOnlyForDeploymentPostprocessing = 0;
		};
		C451C0991313E41F00955481 /* Sources */ = {
			isa = PBXSourcesBuildPhase;
			buildActionMask = 2147483647;
			files = (
				C4AFA3FD1336E7F200D7ECC1 /* CPBaseTestCase.m in Sources */,
				C450FFBF1335A15400F999C4 /* LeastRecentlyUsedCacheTest.m in Sources */,
				C4D2DD7E132C778F00799EE8 /* LinkedDictionaryTest.m in Sources */,
				C451C0B01313E50F00955481 /* LinkedListTest.m in Sources */,
				C4D2DD7F132C778F00799EE8 /* LinkedMapNodeTest.m in Sources */,
				C451C0B21313E50F00955481 /* LinkedNodeTest.m in Sources */,
				C451C0B31313E50F00955481 /* GHUnitTestMain.m in Sources */,
			);
			runOnlyForDeploymentPostprocessing = 0;
		};
		C4B9B0F5140B213D004BEE60 /* Sources */ = {
			isa = PBXSourcesBuildPhase;
			buildActionMask = 2147483647;
			files = (
				C411FF1C140B21A000D77426 /* CPLinkedList.m in Sources */,
				C411FF1E140B21A000D77426 /* CPLinkedDictionary.m in Sources */,
				C411FF20140B21A000D77426 /* CPLinkedNode.m in Sources */,
				C411FF22140B21A000D77426 /* CPLinkedMapNode.m in Sources */,
				C411FF25140B21A000D77426 /* CPLinkedListEnumerator.m in Sources */,
				C411FF27140B21A000D77426 /* CPLinkedDictionaryEnumerator.m in Sources */,
				C411FF29140B21A000D77426 /* CPLinkedDictionaryKeyEnumerator.m in Sources */,
				C411FF2B140B21A000D77426 /* CPLinkedDictionaryValueEnumerator.m in Sources */,
				C411FF2D140B21A000D77426 /* CPLeastRecentlyUsedCache.m in Sources */,
			);
			runOnlyForDeploymentPostprocessing = 0;
		};
		C4C701901361201D007DB2B0 /* Sources */ = {
			isa = PBXSourcesBuildPhase;
			buildActionMask = 2147483647;
			files = (
				C4C701BD13612103007DB2B0 /* CPLinkedList.m in Sources */,
				C4C701BE13612103007DB2B0 /* CPLinkedDictionary.m in Sources */,
				C4C701BF13612103007DB2B0 /* CPLinkedNode.m in Sources */,
				C4C701C013612103007DB2B0 /* CPLinkedMapNode.m in Sources */,
				C4C701C113612103007DB2B0 /* CPLinkedListEnumerator.m in Sources */,
				C4C701C213612103007DB2B0 /* CPLinkedDictionaryEnumerator.m in Sources */,
				C4C701C313612103007DB2B0 /* CPLinkedDictionaryKeyEnumerator.m in Sources */,
				C4C701C413612103007DB2B0 /* CPLinkedDictionaryValueEnumerator.m in Sources */,
				C4C701C513612103007DB2B0 /* CPLeastRecentlyUsedCache.m in Sources */,
			);
			runOnlyForDeploymentPostprocessing = 0;
		};
/* End PBXSourcesBuildPhase section */

/* Begin PBXTargetDependency section */
		C407E411133ECA5F005F9BDD /* PBXTargetDependency */ = {
			isa = PBXTargetDependency;
			target = C407E0F7133E9F04005F9BDD /* iCacaoPods */;
			targetProxy = C407E410133ECA5F005F9BDD /* PBXContainerItemProxy */;
		};
		C4C701C9136122C4007DB2B0 /* PBXTargetDependency */ = {
			isa = PBXTargetDependency;
			target = C4C701931361201D007DB2B0 /* CacaoPods */;
			targetProxy = C4C701C8136122C4007DB2B0 /* PBXContainerItemProxy */;
		};
/* End PBXTargetDependency section */

/* Begin PBXVariantGroup section */
		C431FB9F140AFE6400C85FDB /* InfoPlist.strings */ = {
			isa = PBXVariantGroup;
			children = (
				C431FBA0140AFE6400C85FDB /* en */,
			);
			name = InfoPlist.strings;
			sourceTree = "<group>";
		};
		C4B9B101140B213D004BEE60 /* InfoPlist.strings */ = {
			isa = PBXVariantGroup;
			children = (
				C4B9B102140B213D004BEE60 /* en */,
			);
			name = InfoPlist.strings;
			sourceTree = "<group>";
		};
/* End PBXVariantGroup section */

/* Begin XCBuildConfiguration section */
		1DEB922308733DC00010E9CD /* Debug */ = {
			isa = XCBuildConfiguration;
			buildSettings = {
				ARCHS = "$(ARCHS_STANDARD_32_64_BIT)";
				GCC_C_LANGUAGE_STANDARD = gnu99;
				GCC_OPTIMIZATION_LEVEL = 0;
				GCC_WARN_ABOUT_RETURN_TYPE = YES;
				GCC_WARN_UNUSED_VARIABLE = YES;
				IPHONEOS_DEPLOYMENT_TARGET = 4.3;
				MACOSX_DEPLOYMENT_TARGET = 10.6;
				ONLY_ACTIVE_ARCH = YES;
				PREBINDING = NO;
				SDKROOT = macosx10.6;
			};
			name = Debug;
		};
		1DEB922408733DC00010E9CD /* Release */ = {
			isa = XCBuildConfiguration;
			buildSettings = {
				ARCHS = "$(ARCHS_STANDARD_32_64_BIT)";
				GCC_C_LANGUAGE_STANDARD = gnu99;
				GCC_WARN_ABOUT_RETURN_TYPE = YES;
				GCC_WARN_UNUSED_VARIABLE = YES;
				IPHONEOS_DEPLOYMENT_TARGET = 4.3;
				MACOSX_DEPLOYMENT_TARGET = 10.6;
				PREBINDING = NO;
				SDKROOT = macosx10.6;
			};
			name = Release;
		};
		C407E0F9133E9F04005F9BDD /* Debug */ = {
			isa = XCBuildConfiguration;
			buildSettings = {
				ALWAYS_SEARCH_USER_PATHS = NO;
				ARCHS = "$(ARCHS_STANDARD_32_BIT)";
				COPY_PHASE_STRIP = NO;
				FRAMEWORK_SEARCH_PATHS = (
					"$(inherited)",
					"\"$(SDKROOT)$(DEVELOPER_FRAMEWORKS_DIR)\"",
				);
				GCC_DYNAMIC_NO_PIC = NO;
				GCC_OPTIMIZATION_LEVEL = 0;
				GCC_PRECOMPILE_PREFIX_HEADER = YES;
				GCC_PREFIX_HEADER = iCacaoPods_Prefix.pch;
				ONLY_ACTIVE_ARCH = NO;
				PREBINDING = NO;
				PRODUCT_NAME = iCacaoPods;
				SDKROOT = iphoneos;
				SKIP_INSTALL = YES;
			};
			name = Debug;
		};
		C407E0FA133E9F04005F9BDD /* Release */ = {
			isa = XCBuildConfiguration;
			buildSettings = {
				ALWAYS_SEARCH_USER_PATHS = NO;
				ARCHS = "$(ARCHS_STANDARD_32_BIT)";
				COPY_PHASE_STRIP = YES;
				DEBUG_INFORMATION_FORMAT = "dwarf-with-dsym";
				FRAMEWORK_SEARCH_PATHS = (
					"$(inherited)",
					"\"$(SDKROOT)$(DEVELOPER_FRAMEWORKS_DIR)\"",
				);
				GCC_ENABLE_FIX_AND_CONTINUE = NO;
				GCC_PRECOMPILE_PREFIX_HEADER = YES;
				GCC_PREFIX_HEADER = iCacaoPods_Prefix.pch;
				ONLY_ACTIVE_ARCH = NO;
				PREBINDING = NO;
				PRODUCT_NAME = iCacaoPods;
				SDKROOT = iphoneos;
				SKIP_INSTALL = YES;
				ZERO_LINK = NO;
			};
			name = Release;
		};
		C407E3F2133EC989005F9BDD /* Debug */ = {
			isa = XCBuildConfiguration;
			buildSettings = {
				ALWAYS_SEARCH_USER_PATHS = NO;
				ARCHS = "$(ARCHS_STANDARD_32_BIT)";
				CODE_SIGN_IDENTITY = "iPhone Developer";
				COPY_PHASE_STRIP = NO;
				FRAMEWORK_SEARCH_PATHS = (
					"$(inherited)",
					"\"$(SDKROOT)$(DEVELOPER_FRAMEWORKS_DIR)\"",
				);
				GCC_DYNAMIC_NO_PIC = NO;
				GCC_OPTIMIZATION_LEVEL = 0;
				GCC_PRECOMPILE_PREFIX_HEADER = YES;
				GCC_PREFIX_HEADER = iCacaoPods_Prefix.pch;
				INFOPLIST_FILE = "iTest-Info.plist";
				INSTALL_PATH = "$(HOME)/Applications";
				LIBRARY_SEARCH_PATHS = (
					/Developer/Platforms/iPhoneOS.platform/Developer/SDKs/iPhoneOS4.0.sdk/System/Library/Frameworks,
					/Developer/Platforms/iPhoneOS.platform/Developer/SDKs/iPhoneOS4.0.sdk/Developer/Library/Frameworks,
				);
				ONLY_ACTIVE_ARCH = YES;
				OTHER_LDFLAGS = (
					"-framework",
					Foundation,
					"-framework",
					UIKit,
					"-ObjC",
					"-all_load",
				);
				PREBINDING = NO;
				PRODUCT_NAME = iTest;
				SDKROOT = iphoneos;
			};
			name = Debug;
		};
		C407E3F3133EC989005F9BDD /* Release */ = {
			isa = XCBuildConfiguration;
			buildSettings = {
				ALWAYS_SEARCH_USER_PATHS = NO;
				ARCHS = "$(ARCHS_STANDARD_32_BIT)";
				CODE_SIGN_IDENTITY = "iPhone Developer";
				COPY_PHASE_STRIP = YES;
				DEBUG_INFORMATION_FORMAT = "dwarf-with-dsym";
				FRAMEWORK_SEARCH_PATHS = (
					"$(inherited)",
					"\"$(SDKROOT)$(DEVELOPER_FRAMEWORKS_DIR)\"",
				);
				GCC_ENABLE_FIX_AND_CONTINUE = NO;
				GCC_PRECOMPILE_PREFIX_HEADER = YES;
				GCC_PREFIX_HEADER = iCacaoPods_Prefix.pch;
				INFOPLIST_FILE = "iTest-Info.plist";
				INSTALL_PATH = "$(HOME)/Applications";
				LIBRARY_SEARCH_PATHS = (
					/Developer/Platforms/iPhoneOS.platform/Developer/SDKs/iPhoneOS4.0.sdk/System/Library/Frameworks,
					/Developer/Platforms/iPhoneOS.platform/Developer/SDKs/iPhoneOS4.0.sdk/Developer/Library/Frameworks,
				);
				ONLY_ACTIVE_ARCH = YES;
				OTHER_LDFLAGS = (
					"-framework",
					Foundation,
					"-framework",
					UIKit,
					"-ObjC",
					"-all_load",
				);
				PREBINDING = NO;
				PRODUCT_NAME = iTest;
				SDKROOT = iphoneos;
				ZERO_LINK = NO;
			};
			name = Release;
		};
		C431FBA3140AFE6400C85FDB /* Debug */ = {
			isa = XCBuildConfiguration;
			buildSettings = {
				ALWAYS_SEARCH_USER_PATHS = NO;
				COPY_PHASE_STRIP = NO;
				GCC_DYNAMIC_NO_PIC = NO;
				GCC_ENABLE_OBJC_EXCEPTIONS = YES;
				GCC_PRECOMPILE_PREFIX_HEADER = YES;
				GCC_PREFIX_HEADER = "CacaoPodsFramework/CacaoPodsFramework-Prefix.pch";
				GCC_PREPROCESSOR_DEFINITIONS = DEBUG;
				GCC_SYMBOLS_PRIVATE_EXTERN = NO;
				GCC_VERSION = com.apple.compilers.llvm.clang.1_0;
				GCC_WARN_64_TO_32_BIT_CONVERSION = YES;
				INFOPLIST_FILE = "CacaoPodsFramework/CacaoPodsFramework-Info.plist";
				INSTALL_PATH = "$(LOCAL_LIBRARY_DIR)/Bundles";
				LINK_WITH_STANDARD_LIBRARIES = NO;
				MACH_O_TYPE = mh_object;
				PRODUCT_NAME = "$(TARGET_NAME)";
				SDKROOT = macosx;
				WRAPPER_EXTENSION = framework;
			};
			name = Debug;
		};
		C431FBA4140AFE6400C85FDB /* Release */ = {
			isa = XCBuildConfiguration;
			buildSettings = {
				ALWAYS_SEARCH_USER_PATHS = NO;
				COPY_PHASE_STRIP = YES;
				DEBUG_INFORMATION_FORMAT = "dwarf-with-dsym";
				GCC_ENABLE_OBJC_EXCEPTIONS = YES;
				GCC_PRECOMPILE_PREFIX_HEADER = YES;
				GCC_PREFIX_HEADER = "CacaoPodsFramework/CacaoPodsFramework-Prefix.pch";
				GCC_VERSION = com.apple.compilers.llvm.clang.1_0;
				GCC_WARN_64_TO_32_BIT_CONVERSION = YES;
				INFOPLIST_FILE = "CacaoPodsFramework/CacaoPodsFramework-Info.plist";
				INSTALL_PATH = "$(LOCAL_LIBRARY_DIR)/Bundles";
				LINK_WITH_STANDARD_LIBRARIES = NO;
				MACH_O_TYPE = mh_object;
				PRODUCT_NAME = "$(TARGET_NAME)";
				SDKROOT = macosx;
				WRAPPER_EXTENSION = framework;
			};
			name = Release;
		};
		C451C09E1313E42000955481 /* Debug */ = {
			isa = XCBuildConfiguration;
			buildSettings = {
				ALWAYS_SEARCH_USER_PATHS = NO;
				COPY_PHASE_STRIP = NO;
				GCC_DYNAMIC_NO_PIC = NO;
				GCC_ENABLE_FIX_AND_CONTINUE = YES;
				GCC_OPTIMIZATION_LEVEL = 0;
				GCC_PRECOMPILE_PREFIX_HEADER = YES;
				GCC_PREFIX_HEADER = CacaoPods_Prefix.pch;
				INFOPLIST_FILE = "Test-Info.plist";
				INSTALL_PATH = "$(HOME)/Applications";
				OTHER_LDFLAGS = (
					"-framework",
					Foundation,
					"-framework",
					AppKit,
				);
				PREBINDING = NO;
				PRODUCT_NAME = Test;
			};
			name = Debug;
		};
		C451C09F1313E42000955481 /* Release */ = {
			isa = XCBuildConfiguration;
			buildSettings = {
				ALWAYS_SEARCH_USER_PATHS = NO;
				COPY_PHASE_STRIP = YES;
				DEBUG_INFORMATION_FORMAT = "dwarf-with-dsym";
				GCC_ENABLE_FIX_AND_CONTINUE = NO;
				GCC_PRECOMPILE_PREFIX_HEADER = YES;
				GCC_PREFIX_HEADER = CacaoPods_Prefix.pch;
				INFOPLIST_FILE = "Test-Info.plist";
				INSTALL_PATH = "$(HOME)/Applications";
				ONLY_ACTIVE_ARCH = YES;
				OTHER_LDFLAGS = (
					"-framework",
					Foundation,
					"-framework",
					AppKit,
				);
				PREBINDING = NO;
				PRODUCT_NAME = Test;
				ZERO_LINK = NO;
			};
			name = Release;
		};
		C4B9B106140B213D004BEE60 /* Debug */ = {
			isa = XCBuildConfiguration;
			buildSettings = {
				ALWAYS_SEARCH_USER_PATHS = NO;
				ARCHS = "$(ARCHS_STANDARD_32_BIT)";
				DYLIB_COMPATIBILITY_VERSION = 1;
				DYLIB_CURRENT_VERSION = 1;
				FRAMEWORK_VERSION = A;
				GCC_PRECOMPILE_PREFIX_HEADER = YES;
				GCC_PREFIX_HEADER = "iCacaoPodsFramework/iCacaoPodsFramework-Prefix.pch";
				GCC_PREPROCESSOR_DEFINITIONS = DEBUG;
				GCC_SYMBOLS_PRIVATE_EXTERN = NO;
				GCC_VERSION = com.apple.compilers.llvmgcc42;
				INFOPLIST_FILE = "iCacaoPodsFramework/iCacaoPodsFramework-Info.plist";
				PRODUCT_NAME = "$(TARGET_NAME)";
				SDKROOT = iphoneos;
				SKIP_INSTALL = YES;
				WRAPPER_EXTENSION = framework;
			};
			name = Debug;
		};
		C4B9B107140B213D004BEE60 /* Release */ = {
			isa = XCBuildConfiguration;
			buildSettings = {
				ALWAYS_SEARCH_USER_PATHS = NO;
				ARCHS = "$(ARCHS_STANDARD_32_BIT)";
				DYLIB_COMPATIBILITY_VERSION = 1;
				DYLIB_CURRENT_VERSION = 1;
				FRAMEWORK_VERSION = A;
				GCC_PRECOMPILE_PREFIX_HEADER = YES;
				GCC_PREFIX_HEADER = "iCacaoPodsFramework/iCacaoPodsFramework-Prefix.pch";
				GCC_VERSION = com.apple.compilers.llvmgcc42;
				INFOPLIST_FILE = "iCacaoPodsFramework/iCacaoPodsFramework-Info.plist";
				PRODUCT_NAME = "$(TARGET_NAME)";
				SDKROOT = iphoneos;
				SKIP_INSTALL = YES;
				WRAPPER_EXTENSION = framework;
			};
			name = Release;
		};
		C4C701A01361201D007DB2B0 /* Debug */ = {
			isa = XCBuildConfiguration;
			buildSettings = {
				ALWAYS_SEARCH_USER_PATHS = NO;
				COPY_PHASE_STRIP = NO;
				GCC_DYNAMIC_NO_PIC = NO;
				GCC_ENABLE_OBJC_EXCEPTIONS = YES;
				GCC_PRECOMPILE_PREFIX_HEADER = YES;
				GCC_PREFIX_HEADER = CacaoPods_Prefix.pch;
				GCC_PREPROCESSOR_DEFINITIONS = DEBUG;
				GCC_SYMBOLS_PRIVATE_EXTERN = NO;
				GCC_VERSION = com.apple.compilers.llvm.clang.1_0;
				GCC_WARN_64_TO_32_BIT_CONVERSION = YES;
				ONLY_ACTIVE_ARCH = NO;
				PRODUCT_NAME = "$(TARGET_NAME)";
				SDKROOT = macosx;
			};
			name = Debug;
		};
		C4C701A11361201D007DB2B0 /* Release */ = {
			isa = XCBuildConfiguration;
			buildSettings = {
				ALWAYS_SEARCH_USER_PATHS = NO;
				COPY_PHASE_STRIP = YES;
				DEBUG_INFORMATION_FORMAT = "dwarf-with-dsym";
				GCC_ENABLE_OBJC_EXCEPTIONS = YES;
				GCC_PRECOMPILE_PREFIX_HEADER = YES;
				GCC_PREFIX_HEADER = CacaoPods_Prefix.pch;
				GCC_VERSION = com.apple.compilers.llvm.clang.1_0;
				GCC_WARN_64_TO_32_BIT_CONVERSION = YES;
				ONLY_ACTIVE_ARCH = NO;
				PRODUCT_NAME = "$(TARGET_NAME)";
				SDKROOT = macosx;
			};
			name = Release;
		};
/* End XCBuildConfiguration section */

/* Begin XCConfigurationList section */
		1DEB922208733DC00010E9CD /* Build configuration list for PBXProject "CacaoPods" */ = {
			isa = XCConfigurationList;
			buildConfigurations = (
				1DEB922308733DC00010E9CD /* Debug */,
				1DEB922408733DC00010E9CD /* Release */,
			);
			defaultConfigurationIsVisible = 0;
			defaultConfigurationName = Release;
		};
		C407E1A2133E9F55005F9BDD /* Build configuration list for PBXNativeTarget "iCacaoPods" */ = {
			isa = XCConfigurationList;
			buildConfigurations = (
				C407E0F9133E9F04005F9BDD /* Debug */,
				C407E0FA133E9F04005F9BDD /* Release */,
			);
			defaultConfigurationIsVisible = 0;
			defaultConfigurationName = Release;
		};
		C407E3F4133EC989005F9BDD /* Build configuration list for PBXNativeTarget "iTest" */ = {
			isa = XCConfigurationList;
			buildConfigurations = (
				C407E3F2133EC989005F9BDD /* Debug */,
				C407E3F3133EC989005F9BDD /* Release */,
			);
			defaultConfigurationIsVisible = 0;
			defaultConfigurationName = Release;
		};
		C431FBA5140AFE6400C85FDB /* Build configuration list for PBXNativeTarget "CacaoPodsFramework" */ = {
			isa = XCConfigurationList;
			buildConfigurations = (
				C431FBA3140AFE6400C85FDB /* Debug */,
				C431FBA4140AFE6400C85FDB /* Release */,
			);
			defaultConfigurationIsVisible = 0;
			defaultConfigurationName = Release;
		};
		C451C0A51313E42300955481 /* Build configuration list for PBXNativeTarget "Test" */ = {
			isa = XCConfigurationList;
			buildConfigurations = (
				C451C09E1313E42000955481 /* Debug */,
				C451C09F1313E42000955481 /* Release */,
			);
			defaultConfigurationIsVisible = 0;
			defaultConfigurationName = Release;
		};
		C4B9B105140B213D004BEE60 /* Build configuration list for PBXNativeTarget "iCacaoPodsFramework" */ = {
			isa = XCConfigurationList;
			buildConfigurations = (
				C4B9B106140B213D004BEE60 /* Debug */,
				C4B9B107140B213D004BEE60 /* Release */,
			);
			defaultConfigurationIsVisible = 0;
			defaultConfigurationName = Release;
		};
		C4C7019F1361201D007DB2B0 /* Build configuration list for PBXNativeTarget "CacaoPods" */ = {
			isa = XCConfigurationList;
			buildConfigurations = (
				C4C701A01361201D007DB2B0 /* Debug */,
				C4C701A11361201D007DB2B0 /* Release */,
			);
			defaultConfigurationIsVisible = 0;
			defaultConfigurationName = Release;
		};
/* End XCConfigurationList section */
	};
	rootObject = 0867D690FE84028FC02AAC07 /* Project object */;
}
